{
  "version": 4,
  "terraform_version": "0.12.29",
  "serial": 250,
  "lineage": "470e9021-37b9-9f2e-189c-3508fd25c4bd",
  "outputs": {
    "bastion_fips": {
      "value": [
        "185.52.195.34"
      ],
      "type": [
        "tuple",
        [
          "string"
        ]
      ]
    },
    "floating_network_id": {
      "value": "31d7e67a-b30a-43f4-8b06-1667c70ba90d",
      "type": "string"
    },
    "k8s_master_fips": {
      "value": [],
      "type": [
        "tuple",
        []
      ]
    },
    "k8s_master_ips": {
      "value": [
        "192.168.100.9"
      ],
      "type": [
        "tuple",
        [
          "string"
        ]
      ]
    },
    "k8s_node_fips": {
      "value": [],
      "type": [
        "tuple",
        []
      ]
    },
    "k8s_node_ips": {
      "value": [
        "192.168.100.7",
        "192.168.100.12",
        "192.168.100.3",
        "192.168.100.14",
        "192.168.100.10"
      ],
      "type": [
        "tuple",
        [
          "string",
          "string",
          "string",
          "string",
          "string"
        ]
      ]
    },
    "loadbalancer_fips": {
      "value": [
        "185.52.195.19"
      ],
      "type": [
        "tuple",
        [
          "string"
        ]
      ]
    },
    "nfs_ip_address": {
      "value": "192.168.100.11",
      "type": "string"
    },
    "private_subnet_id": {
      "value": "0b5dab9d-475c-4b76-ad16-f46d4405277c",
      "type": "string"
    },
    "router_id": {
      "value": "7bc63c72-3d8a-424c-aa66-e000e36eedd5",
      "type": "string"
    },
    "subnet_cidr": {
      "value": "192.168.100.0/24",
      "type": "string"
    }
  },
  "resources": [
    {
      "module": "module.compute",
      "mode": "data",
      "type": "openstack_images_image_v2",
      "name": "gfs_image",
      "provider": "provider.openstack",
      "instances": [
        {
          "schema_version": 0,
          "attributes": {
            "checksum": "4058098838d119715fd083c81d123f63",
            "container_format": "bare",
            "created_at": "2021-11-13T00:32:45Z",
            "disk_format": "raw",
            "file": "/v2/images/92dd14b7-98c1-47a0-9343-8885229c4709/file",
            "id": "92dd14b7-98c1-47a0-9343-8885229c4709",
            "member_status": null,
            "metadata": {},
            "min_disk_gb": 5,
            "min_ram_mb": 512,
            "most_recent": false,
            "name": "Ubuntu 18.04 LTS",
            "owner": "5b9ea421deb745bfb4dab930cebe153f",
            "properties": null,
            "protected": false,
            "region": null,
            "schema": "/v2/schemas/image",
            "size_bytes": 3416129536,
            "size_max": null,
            "size_min": null,
            "sort_direction": "asc",
            "sort_key": "name",
            "tag": null,
            "tags": [],
            "updated_at": "2021-11-13T01:31:13Z",
            "visibility": "public"
          }
        }
      ]
    },
    {
      "module": "module.compute",
      "mode": "data",
      "type": "openstack_images_image_v2",
      "name": "vm_image",
      "provider": "provider.openstack",
      "instances": [
        {
          "schema_version": 0,
          "attributes": {
            "checksum": "4058098838d119715fd083c81d123f63",
            "container_format": "bare",
            "created_at": "2021-11-13T00:32:45Z",
            "disk_format": "raw",
            "file": "/v2/images/92dd14b7-98c1-47a0-9343-8885229c4709/file",
            "id": "92dd14b7-98c1-47a0-9343-8885229c4709",
            "member_status": null,
            "metadata": {},
            "min_disk_gb": 5,
            "min_ram_mb": 512,
            "most_recent": false,
            "name": "Ubuntu 18.04 LTS",
            "owner": "5b9ea421deb745bfb4dab930cebe153f",
            "properties": null,
            "protected": false,
            "region": null,
            "schema": "/v2/schemas/image",
            "size_bytes": 3416129536,
            "size_max": null,
            "size_min": null,
            "sort_direction": "asc",
            "sort_key": "name",
            "tag": null,
            "tags": [],
            "updated_at": "2021-11-13T01:31:13Z",
            "visibility": "public"
          }
        }
      ]
    },
    {
      "module": "module.ips",
      "mode": "managed",
      "type": "null_resource",
      "name": "dummy_dependency",
      "provider": "provider.null",
      "instances": [
        {
          "schema_version": 0,
          "attributes": {
            "id": "1561519494163527724",
            "triggers": {
              "dependency_id": "7bc63c72-3d8a-424c-aa66-e000e36eedd5"
            }
          },
          "dependencies": [
            "module.network.openstack_networking_router_v2.k8s"
          ]
        }
      ]
    },
    {
      "module": "module.compute",
      "mode": "managed",
      "type": "openstack_blockstorage_volume_v2",
      "name": "glusterfs_volume",
      "each": "list",
      "provider": "provider.openstack",
      "instances": []
    },
    {
      "module": "module.compute",
      "mode": "managed",
      "type": "openstack_blockstorage_volume_v2",
      "name": "glusterfs_volume_custom_volume_size",
      "each": "list",
      "provider": "provider.openstack",
      "instances": []
    },
    {
      "module": "module.compute",
      "mode": "managed",
      "type": "openstack_blockstorage_volume_v2",
      "name": "nfs_expansion",
      "provider": "provider.openstack",
      "instances": [
        {
          "schema_version": 0,
          "attributes": {
            "attachment": [
              {
                "device": "/dev/sdb",
                "id": "3b321513-1eeb-421d-b7c2-e769716f98ca",
                "instance_id": "e6547d03-a443-4603-a40b-1b303c2f80bd"
              }
            ],
            "availability_zone": "nova",
            "consistency_group_id": null,
            "description": "Extra space for eoepca nfs",
            "id": "3b321513-1eeb-421d-b7c2-e769716f98ca",
            "image_id": null,
            "metadata": {
              "attached_mode": "rw",
              "depends_on": "7bc63c72-3d8a-424c-aa66-e000e36eedd5",
              "readonly": "False"
            },
            "name": "demo-nfs-expansion",
            "region": "RegionOne",
            "scheduler_hints": [],
            "size": 1024,
            "snapshot_id": "",
            "source_replica": null,
            "source_vol_id": "",
            "timeouts": null,
            "volume_type": "SSD"
          },
          "private": "eyJlMmJmYjczMC1lY2FhLTExZTYtOGY4OC0zNDM2M2JjN2M0YzAiOnsiY3JlYXRlIjo2MDAwMDAwMDAwMDAsImRlbGV0ZSI6NjAwMDAwMDAwMDAwfX0=",
          "dependencies": [
            "module.network.openstack_networking_router_v2.k8s"
          ]
        }
      ]
    },
    {
      "module": "module.compute",
      "mode": "managed",
      "type": "openstack_compute_floatingip_associate_v2",
      "name": "bastion",
      "each": "list",
      "provider": "provider.openstack",
      "instances": [
        {
          "index_key": 0,
          "schema_version": 0,
          "attributes": {
            "fixed_ip": "",
            "floating_ip": "185.52.195.34",
            "id": "185.52.195.34/f4ac1810-5f63-4530-adf7-32df388784dc/",
            "instance_id": "f4ac1810-5f63-4530-adf7-32df388784dc",
            "region": "RegionOne",
            "timeouts": null,
            "wait_until_associated": false
          },
          "private": "eyJlMmJmYjczMC1lY2FhLTExZTYtOGY4OC0zNDM2M2JjN2M0YzAiOnsiY3JlYXRlIjo2MDAwMDAwMDAwMDB9fQ==",
          "dependencies": [
            "module.compute.openstack_compute_instance_v2.bastion",
            "module.compute.openstack_compute_keypair_v2.k8s",
            "module.compute.openstack_networking_secgroup_v2.bastion",
            "module.compute.openstack_networking_secgroup_v2.k8s",
            "module.ips.null_resource.dummy_dependency",
            "module.ips.openstack_networking_floatingip_v2.bastion",
            "module.network.openstack_networking_router_v2.k8s"
          ]
        }
      ]
    },
    {
      "module": "module.compute",
      "mode": "managed",
      "type": "openstack_compute_floatingip_associate_v2",
      "name": "bastion_custom_volume_size",
      "each": "list",
      "provider": "provider.openstack",
      "instances": []
    },
    {
      "module": "module.compute",
      "mode": "managed",
      "type": "openstack_compute_floatingip_associate_v2",
      "name": "k8s_master",
      "each": "list",
      "provider": "provider.openstack",
      "instances": []
    },
    {
      "module": "module.compute",
      "mode": "managed",
      "type": "openstack_compute_floatingip_associate_v2",
      "name": "k8s_master_custom_volume_size",
      "each": "list",
      "provider": "provider.openstack",
      "instances": []
    },
    {
      "module": "module.compute",
      "mode": "managed",
      "type": "openstack_compute_floatingip_associate_v2",
      "name": "k8s_master_no_etcd",
      "each": "list",
      "provider": "provider.openstack",
      "instances": []
    },
    {
      "module": "module.compute",
      "mode": "managed",
      "type": "openstack_compute_floatingip_associate_v2",
      "name": "k8s_master_no_etcd_custom_volume_size",
      "each": "list",
      "provider": "provider.openstack",
      "instances": []
    },
    {
      "module": "module.compute",
      "mode": "managed",
      "type": "openstack_compute_floatingip_associate_v2",
      "name": "k8s_node",
      "each": "list",
      "provider": "provider.openstack",
      "instances": []
    },
    {
      "module": "module.compute",
      "mode": "managed",
      "type": "openstack_compute_floatingip_associate_v2",
      "name": "k8s_node_custom_volume_size",
      "each": "list",
      "provider": "provider.openstack",
      "instances": []
    },
    {
      "module": "module.compute",
      "mode": "managed",
      "type": "openstack_compute_instance_v2",
      "name": "bastion",
      "each": "list",
      "provider": "provider.openstack",
      "instances": [
        {
          "index_key": 0,
          "schema_version": 0,
          "attributes": {
            "access_ip_v4": "192.168.100.6",
            "access_ip_v6": "",
            "admin_pass": null,
            "all_metadata": {
              "depends_on": "7bc63c72-3d8a-424c-aa66-e000e36eedd5",
              "kubespray_groups": "bastion",
              "ssh_user": "eouser",
              "use_access_ip": "1"
            },
            "all_tags": [],
            "availability_zone": "nova",
            "availability_zone_hints": null,
            "block_device": [],
            "config_drive": null,
            "flavor_id": "14",
            "flavor_name": "eo1.xsmall",
            "floating_ip": null,
            "force_delete": false,
            "id": "f4ac1810-5f63-4530-adf7-32df388784dc",
            "image_id": "083e136a-0082-4b13-a887-21ef88249b32",
            "image_name": "Image not found",
            "key_pair": "kubernetes-demo",
            "metadata": {
              "depends_on": "7bc63c72-3d8a-424c-aa66-e000e36eedd5",
              "kubespray_groups": "bastion",
              "ssh_user": "eouser",
              "use_access_ip": "1"
            },
            "name": "demo-bastion-1",
            "network": [
              {
                "access_network": false,
                "fixed_ip_v4": "192.168.100.6",
                "fixed_ip_v6": "",
                "floating_ip": "",
                "mac": "fa:16:3e:18:30:39",
                "name": "demo",
                "port": "",
                "uuid": "4c3df9dc-a2ed-44df-878a-7fb6ea0bd82d"
              }
            ],
            "network_mode": null,
            "personality": [],
            "power_state": "active",
            "region": "RegionOne",
            "scheduler_hints": [],
            "security_groups": [
              "demo-bastion",
              "demo-k8s"
            ],
            "stop_before_destroy": false,
            "tags": [],
            "timeouts": null,
            "user_data": null,
            "vendor_options": [],
            "volume": []
          },
          "private": "eyJlMmJmYjczMC1lY2FhLTExZTYtOGY4OC0zNDM2M2JjN2M0YzAiOnsiY3JlYXRlIjoxODAwMDAwMDAwMDAwLCJkZWxldGUiOjE4MDAwMDAwMDAwMDAsInVwZGF0ZSI6MTgwMDAwMDAwMDAwMH19",
          "dependencies": [
            "module.compute.openstack_compute_keypair_v2.k8s",
            "module.compute.openstack_networking_secgroup_v2.bastion",
            "module.compute.openstack_networking_secgroup_v2.k8s",
            "module.network.openstack_networking_router_v2.k8s"
          ]
        }
      ]
    },
    {
      "module": "module.compute",
      "mode": "managed",
      "type": "openstack_compute_instance_v2",
      "name": "bastion_custom_volume_size",
      "each": "list",
      "provider": "provider.openstack",
      "instances": []
    },
    {
      "module": "module.compute",
      "mode": "managed",
      "type": "openstack_compute_instance_v2",
      "name": "eoepca_nfs",
      "provider": "provider.openstack",
      "instances": [
        {
          "schema_version": 0,
          "attributes": {
            "access_ip_v4": "192.168.100.11",
            "access_ip_v6": "",
            "admin_pass": null,
            "all_metadata": {
              "depends_on": "3b321513-1eeb-421d-b7c2-e769716f98ca",
              "kubespray_groups": "nfs,no-floating",
              "ssh_user": "eouser",
              "use_access_ip": "1"
            },
            "all_tags": [],
            "availability_zone": "nova",
            "availability_zone_hints": null,
            "block_device": [],
            "config_drive": null,
            "flavor_id": "20",
            "flavor_name": "eo2.large",
            "floating_ip": null,
            "force_delete": false,
            "id": "e6547d03-a443-4603-a40b-1b303c2f80bd",
            "image_id": "083e136a-0082-4b13-a887-21ef88249b32",
            "image_name": "Image not found",
            "key_pair": "kubernetes-demo",
            "metadata": {
              "depends_on": "3b321513-1eeb-421d-b7c2-e769716f98ca",
              "kubespray_groups": "nfs,no-floating",
              "ssh_user": "eouser",
              "use_access_ip": "1"
            },
            "name": "demo-nfs",
            "network": [
              {
                "access_network": false,
                "fixed_ip_v4": "192.168.100.11",
                "fixed_ip_v6": "",
                "floating_ip": "",
                "mac": "fa:16:3e:d2:d6:61",
                "name": "demo",
                "port": "",
                "uuid": "4c3df9dc-a2ed-44df-878a-7fb6ea0bd82d"
              }
            ],
            "network_mode": null,
            "personality": [],
            "power_state": "active",
            "region": "RegionOne",
            "scheduler_hints": [],
            "security_groups": [
              "demo-k8s"
            ],
            "stop_before_destroy": false,
            "tags": [],
            "timeouts": null,
            "user_data": null,
            "vendor_options": [],
            "volume": []
          },
          "private": "eyJlMmJmYjczMC1lY2FhLTExZTYtOGY4OC0zNDM2M2JjN2M0YzAiOnsiY3JlYXRlIjoxODAwMDAwMDAwMDAwLCJkZWxldGUiOjE4MDAwMDAwMDAwMDAsInVwZGF0ZSI6MTgwMDAwMDAwMDAwMH19",
          "dependencies": [
            "module.compute.openstack_blockstorage_volume_v2.nfs_expansion",
            "module.compute.openstack_compute_keypair_v2.k8s",
            "module.compute.openstack_networking_secgroup_v2.k8s",
            "module.ips.null_resource.dummy_dependency",
            "module.ips.openstack_networking_floatingip_v2.bastion",
            "module.network.openstack_networking_router_v2.k8s"
          ]
        }
      ]
    },
    {
      "module": "module.compute",
      "mode": "managed",
      "type": "openstack_compute_instance_v2",
      "name": "etcd",
      "each": "list",
      "provider": "provider.openstack",
      "instances": []
    },
    {
      "module": "module.compute",
      "mode": "managed",
      "type": "openstack_compute_instance_v2",
      "name": "etcd_custom_volume_size",
      "each": "list",
      "provider": "provider.openstack",
      "instances": []
    },
    {
      "module": "module.compute",
      "mode": "managed",
      "type": "openstack_compute_instance_v2",
      "name": "glusterfs_node_no_floating_ip",
      "each": "list",
      "provider": "provider.openstack",
      "instances": []
    },
    {
      "module": "module.compute",
      "mode": "managed",
      "type": "openstack_compute_instance_v2",
      "name": "glusterfs_node_no_floating_ip_custom_volume_size",
      "each": "list",
      "provider": "provider.openstack",
      "instances": []
    },
    {
      "module": "module.compute",
      "mode": "managed",
      "type": "openstack_compute_instance_v2",
      "name": "k8s_master",
      "each": "list",
      "provider": "provider.openstack",
      "instances": []
    },
    {
      "module": "module.compute",
      "mode": "managed",
      "type": "openstack_compute_instance_v2",
      "name": "k8s_master_custom_volume_size",
      "each": "list",
      "provider": "provider.openstack",
      "instances": []
    },
    {
      "module": "module.compute",
      "mode": "managed",
      "type": "openstack_compute_instance_v2",
      "name": "k8s_master_no_etcd",
      "each": "list",
      "provider": "provider.openstack",
      "instances": []
    },
    {
      "module": "module.compute",
      "mode": "managed",
      "type": "openstack_compute_instance_v2",
      "name": "k8s_master_no_etcd_custom_volume_size",
      "each": "list",
      "provider": "provider.openstack",
      "instances": []
    },
    {
      "module": "module.compute",
      "mode": "managed",
      "type": "openstack_compute_instance_v2",
      "name": "k8s_master_no_floating_ip",
      "each": "list",
      "provider": "provider.openstack",
      "instances": [
        {
          "index_key": 0,
          "schema_version": 0,
          "attributes": {
            "access_ip_v4": "192.168.100.9",
            "access_ip_v6": "",
            "admin_pass": null,
            "all_metadata": {
              "depends_on": "7bc63c72-3d8a-424c-aa66-e000e36eedd5",
              "kubespray_groups": "etcd,kube-master,,k8s-cluster,vault,no-floating",
              "ssh_user": "eouser",
              "use_access_ip": "1"
            },
            "all_tags": [],
            "availability_zone": "nova",
            "availability_zone_hints": null,
            "block_device": [],
            "config_drive": null,
            "flavor_id": "20",
            "flavor_name": "eo2.large",
            "floating_ip": null,
            "force_delete": false,
            "id": "8838362e-dd9d-47c1-b010-60681b4ab5b4",
            "image_id": "083e136a-0082-4b13-a887-21ef88249b32",
            "image_name": "Image not found",
            "key_pair": "kubernetes-demo",
            "metadata": {
              "depends_on": "7bc63c72-3d8a-424c-aa66-e000e36eedd5",
              "kubespray_groups": "etcd,kube-master,,k8s-cluster,vault,no-floating",
              "ssh_user": "eouser",
              "use_access_ip": "1"
            },
            "name": "demo-k8s-master-nf-1",
            "network": [
              {
                "access_network": false,
                "fixed_ip_v4": "192.168.100.9",
                "fixed_ip_v6": "",
                "floating_ip": "",
                "mac": "fa:16:3e:a0:e5:a6",
                "name": "demo",
                "port": "",
                "uuid": "4c3df9dc-a2ed-44df-878a-7fb6ea0bd82d"
              }
            ],
            "network_mode": null,
            "personality": [],
            "power_state": "active",
            "region": "RegionOne",
            "scheduler_hints": [],
            "security_groups": [
              "demo-k8s",
              "demo-k8s-master"
            ],
            "stop_before_destroy": false,
            "tags": [],
            "timeouts": null,
            "user_data": null,
            "vendor_options": [],
            "volume": []
          },
          "private": "eyJlMmJmYjczMC1lY2FhLTExZTYtOGY4OC0zNDM2M2JjN2M0YzAiOnsiY3JlYXRlIjoxODAwMDAwMDAwMDAwLCJkZWxldGUiOjE4MDAwMDAwMDAwMDAsInVwZGF0ZSI6MTgwMDAwMDAwMDAwMH19",
          "dependencies": [
            "module.compute.openstack_compute_keypair_v2.k8s",
            "module.compute.openstack_compute_servergroup_v2.k8s_master",
            "module.compute.openstack_networking_secgroup_v2.k8s",
            "module.compute.openstack_networking_secgroup_v2.k8s_master",
            "module.ips.null_resource.dummy_dependency",
            "module.ips.openstack_networking_floatingip_v2.bastion",
            "module.network.openstack_networking_router_v2.k8s"
          ]
        }
      ]
    },
    {
      "module": "module.compute",
      "mode": "managed",
      "type": "openstack_compute_instance_v2",
      "name": "k8s_master_no_floating_ip_custom_volume_size",
      "each": "list",
      "provider": "provider.openstack",
      "instances": []
    },
    {
      "module": "module.compute",
      "mode": "managed",
      "type": "openstack_compute_instance_v2",
      "name": "k8s_master_no_floating_ip_no_etcd",
      "each": "list",
      "provider": "provider.openstack",
      "instances": []
    },
    {
      "module": "module.compute",
      "mode": "managed",
      "type": "openstack_compute_instance_v2",
      "name": "k8s_master_no_floating_ip_no_etcd_custom_volume_size",
      "each": "list",
      "provider": "provider.openstack",
      "instances": []
    },
    {
      "module": "module.compute",
      "mode": "managed",
      "type": "openstack_compute_instance_v2",
      "name": "k8s_node",
      "each": "list",
      "provider": "provider.openstack",
      "instances": []
    },
    {
      "module": "module.compute",
      "mode": "managed",
      "type": "openstack_compute_instance_v2",
      "name": "k8s_node_custom_volume_size",
      "each": "list",
      "provider": "provider.openstack",
      "instances": []
    },
    {
      "module": "module.compute",
      "mode": "managed",
      "type": "openstack_compute_instance_v2",
      "name": "k8s_node_no_floating_ip",
      "each": "list",
      "provider": "provider.openstack",
      "instances": [
        {
          "index_key": 0,
          "schema_version": 0,
          "attributes": {
            "access_ip_v4": "192.168.100.7",
            "access_ip_v6": "",
            "admin_pass": null,
            "all_metadata": {
              "depends_on": "7bc63c72-3d8a-424c-aa66-e000e36eedd5",
              "kubespray_groups": "kube-node,k8s-cluster,no-floating,",
              "ssh_user": "eouser",
              "use_access_ip": "1"
            },
            "all_tags": [],
            "availability_zone": "nova",
            "availability_zone_hints": null,
            "block_device": [],
            "config_drive": null,
            "flavor_id": "21",
            "flavor_name": "eo2.xlarge",
            "floating_ip": null,
            "force_delete": false,
            "id": "2fcde54e-ad76-4fac-ba40-558721114428",
            "image_id": "92dd14b7-98c1-47a0-9343-8885229c4709",
            "image_name": "Ubuntu 18.04 LTS",
            "key_pair": "kubernetes-demo",
            "metadata": {
              "depends_on": "7bc63c72-3d8a-424c-aa66-e000e36eedd5",
              "kubespray_groups": "kube-node,k8s-cluster,no-floating,",
              "ssh_user": "eouser",
              "use_access_ip": "1"
            },
            "name": "demo-k8s-node-nf-1",
            "network": [
              {
                "access_network": false,
                "fixed_ip_v4": "192.168.100.7",
                "fixed_ip_v6": "",
                "floating_ip": "",
                "mac": "fa:16:3e:2c:70:34",
                "name": "demo",
                "port": "",
                "uuid": "4c3df9dc-a2ed-44df-878a-7fb6ea0bd82d"
              },
              {
                "access_network": false,
                "fixed_ip_v4": "10.111.1.189",
                "fixed_ip_v6": "",
                "floating_ip": "",
                "mac": "fa:16:3e:d1:99:95",
                "name": "eodata",
                "port": "",
                "uuid": "3b3c7f28-6c13-4850-b82a-2a2e351df74b"
              }
            ],
            "network_mode": null,
            "personality": [],
            "power_state": "active",
            "region": "RegionOne",
            "scheduler_hints": [],
            "security_groups": [
              "demo-k8s",
              "demo-k8s-worker"
            ],
            "stop_before_destroy": false,
            "tags": [],
            "timeouts": null,
            "user_data": null,
            "vendor_options": [],
            "volume": []
          },
          "private": "eyJlMmJmYjczMC1lY2FhLTExZTYtOGY4OC0zNDM2M2JjN2M0YzAiOnsiY3JlYXRlIjoxODAwMDAwMDAwMDAwLCJkZWxldGUiOjE4MDAwMDAwMDAwMDAsInVwZGF0ZSI6MTgwMDAwMDAwMDAwMH19",
          "dependencies": [
            "module.compute.openstack_compute_keypair_v2.k8s",
            "module.compute.openstack_compute_servergroup_v2.k8s_node",
            "module.compute.openstack_networking_secgroup_v2.k8s",
            "module.compute.openstack_networking_secgroup_v2.worker",
            "module.ips.openstack_networking_floatingip_v2.bastion",
            "module.network.openstack_networking_router_v2.k8s"
          ]
        },
        {
          "index_key": 1,
          "schema_version": 0,
          "attributes": {
            "access_ip_v4": "192.168.100.12",
            "access_ip_v6": "",
            "admin_pass": null,
            "all_metadata": {
              "depends_on": "7bc63c72-3d8a-424c-aa66-e000e36eedd5",
              "kubespray_groups": "kube-node,k8s-cluster,no-floating,",
              "ssh_user": "eouser",
              "use_access_ip": "1"
            },
            "all_tags": [],
            "availability_zone": "nova",
            "availability_zone_hints": null,
            "block_device": [],
            "config_drive": null,
            "flavor_id": "21",
            "flavor_name": "eo2.xlarge",
            "floating_ip": null,
            "force_delete": false,
            "id": "cda0238d-7691-4e9f-9571-07cd59527323",
            "image_id": "92dd14b7-98c1-47a0-9343-8885229c4709",
            "image_name": "Ubuntu 18.04 LTS",
            "key_pair": "kubernetes-demo",
            "metadata": {
              "depends_on": "7bc63c72-3d8a-424c-aa66-e000e36eedd5",
              "kubespray_groups": "kube-node,k8s-cluster,no-floating,",
              "ssh_user": "eouser",
              "use_access_ip": "1"
            },
            "name": "demo-k8s-node-nf-2",
            "network": [
              {
                "access_network": false,
                "fixed_ip_v4": "192.168.100.12",
                "fixed_ip_v6": "",
                "floating_ip": "",
                "mac": "fa:16:3e:5a:f1:03",
                "name": "demo",
                "port": "",
                "uuid": "4c3df9dc-a2ed-44df-878a-7fb6ea0bd82d"
              },
              {
                "access_network": false,
                "fixed_ip_v4": "10.111.0.252",
                "fixed_ip_v6": "",
                "floating_ip": "",
                "mac": "fa:16:3e:a4:98:23",
                "name": "eodata",
                "port": "",
                "uuid": "3b3c7f28-6c13-4850-b82a-2a2e351df74b"
              }
            ],
            "network_mode": null,
            "personality": [],
            "power_state": "active",
            "region": "RegionOne",
            "scheduler_hints": [],
            "security_groups": [
              "demo-k8s",
              "demo-k8s-worker"
            ],
            "stop_before_destroy": false,
            "tags": [],
            "timeouts": null,
            "user_data": null,
            "vendor_options": [],
            "volume": []
          },
          "private": "eyJlMmJmYjczMC1lY2FhLTExZTYtOGY4OC0zNDM2M2JjN2M0YzAiOnsiY3JlYXRlIjoxODAwMDAwMDAwMDAwLCJkZWxldGUiOjE4MDAwMDAwMDAwMDAsInVwZGF0ZSI6MTgwMDAwMDAwMDAwMH19",
          "dependencies": [
            "module.compute.openstack_compute_keypair_v2.k8s",
            "module.compute.openstack_compute_servergroup_v2.k8s_node",
            "module.compute.openstack_networking_secgroup_v2.k8s",
            "module.compute.openstack_networking_secgroup_v2.worker",
            "module.ips.openstack_networking_floatingip_v2.bastion",
            "module.network.openstack_networking_router_v2.k8s"
          ]
        },
        {
          "index_key": 2,
          "schema_version": 0,
          "attributes": {
            "access_ip_v4": "192.168.100.3",
            "access_ip_v6": "",
            "admin_pass": null,
            "all_metadata": {
              "depends_on": "7bc63c72-3d8a-424c-aa66-e000e36eedd5",
              "kubespray_groups": "kube-node,k8s-cluster,no-floating,",
              "ssh_user": "eouser",
              "use_access_ip": "1"
            },
            "all_tags": [],
            "availability_zone": "nova",
            "availability_zone_hints": null,
            "block_device": [],
            "config_drive": null,
            "flavor_id": "21",
            "flavor_name": "eo2.xlarge",
            "floating_ip": null,
            "force_delete": false,
            "id": "2468f2e6-2c65-469d-9b4f-ba91b3d6c102",
            "image_id": "083e136a-0082-4b13-a887-21ef88249b32",
            "image_name": "Image not found",
            "key_pair": "kubernetes-demo",
            "metadata": {
              "depends_on": "7bc63c72-3d8a-424c-aa66-e000e36eedd5",
              "kubespray_groups": "kube-node,k8s-cluster,no-floating,",
              "ssh_user": "eouser",
              "use_access_ip": "1"
            },
            "name": "demo-k8s-node-nf-3",
            "network": [
              {
                "access_network": false,
                "fixed_ip_v4": "192.168.100.3",
                "fixed_ip_v6": "",
                "floating_ip": "",
                "mac": "fa:16:3e:54:22:c3",
                "name": "demo",
                "port": "",
                "uuid": "4c3df9dc-a2ed-44df-878a-7fb6ea0bd82d"
              },
              {
                "access_network": false,
                "fixed_ip_v4": "10.111.2.187",
                "fixed_ip_v6": "",
                "floating_ip": "",
                "mac": "fa:16:3e:96:de:a5",
                "name": "eodata",
                "port": "",
                "uuid": "3b3c7f28-6c13-4850-b82a-2a2e351df74b"
              }
            ],
            "network_mode": null,
            "personality": [],
            "power_state": "active",
            "region": "RegionOne",
            "scheduler_hints": [],
            "security_groups": [
              "demo-k8s",
              "demo-k8s-worker"
            ],
            "stop_before_destroy": false,
            "tags": [],
            "timeouts": null,
            "user_data": null,
            "vendor_options": [],
            "volume": []
          },
          "private": "eyJlMmJmYjczMC1lY2FhLTExZTYtOGY4OC0zNDM2M2JjN2M0YzAiOnsiY3JlYXRlIjoxODAwMDAwMDAwMDAwLCJkZWxldGUiOjE4MDAwMDAwMDAwMDAsInVwZGF0ZSI6MTgwMDAwMDAwMDAwMH19",
          "dependencies": [
            "module.compute.openstack_compute_keypair_v2.k8s",
            "module.compute.openstack_compute_servergroup_v2.k8s_node",
            "module.compute.openstack_networking_secgroup_v2.k8s",
            "module.compute.openstack_networking_secgroup_v2.worker",
            "module.ips.null_resource.dummy_dependency",
            "module.ips.openstack_networking_floatingip_v2.bastion",
            "module.network.openstack_networking_router_v2.k8s"
          ]
        },
        {
          "index_key": 3,
          "schema_version": 0,
          "attributes": {
            "access_ip_v4": "192.168.100.14",
            "access_ip_v6": "",
            "admin_pass": null,
            "all_metadata": {
              "depends_on": "7bc63c72-3d8a-424c-aa66-e000e36eedd5",
              "kubespray_groups": "kube-node,k8s-cluster,no-floating,",
              "ssh_user": "eouser",
              "use_access_ip": "1"
            },
            "all_tags": [],
            "availability_zone": "nova",
            "availability_zone_hints": null,
            "block_device": [],
            "config_drive": null,
            "flavor_id": "21",
            "flavor_name": "eo2.xlarge",
            "floating_ip": null,
            "force_delete": false,
            "id": "4b887c55-dd30-476d-81b1-11cf94786e5a",
            "image_id": "083e136a-0082-4b13-a887-21ef88249b32",
            "image_name": "Image not found",
            "key_pair": "kubernetes-demo",
            "metadata": {
              "depends_on": "7bc63c72-3d8a-424c-aa66-e000e36eedd5",
              "kubespray_groups": "kube-node,k8s-cluster,no-floating,",
              "ssh_user": "eouser",
              "use_access_ip": "1"
            },
            "name": "demo-k8s-node-nf-4",
            "network": [
              {
                "access_network": false,
                "fixed_ip_v4": "192.168.100.14",
                "fixed_ip_v6": "",
                "floating_ip": "",
                "mac": "fa:16:3e:57:9f:35",
                "name": "demo",
                "port": "",
                "uuid": "4c3df9dc-a2ed-44df-878a-7fb6ea0bd82d"
              },
              {
                "access_network": false,
                "fixed_ip_v4": "10.111.1.121",
                "fixed_ip_v6": "",
                "floating_ip": "",
                "mac": "fa:16:3e:a2:3d:c2",
                "name": "eodata",
                "port": "",
                "uuid": "3b3c7f28-6c13-4850-b82a-2a2e351df74b"
              }
            ],
            "network_mode": null,
            "personality": [],
            "power_state": "active",
            "region": "RegionOne",
            "scheduler_hints": [],
            "security_groups": [
              "demo-k8s",
              "demo-k8s-worker"
            ],
            "stop_before_destroy": false,
            "tags": [],
            "timeouts": null,
            "user_data": null,
            "vendor_options": [],
            "volume": []
          },
          "private": "eyJlMmJmYjczMC1lY2FhLTExZTYtOGY4OC0zNDM2M2JjN2M0YzAiOnsiY3JlYXRlIjoxODAwMDAwMDAwMDAwLCJkZWxldGUiOjE4MDAwMDAwMDAwMDAsInVwZGF0ZSI6MTgwMDAwMDAwMDAwMH19",
          "dependencies": [
            "module.compute.openstack_compute_keypair_v2.k8s",
            "module.compute.openstack_compute_servergroup_v2.k8s_node",
            "module.compute.openstack_networking_secgroup_v2.k8s",
            "module.compute.openstack_networking_secgroup_v2.worker",
            "module.ips.null_resource.dummy_dependency",
            "module.ips.openstack_networking_floatingip_v2.bastion",
            "module.network.openstack_networking_router_v2.k8s"
          ]
        },
        {
          "index_key": 4,
          "status": "tainted",
          "schema_version": 0,
          "attributes": {
            "access_ip_v4": "192.168.100.10",
            "access_ip_v6": "",
            "admin_pass": null,
            "all_metadata": {
              "depends_on": "7bc63c72-3d8a-424c-aa66-e000e36eedd5",
              "kubespray_groups": "kube-node,k8s-cluster,no-floating,",
              "ssh_user": "eouser",
              "use_access_ip": "1"
            },
            "all_tags": [],
            "availability_zone": "nova",
            "availability_zone_hints": null,
            "block_device": [],
            "config_drive": null,
            "flavor_id": "21",
            "flavor_name": "eo2.xlarge",
            "floating_ip": null,
            "force_delete": false,
            "id": "c0bf5dce-492f-4e3a-80a5-a4a0ac880429",
            "image_id": "ebbb230b-2b55-4873-9625-342148252c55",
            "image_name": "Image not found",
            "key_pair": "kubernetes-demo",
            "metadata": {
              "depends_on": "7bc63c72-3d8a-424c-aa66-e000e36eedd5",
              "kubespray_groups": "kube-node,k8s-cluster,no-floating,",
              "ssh_user": "eouser",
              "use_access_ip": "1"
            },
            "name": "demo-k8s-node-nf-5",
            "network": [
              {
                "access_network": false,
                "fixed_ip_v4": "192.168.100.10",
                "fixed_ip_v6": "",
                "floating_ip": "",
                "mac": "fa:16:3e:a4:29:4e",
                "name": "demo",
                "port": "",
                "uuid": "4c3df9dc-a2ed-44df-878a-7fb6ea0bd82d"
              },
              {
                "access_network": false,
                "fixed_ip_v4": "10.111.2.206",
                "fixed_ip_v6": "",
                "floating_ip": "",
                "mac": "fa:16:3e:fe:1d:cc",
                "name": "eodata",
                "port": "",
                "uuid": "3b3c7f28-6c13-4850-b82a-2a2e351df74b"
              }
            ],
            "network_mode": null,
            "personality": [],
            "power_state": "active",
            "region": "RegionOne",
            "scheduler_hints": [],
            "security_groups": [
              "demo-k8s",
              "demo-k8s-worker"
            ],
            "stop_before_destroy": false,
            "tags": [],
            "timeouts": null,
            "user_data": null,
            "vendor_options": [],
            "volume": []
          },
          "private": "eyJlMmJmYjczMC1lY2FhLTExZTYtOGY4OC0zNDM2M2JjN2M0YzAiOnsiY3JlYXRlIjoxODAwMDAwMDAwMDAwLCJkZWxldGUiOjE4MDAwMDAwMDAwMDAsInVwZGF0ZSI6MTgwMDAwMDAwMDAwMH19",
          "dependencies": [
            "module.compute.openstack_compute_keypair_v2.k8s",
            "module.compute.openstack_compute_servergroup_v2.k8s_node",
            "module.compute.openstack_networking_secgroup_v2.k8s",
            "module.compute.openstack_networking_secgroup_v2.worker",
            "module.ips.openstack_networking_floatingip_v2.bastion",
            "module.network.openstack_networking_router_v2.k8s"
          ]
        }
      ]
    },
    {
      "module": "module.compute",
      "mode": "managed",
      "type": "openstack_compute_instance_v2",
      "name": "k8s_node_no_floating_ip_custom_volume_size",
      "each": "list",
      "provider": "provider.openstack",
      "instances": []
    },
    {
      "module": "module.compute",
      "mode": "managed",
      "type": "openstack_compute_keypair_v2",
      "name": "k8s",
      "provider": "provider.openstack",
      "instances": [
        {
          "schema_version": 0,
          "attributes": {
            "fingerprint": "d2:93:2b:7f:25:b6:37:5b:35:45:e7:29:e1:64:fd:09",
            "id": "kubernetes-demo",
            "name": "kubernetes-demo",
            "private_key": "",
            "public_key": "ssh-rsa AAAAB3NzaC1yc2EAAAADAQABAAABAQC9h5PpXynOTm5IktqfQtQMc5tnYG3Mt4nOJju20g71ApOkTFQ5lfvedvsBBCw+46245pTWjGeJB7UXm9YsdBvdlY5YxcOAErLt8C5DncFXToFY9suNlQMkHLQCo/xeEKmFGWjvOuLho4j09UEKd2Ts2Q0EcJmjT3nIGTp1pj/m6beQFhmY0wa1alCYavwzIDDPbPDTeQ0qn+dGwChAq9ncu4fUyyafw1j4wSXfVR1EZPhee/ceEa5qnYJQwR2kZhypbvI4OdJbbiE09lGSbizH4Xb1cAK8iyU1HWKmAGejCxaMqfYXLnJFYhYP1n+L0oOuwllN9/Ye0fA8UyKAlPgJ rconway@anywhere",
            "region": "RegionOne",
            "value_specs": null
          },
          "private": "bnVsbA=="
        }
      ]
    },
    {
      "module": "module.compute",
      "mode": "managed",
      "type": "openstack_compute_servergroup_v2",
      "name": "k8s_etcd",
      "each": "list",
      "provider": "provider.openstack",
      "instances": []
    },
    {
      "module": "module.compute",
      "mode": "managed",
      "type": "openstack_compute_servergroup_v2",
      "name": "k8s_master",
      "each": "list",
      "provider": "provider.openstack",
      "instances": []
    },
    {
      "module": "module.compute",
      "mode": "managed",
      "type": "openstack_compute_servergroup_v2",
      "name": "k8s_node",
      "each": "list",
      "provider": "provider.openstack",
      "instances": []
    },
    {
      "module": "module.compute",
      "mode": "managed",
      "type": "openstack_compute_volume_attach_v2",
      "name": "glusterfs_volume",
      "each": "list",
      "provider": "provider.openstack",
      "instances": []
    },
    {
      "module": "module.compute",
      "mode": "managed",
      "type": "openstack_compute_volume_attach_v2",
      "name": "glusterfs_volume_custom_root_volume_size",
      "each": "list",
      "provider": "provider.openstack",
      "instances": []
    },
    {
      "module": "module.compute",
      "mode": "managed",
      "type": "openstack_compute_volume_attach_v2",
      "name": "volume_attachment_nfs",
      "provider": "provider.openstack",
      "instances": [
        {
          "schema_version": 0,
          "attributes": {
            "device": "/dev/sdb",
            "id": "e6547d03-a443-4603-a40b-1b303c2f80bd/3b321513-1eeb-421d-b7c2-e769716f98ca",
            "instance_id": "e6547d03-a443-4603-a40b-1b303c2f80bd",
            "multiattach": null,
            "region": "RegionOne",
            "timeouts": null,
            "volume_id": "3b321513-1eeb-421d-b7c2-e769716f98ca"
          },
          "private": "eyJlMmJmYjczMC1lY2FhLTExZTYtOGY4OC0zNDM2M2JjN2M0YzAiOnsiY3JlYXRlIjo2MDAwMDAwMDAwMDAsImRlbGV0ZSI6NjAwMDAwMDAwMDAwfX0=",
          "dependencies": [
            "module.compute.openstack_blockstorage_volume_v2.nfs_expansion",
            "module.compute.openstack_compute_instance_v2.eoepca_nfs",
            "module.compute.openstack_compute_keypair_v2.k8s",
            "module.compute.openstack_networking_secgroup_v2.k8s",
            "module.ips.null_resource.dummy_dependency",
            "module.ips.openstack_networking_floatingip_v2.bastion",
            "module.network.openstack_networking_router_v2.k8s"
          ]
        }
      ]
    },
    {
      "module": "module.loadbalancer",
      "mode": "managed",
      "type": "openstack_lb_listener_v2",
      "name": "http",
      "each": "list",
      "provider": "provider.openstack",
      "instances": [
        {
          "index_key": 0,
          "schema_version": 0,
          "attributes": {
            "admin_state_up": true,
            "allowed_cidrs": [],
            "connection_limit": -1,
            "default_pool_id": "d9e0511f-701e-490e-88ed-a3e6f343e81f",
            "default_tls_container_ref": "",
            "description": "",
            "id": "bf803d62-c61f-43e5-83a2-feff22e11876",
            "insert_headers": {},
            "loadbalancer_id": "b7dbe891-6b43-4310-ad22-9dd83494caaa",
            "name": "http",
            "protocol": "HTTP",
            "protocol_port": 80,
            "region": "RegionOne",
            "sni_container_refs": [],
            "tenant_id": "593918ef342a4bf1aea907d0c6058c1e",
            "timeout_client_data": 0,
            "timeout_member_connect": 0,
            "timeout_member_data": 0,
            "timeout_tcp_inspect": 0,
            "timeouts": null
          },
          "private": "eyJlMmJmYjczMC1lY2FhLTExZTYtOGY4OC0zNDM2M2JjN2M0YzAiOnsiY3JlYXRlIjo2MDAwMDAwMDAwMDAsImRlbGV0ZSI6NjAwMDAwMDAwMDAwLCJ1cGRhdGUiOjYwMDAwMDAwMDAwMH19",
          "dependencies": [
            "module.compute.openstack_networking_secgroup_v2.k8s",
            "module.loadbalancer.openstack_lb_loadbalancer_v2.k8s",
            "module.loadbalancer.openstack_networking_secgroup_v2.lb",
            "module.network.openstack_networking_network_v2.k8s"
          ]
        }
      ]
    },
    {
      "module": "module.loadbalancer",
      "mode": "managed",
      "type": "openstack_lb_listener_v2",
      "name": "https",
      "each": "list",
      "provider": "provider.openstack",
      "instances": [
        {
          "index_key": 0,
          "schema_version": 0,
          "attributes": {
            "admin_state_up": true,
            "allowed_cidrs": [],
            "connection_limit": -1,
            "default_pool_id": "72d7473a-e169-473c-8a86-c177e474a01b",
            "default_tls_container_ref": "",
            "description": "",
            "id": "be012972-9250-4377-bea9-bdbc32682fb4",
            "insert_headers": {},
            "loadbalancer_id": "b7dbe891-6b43-4310-ad22-9dd83494caaa",
            "name": "https",
            "protocol": "HTTPS",
            "protocol_port": 443,
            "region": "RegionOne",
            "sni_container_refs": [],
            "tenant_id": "593918ef342a4bf1aea907d0c6058c1e",
            "timeout_client_data": 0,
            "timeout_member_connect": 0,
            "timeout_member_data": 0,
            "timeout_tcp_inspect": 0,
            "timeouts": null
          },
          "private": "eyJlMmJmYjczMC1lY2FhLTExZTYtOGY4OC0zNDM2M2JjN2M0YzAiOnsiY3JlYXRlIjo2MDAwMDAwMDAwMDAsImRlbGV0ZSI6NjAwMDAwMDAwMDAwLCJ1cGRhdGUiOjYwMDAwMDAwMDAwMH19",
          "dependencies": [
            "module.compute.openstack_networking_secgroup_v2.k8s",
            "module.loadbalancer.openstack_lb_loadbalancer_v2.k8s",
            "module.loadbalancer.openstack_networking_secgroup_v2.lb",
            "module.network.openstack_networking_network_v2.k8s"
          ]
        }
      ]
    },
    {
      "module": "module.loadbalancer",
      "mode": "managed",
      "type": "openstack_lb_loadbalancer_v2",
      "name": "k8s",
      "each": "list",
      "provider": "provider.openstack",
      "instances": [
        {
          "index_key": 0,
          "schema_version": 0,
          "attributes": {
            "admin_state_up": true,
            "description": "",
            "flavor_id": "",
            "id": "b7dbe891-6b43-4310-ad22-9dd83494caaa",
            "loadbalancer_provider": "octavia",
            "name": "demo-lb",
            "region": "RegionOne",
            "security_group_ids": [
              "0896d748-0c0f-4d76-b8bc-994cc9fea60d",
              "2dbea03a-b4c3-40db-9bdf-c47aab1020cc"
            ],
            "tenant_id": "593918ef342a4bf1aea907d0c6058c1e",
            "timeouts": null,
            "vip_address": "192.168.100.8",
            "vip_network_id": "4c3df9dc-a2ed-44df-878a-7fb6ea0bd82d",
            "vip_port_id": "8e5f4f90-046d-43f7-a496-046d2210569e",
            "vip_subnet_id": "0b5dab9d-475c-4b76-ad16-f46d4405277c"
          },
          "private": "eyJlMmJmYjczMC1lY2FhLTExZTYtOGY4OC0zNDM2M2JjN2M0YzAiOnsiY3JlYXRlIjo2MDAwMDAwMDAwMDAsImRlbGV0ZSI6MzAwMDAwMDAwMDAwLCJ1cGRhdGUiOjYwMDAwMDAwMDAwMH19",
          "dependencies": [
            "module.compute.openstack_networking_secgroup_v2.k8s",
            "module.loadbalancer.openstack_networking_secgroup_v2.lb",
            "module.network.openstack_networking_network_v2.k8s"
          ]
        }
      ]
    },
    {
      "module": "module.loadbalancer",
      "mode": "managed",
      "type": "openstack_lb_members_v2",
      "name": "http",
      "each": "list",
      "provider": "provider.openstack",
      "instances": [
        {
          "index_key": 0,
          "schema_version": 0,
          "attributes": {
            "id": "d9e0511f-701e-490e-88ed-a3e6f343e81f",
            "member": [
              {
                "address": "192.168.100.10",
                "admin_state_up": true,
                "id": "0d11cb78-8a77-4e56-b4cc-5f0356eb5d83",
                "name": "",
                "protocol_port": 31080,
                "subnet_id": "",
                "weight": 1
              },
              {
                "address": "192.168.100.12",
                "admin_state_up": true,
                "id": "964b9085-473e-41a7-a6de-dcfc08ad2d63",
                "name": "",
                "protocol_port": 31080,
                "subnet_id": "",
                "weight": 1
              },
              {
                "address": "192.168.100.14",
                "admin_state_up": true,
                "id": "f4eaf73c-0c1d-4dcb-b6be-f79931afe2b3",
                "name": "",
                "protocol_port": 31080,
                "subnet_id": "",
                "weight": 1
              },
              {
                "address": "192.168.100.3",
                "admin_state_up": true,
                "id": "528d4c77-9816-4645-ae91-154938dfac40",
                "name": "",
                "protocol_port": 31080,
                "subnet_id": "",
                "weight": 1
              },
              {
                "address": "192.168.100.7",
                "admin_state_up": true,
                "id": "a21b191c-0e1d-429b-b182-18c34c67fb26",
                "name": "",
                "protocol_port": 31080,
                "subnet_id": "",
                "weight": 1
              }
            ],
            "pool_id": "d9e0511f-701e-490e-88ed-a3e6f343e81f",
            "region": "RegionOne",
            "timeouts": null
          },
          "private": "eyJlMmJmYjczMC1lY2FhLTExZTYtOGY4OC0zNDM2M2JjN2M0YzAiOnsiY3JlYXRlIjo2MDAwMDAwMDAwMDAsImRlbGV0ZSI6NjAwMDAwMDAwMDAwLCJ1cGRhdGUiOjYwMDAwMDAwMDAwMH19",
          "dependencies": [
            "module.compute.openstack_compute_instance_v2.k8s_node_no_floating_ip",
            "module.compute.openstack_compute_keypair_v2.k8s",
            "module.compute.openstack_compute_servergroup_v2.k8s_node",
            "module.compute.openstack_networking_secgroup_v2.k8s",
            "module.compute.openstack_networking_secgroup_v2.worker",
            "module.ips.openstack_networking_floatingip_v2.bastion",
            "module.loadbalancer.openstack_lb_pool_v2.http",
            "module.network.openstack_networking_router_v2.k8s"
          ]
        }
      ]
    },
    {
      "module": "module.loadbalancer",
      "mode": "managed",
      "type": "openstack_lb_members_v2",
      "name": "https",
      "each": "list",
      "provider": "provider.openstack",
      "instances": [
        {
          "index_key": 0,
          "schema_version": 0,
          "attributes": {
            "id": "72d7473a-e169-473c-8a86-c177e474a01b",
            "member": [
              {
                "address": "192.168.100.10",
                "admin_state_up": true,
                "id": "faf57df1-dec2-4b90-b8fe-cfe85301790b",
                "name": "",
                "protocol_port": 31443,
                "subnet_id": "",
                "weight": 1
              },
              {
                "address": "192.168.100.12",
                "admin_state_up": true,
                "id": "bfc90d51-622b-4f85-b265-5a770f5c7d63",
                "name": "",
                "protocol_port": 31443,
                "subnet_id": "",
                "weight": 1
              },
              {
                "address": "192.168.100.14",
                "admin_state_up": true,
                "id": "bf2fe57b-7446-4c58-a36f-cae6ff6e7b42",
                "name": "",
                "protocol_port": 31443,
                "subnet_id": "",
                "weight": 1
              },
              {
                "address": "192.168.100.3",
                "admin_state_up": true,
                "id": "969ecc91-3bd8-42fe-bbc4-7838a6081982",
                "name": "",
                "protocol_port": 31443,
                "subnet_id": "",
                "weight": 1
              },
              {
                "address": "192.168.100.7",
                "admin_state_up": true,
                "id": "cff8c4ef-ac6c-4cb8-b146-719998890795",
                "name": "",
                "protocol_port": 31443,
                "subnet_id": "",
                "weight": 1
              }
            ],
            "pool_id": "72d7473a-e169-473c-8a86-c177e474a01b",
            "region": "RegionOne",
            "timeouts": null
          },
          "private": "eyJlMmJmYjczMC1lY2FhLTExZTYtOGY4OC0zNDM2M2JjN2M0YzAiOnsiY3JlYXRlIjo2MDAwMDAwMDAwMDAsImRlbGV0ZSI6NjAwMDAwMDAwMDAwLCJ1cGRhdGUiOjYwMDAwMDAwMDAwMH19",
          "dependencies": [
            "module.compute.openstack_compute_instance_v2.k8s_node_no_floating_ip",
            "module.compute.openstack_compute_keypair_v2.k8s",
            "module.compute.openstack_compute_servergroup_v2.k8s_node",
            "module.compute.openstack_networking_secgroup_v2.k8s",
            "module.compute.openstack_networking_secgroup_v2.worker",
            "module.ips.openstack_networking_floatingip_v2.bastion",
            "module.loadbalancer.openstack_lb_pool_v2.https",
            "module.network.openstack_networking_router_v2.k8s"
          ]
        }
      ]
    },
    {
      "module": "module.loadbalancer",
      "mode": "managed",
      "type": "openstack_lb_pool_v2",
      "name": "http",
      "each": "list",
      "provider": "provider.openstack",
      "instances": [
        {
          "index_key": 0,
          "schema_version": 0,
          "attributes": {
            "admin_state_up": true,
            "description": "",
            "id": "d9e0511f-701e-490e-88ed-a3e6f343e81f",
            "lb_method": "ROUND_ROBIN",
            "listener_id": "bf803d62-c61f-43e5-83a2-feff22e11876",
            "loadbalancer_id": null,
            "name": "http",
            "persistence": [
              {
                "cookie_name": "",
                "type": "SOURCE_IP"
              }
            ],
            "protocol": "HTTP",
            "region": "RegionOne",
            "tenant_id": "",
            "timeouts": null
          },
          "private": "eyJlMmJmYjczMC1lY2FhLTExZTYtOGY4OC0zNDM2M2JjN2M0YzAiOnsiY3JlYXRlIjo2MDAwMDAwMDAwMDAsImRlbGV0ZSI6NjAwMDAwMDAwMDAwLCJ1cGRhdGUiOjYwMDAwMDAwMDAwMH19",
          "dependencies": [
            "module.compute.openstack_networking_secgroup_v2.k8s",
            "module.loadbalancer.openstack_lb_listener_v2.http",
            "module.loadbalancer.openstack_lb_loadbalancer_v2.k8s",
            "module.loadbalancer.openstack_networking_secgroup_v2.lb",
            "module.network.openstack_networking_network_v2.k8s"
          ]
        }
      ]
    },
    {
      "module": "module.loadbalancer",
      "mode": "managed",
      "type": "openstack_lb_pool_v2",
      "name": "https",
      "each": "list",
      "provider": "provider.openstack",
      "instances": [
        {
          "index_key": 0,
          "schema_version": 0,
          "attributes": {
            "admin_state_up": true,
            "description": "",
            "id": "72d7473a-e169-473c-8a86-c177e474a01b",
            "lb_method": "ROUND_ROBIN",
            "listener_id": "be012972-9250-4377-bea9-bdbc32682fb4",
            "loadbalancer_id": null,
            "name": "https",
            "persistence": [
              {
                "cookie_name": "",
                "type": "SOURCE_IP"
              }
            ],
            "protocol": "HTTPS",
            "region": "RegionOne",
            "tenant_id": "",
            "timeouts": null
          },
          "private": "eyJlMmJmYjczMC1lY2FhLTExZTYtOGY4OC0zNDM2M2JjN2M0YzAiOnsiY3JlYXRlIjo2MDAwMDAwMDAwMDAsImRlbGV0ZSI6NjAwMDAwMDAwMDAwLCJ1cGRhdGUiOjYwMDAwMDAwMDAwMH19",
          "dependencies": [
            "module.compute.openstack_networking_secgroup_v2.k8s",
            "module.loadbalancer.openstack_lb_listener_v2.https",
            "module.loadbalancer.openstack_lb_loadbalancer_v2.k8s",
            "module.loadbalancer.openstack_networking_secgroup_v2.lb",
            "module.network.openstack_networking_network_v2.k8s"
          ]
        }
      ]
    },
    {
      "module": "module.loadbalancer",
      "mode": "managed",
      "type": "openstack_networking_floatingip_associate_v2",
      "name": "loadbalancer",
      "each": "list",
      "provider": "provider.openstack",
      "instances": [
        {
          "index_key": 0,
          "schema_version": 0,
          "attributes": {
            "fixed_ip": "192.168.100.8",
            "floating_ip": "185.52.195.19",
            "id": "42a22a95-a96c-4361-8fd0-3053ad454285",
            "port_id": "8e5f4f90-046d-43f7-a496-046d2210569e",
            "region": "RegionOne"
          },
          "private": "bnVsbA==",
          "dependencies": [
            "module.compute.openstack_networking_secgroup_v2.k8s",
            "module.loadbalancer.openstack_lb_loadbalancer_v2.k8s",
            "module.loadbalancer.openstack_networking_floatingip_v2.loadbalancer",
            "module.loadbalancer.openstack_networking_secgroup_v2.lb",
            "module.network.openstack_networking_network_v2.k8s"
          ]
        }
      ]
    },
    {
      "module": "module.ips",
      "mode": "managed",
      "type": "openstack_networking_floatingip_v2",
      "name": "bastion",
      "each": "list",
      "provider": "provider.openstack",
      "instances": [
        {
          "index_key": 0,
          "schema_version": 0,
          "attributes": {
            "address": "185.52.195.34",
            "all_tags": [],
            "description": "",
            "dns_domain": "",
            "dns_name": "",
            "fixed_ip": "192.168.100.6",
            "id": "3ef081a3-c22b-46c3-a7f1-e3ca9940c0b6",
            "pool": "external3",
            "port_id": "7d4eff0b-5e8b-4a52-ae21-24c01d3a92d2",
            "region": "RegionOne",
            "subnet_id": null,
            "tags": [],
            "tenant_id": "593918ef342a4bf1aea907d0c6058c1e",
            "timeouts": null,
            "value_specs": null
          },
          "private": "eyJlMmJmYjczMC1lY2FhLTExZTYtOGY4OC0zNDM2M2JjN2M0YzAiOnsiY3JlYXRlIjo2MDAwMDAwMDAwMDAsImRlbGV0ZSI6NjAwMDAwMDAwMDAwfX0=",
          "dependencies": [
            "module.ips.null_resource.dummy_dependency",
            "module.network.openstack_networking_router_v2.k8s"
          ]
        }
      ]
    },
    {
      "module": "module.ips",
      "mode": "managed",
      "type": "openstack_networking_floatingip_v2",
      "name": "k8s_master",
      "each": "list",
      "provider": "provider.openstack",
      "instances": []
    },
    {
      "module": "module.ips",
      "mode": "managed",
      "type": "openstack_networking_floatingip_v2",
      "name": "k8s_master_no_etcd",
      "each": "list",
      "provider": "provider.openstack",
      "instances": []
    },
    {
      "module": "module.ips",
      "mode": "managed",
      "type": "openstack_networking_floatingip_v2",
      "name": "k8s_node",
      "each": "list",
      "provider": "provider.openstack",
      "instances": []
    },
    {
      "module": "module.loadbalancer",
      "mode": "managed",
      "type": "openstack_networking_floatingip_v2",
      "name": "loadbalancer",
      "each": "list",
      "provider": "provider.openstack",
      "instances": [
        {
          "index_key": 0,
          "schema_version": 0,
          "attributes": {
            "address": "185.52.195.19",
            "all_tags": [],
            "description": "",
            "dns_domain": "",
            "dns_name": "",
            "fixed_ip": "192.168.100.8",
            "id": "42a22a95-a96c-4361-8fd0-3053ad454285",
            "pool": "external3",
            "port_id": "8e5f4f90-046d-43f7-a496-046d2210569e",
            "region": "RegionOne",
            "subnet_id": null,
            "tags": [],
            "tenant_id": "593918ef342a4bf1aea907d0c6058c1e",
            "timeouts": null,
            "value_specs": null
          },
          "private": "eyJlMmJmYjczMC1lY2FhLTExZTYtOGY4OC0zNDM2M2JjN2M0YzAiOnsiY3JlYXRlIjo2MDAwMDAwMDAwMDAsImRlbGV0ZSI6NjAwMDAwMDAwMDAwfX0=",
          "dependencies": [
            "module.compute.openstack_networking_secgroup_v2.k8s",
            "module.loadbalancer.openstack_lb_loadbalancer_v2.k8s",
            "module.loadbalancer.openstack_networking_secgroup_v2.lb",
            "module.network.openstack_networking_network_v2.k8s"
          ]
        }
      ]
    },
    {
      "module": "module.network",
      "mode": "managed",
      "type": "openstack_networking_network_v2",
      "name": "k8s",
      "each": "list",
      "provider": "provider.openstack",
      "instances": [
        {
          "index_key": 0,
          "schema_version": 0,
          "attributes": {
            "admin_state_up": true,
            "all_tags": [],
            "availability_zone_hints": [],
            "description": "",
            "dns_domain": "",
            "external": false,
            "id": "4c3df9dc-a2ed-44df-878a-7fb6ea0bd82d",
            "mtu": 8950,
            "name": "demo",
            "port_security_enabled": true,
            "qos_policy_id": "",
            "region": "RegionOne",
            "segments": [],
            "shared": false,
            "tags": [],
            "tenant_id": "593918ef342a4bf1aea907d0c6058c1e",
            "timeouts": null,
            "transparent_vlan": false,
            "value_specs": null
          },
          "private": "eyJlMmJmYjczMC1lY2FhLTExZTYtOGY4OC0zNDM2M2JjN2M0YzAiOnsiY3JlYXRlIjo2MDAwMDAwMDAwMDAsImRlbGV0ZSI6NjAwMDAwMDAwMDAwfX0="
        }
      ]
    },
    {
      "module": "module.network",
      "mode": "managed",
      "type": "openstack_networking_router_interface_v2",
      "name": "k8s",
      "each": "list",
      "provider": "provider.openstack",
      "instances": [
        {
          "index_key": 0,
          "schema_version": 0,
          "attributes": {
            "id": "b44c1ccf-a4f8-4c96-925f-5c406cd3f695",
            "port_id": "b44c1ccf-a4f8-4c96-925f-5c406cd3f695",
            "region": "RegionOne",
            "router_id": "7bc63c72-3d8a-424c-aa66-e000e36eedd5",
            "subnet_id": "0b5dab9d-475c-4b76-ad16-f46d4405277c",
            "timeouts": null
          },
          "private": "eyJlMmJmYjczMC1lY2FhLTExZTYtOGY4OC0zNDM2M2JjN2M0YzAiOnsiY3JlYXRlIjo2MDAwMDAwMDAwMDAsImRlbGV0ZSI6NjAwMDAwMDAwMDAwfX0=",
          "dependencies": [
            "module.network.openstack_networking_network_v2.k8s",
            "module.network.openstack_networking_router_v2.k8s",
            "module.network.openstack_networking_subnet_v2.k8s"
          ]
        }
      ]
    },
    {
      "module": "module.network",
      "mode": "managed",
      "type": "openstack_networking_router_v2",
      "name": "k8s",
      "each": "list",
      "provider": "provider.openstack",
      "instances": [
        {
          "index_key": 0,
          "schema_version": 0,
          "attributes": {
            "admin_state_up": true,
            "all_tags": [],
            "availability_zone_hints": [],
            "description": "",
            "distributed": false,
            "enable_snat": true,
            "external_fixed_ip": [
              {
                "ip_address": "185.52.195.31",
                "subnet_id": "bfb8ab78-0208-4e0c-8b66-9421b70ee798"
              }
            ],
            "external_gateway": "31d7e67a-b30a-43f4-8b06-1667c70ba90d",
            "external_network_id": "31d7e67a-b30a-43f4-8b06-1667c70ba90d",
            "id": "7bc63c72-3d8a-424c-aa66-e000e36eedd5",
            "name": "demo-router",
            "region": "RegionOne",
            "tags": [],
            "tenant_id": "593918ef342a4bf1aea907d0c6058c1e",
            "timeouts": null,
            "value_specs": null,
            "vendor_options": []
          },
          "private": "eyJlMmJmYjczMC1lY2FhLTExZTYtOGY4OC0zNDM2M2JjN2M0YzAiOnsiY3JlYXRlIjo2MDAwMDAwMDAwMDAsImRlbGV0ZSI6NjAwMDAwMDAwMDAwfX0="
        }
      ]
    },
    {
      "module": "module.compute",
      "mode": "managed",
      "type": "openstack_networking_secgroup_rule_v2",
      "name": "bastion",
      "each": "list",
      "provider": "provider.openstack",
      "instances": [
        {
          "index_key": 0,
          "schema_version": 0,
          "attributes": {
            "description": "",
            "direction": "ingress",
            "ethertype": "IPv4",
            "id": "837507e7-c649-4c8e-9309-46d58eaf5bf8",
            "port_range_max": 22,
            "port_range_min": 22,
            "protocol": "tcp",
            "region": "RegionOne",
            "remote_group_id": "",
            "remote_ip_prefix": "0.0.0.0/0",
            "security_group_id": "5d86c1d3-0d26-4596-9a13-7dc5ded84f37",
            "tenant_id": "593918ef342a4bf1aea907d0c6058c1e",
            "timeouts": null
          },
          "private": "eyJlMmJmYjczMC1lY2FhLTExZTYtOGY4OC0zNDM2M2JjN2M0YzAiOnsiZGVsZXRlIjo2MDAwMDAwMDAwMDB9fQ==",
          "dependencies": [
            "module.compute.openstack_networking_secgroup_v2.bastion"
          ]
        }
      ]
    },
    {
      "module": "module.compute",
      "mode": "managed",
      "type": "openstack_networking_secgroup_rule_v2",
      "name": "egress",
      "each": "list",
      "provider": "provider.openstack",
      "instances": [
        {
          "index_key": 0,
          "schema_version": 0,
          "attributes": {
            "description": "",
            "direction": "egress",
            "ethertype": "IPv4",
            "id": "65015982-83e0-4460-8b10-ac8e74046b7a",
            "port_range_max": 0,
            "port_range_min": 0,
            "protocol": "",
            "region": "RegionOne",
            "remote_group_id": "",
            "remote_ip_prefix": "0.0.0.0/0",
            "security_group_id": "2dbea03a-b4c3-40db-9bdf-c47aab1020cc",
            "tenant_id": "593918ef342a4bf1aea907d0c6058c1e",
            "timeouts": null
          },
          "private": "eyJlMmJmYjczMC1lY2FhLTExZTYtOGY4OC0zNDM2M2JjN2M0YzAiOnsiZGVsZXRlIjo2MDAwMDAwMDAwMDB9fQ==",
          "dependencies": [
            "module.compute.openstack_networking_secgroup_v2.k8s"
          ]
        }
      ]
    },
    {
      "module": "module.loadbalancer",
      "mode": "managed",
      "type": "openstack_networking_secgroup_rule_v2",
      "name": "egress_ipv4",
      "provider": "provider.openstack",
      "instances": [
        {
          "schema_version": 0,
          "attributes": {
            "description": "",
            "direction": "egress",
            "ethertype": "IPv4",
            "id": "bf6846de-d848-4ac5-867f-3381c0b9c07d",
            "port_range_max": 0,
            "port_range_min": 0,
            "protocol": "",
            "region": "RegionOne",
            "remote_group_id": "",
            "remote_ip_prefix": "",
            "security_group_id": "0896d748-0c0f-4d76-b8bc-994cc9fea60d",
            "tenant_id": "593918ef342a4bf1aea907d0c6058c1e",
            "timeouts": null
          },
          "private": "eyJlMmJmYjczMC1lY2FhLTExZTYtOGY4OC0zNDM2M2JjN2M0YzAiOnsiZGVsZXRlIjo2MDAwMDAwMDAwMDB9fQ==",
          "dependencies": [
            "module.loadbalancer.openstack_networking_secgroup_v2.lb"
          ]
        }
      ]
    },
    {
      "module": "module.loadbalancer",
      "mode": "managed",
      "type": "openstack_networking_secgroup_rule_v2",
      "name": "egress_ipv6",
      "provider": "provider.openstack",
      "instances": [
        {
          "schema_version": 0,
          "attributes": {
            "description": "",
            "direction": "egress",
            "ethertype": "IPv6",
            "id": "69bf6436-446b-4345-b805-808e10822d72",
            "port_range_max": 0,
            "port_range_min": 0,
            "protocol": "",
            "region": "RegionOne",
            "remote_group_id": "",
            "remote_ip_prefix": "",
            "security_group_id": "0896d748-0c0f-4d76-b8bc-994cc9fea60d",
            "tenant_id": "593918ef342a4bf1aea907d0c6058c1e",
            "timeouts": null
          },
          "private": "eyJlMmJmYjczMC1lY2FhLTExZTYtOGY4OC0zNDM2M2JjN2M0YzAiOnsiZGVsZXRlIjo2MDAwMDAwMDAwMDB9fQ==",
          "dependencies": [
            "module.loadbalancer.openstack_networking_secgroup_v2.lb"
          ]
        }
      ]
    },
    {
      "module": "module.loadbalancer",
      "mode": "managed",
      "type": "openstack_networking_secgroup_rule_v2",
      "name": "ingress_http",
      "provider": "provider.openstack",
      "instances": [
        {
          "schema_version": 0,
          "attributes": {
            "description": "",
            "direction": "ingress",
            "ethertype": "IPv4",
            "id": "07963548-7ad7-43b9-a048-6410dcec7ca4",
            "port_range_max": 80,
            "port_range_min": 80,
            "protocol": "tcp",
            "region": "RegionOne",
            "remote_group_id": "",
            "remote_ip_prefix": "",
            "security_group_id": "0896d748-0c0f-4d76-b8bc-994cc9fea60d",
            "tenant_id": "593918ef342a4bf1aea907d0c6058c1e",
            "timeouts": null
          },
          "private": "eyJlMmJmYjczMC1lY2FhLTExZTYtOGY4OC0zNDM2M2JjN2M0YzAiOnsiZGVsZXRlIjo2MDAwMDAwMDAwMDB9fQ==",
          "dependencies": [
            "module.loadbalancer.openstack_networking_secgroup_v2.lb"
          ]
        }
      ]
    },
    {
      "module": "module.loadbalancer",
      "mode": "managed",
      "type": "openstack_networking_secgroup_rule_v2",
      "name": "ingress_https",
      "provider": "provider.openstack",
      "instances": [
        {
          "schema_version": 0,
          "attributes": {
            "description": "",
            "direction": "ingress",
            "ethertype": "IPv4",
            "id": "3ab51068-7e9e-4790-8f6e-5f37ad180358",
            "port_range_max": 443,
            "port_range_min": 443,
            "protocol": "tcp",
            "region": "RegionOne",
            "remote_group_id": "",
            "remote_ip_prefix": "",
            "security_group_id": "0896d748-0c0f-4d76-b8bc-994cc9fea60d",
            "tenant_id": "593918ef342a4bf1aea907d0c6058c1e",
            "timeouts": null
          },
          "private": "eyJlMmJmYjczMC1lY2FhLTExZTYtOGY4OC0zNDM2M2JjN2M0YzAiOnsiZGVsZXRlIjo2MDAwMDAwMDAwMDB9fQ==",
          "dependencies": [
            "module.loadbalancer.openstack_networking_secgroup_v2.lb"
          ]
        }
      ]
    },
    {
      "module": "module.compute",
      "mode": "managed",
      "type": "openstack_networking_secgroup_rule_v2",
      "name": "k8s",
      "provider": "provider.openstack",
      "instances": [
        {
          "schema_version": 0,
          "attributes": {
            "description": "",
            "direction": "ingress",
            "ethertype": "IPv4",
            "id": "a10f58ca-8a03-4509-be7e-c28cccd5d5ad",
            "port_range_max": 0,
            "port_range_min": 0,
            "protocol": "",
            "region": "RegionOne",
            "remote_group_id": "2dbea03a-b4c3-40db-9bdf-c47aab1020cc",
            "remote_ip_prefix": "",
            "security_group_id": "2dbea03a-b4c3-40db-9bdf-c47aab1020cc",
            "tenant_id": "593918ef342a4bf1aea907d0c6058c1e",
            "timeouts": null
          },
          "private": "eyJlMmJmYjczMC1lY2FhLTExZTYtOGY4OC0zNDM2M2JjN2M0YzAiOnsiZGVsZXRlIjo2MDAwMDAwMDAwMDB9fQ==",
          "dependencies": [
            "module.compute.openstack_networking_secgroup_v2.k8s"
          ]
        }
      ]
    },
    {
      "module": "module.compute",
      "mode": "managed",
      "type": "openstack_networking_secgroup_rule_v2",
      "name": "k8s_allowed_remote_ips",
      "each": "list",
      "provider": "provider.openstack",
      "instances": []
    },
    {
      "module": "module.compute",
      "mode": "managed",
      "type": "openstack_networking_secgroup_rule_v2",
      "name": "k8s_master",
      "each": "list",
      "provider": "provider.openstack",
      "instances": [
        {
          "index_key": 0,
          "schema_version": 0,
          "attributes": {
            "description": "",
            "direction": "ingress",
            "ethertype": "IPv4",
            "id": "621ab650-979a-42ea-8233-0ff14aaeba9d",
            "port_range_max": 6443,
            "port_range_min": 6443,
            "protocol": "tcp",
            "region": "RegionOne",
            "remote_group_id": "",
            "remote_ip_prefix": "0.0.0.0/0",
            "security_group_id": "05671d8d-c3b9-442c-be33-17adeb30f642",
            "tenant_id": "593918ef342a4bf1aea907d0c6058c1e",
            "timeouts": null
          },
          "private": "eyJlMmJmYjczMC1lY2FhLTExZTYtOGY4OC0zNDM2M2JjN2M0YzAiOnsiZGVsZXRlIjo2MDAwMDAwMDAwMDB9fQ==",
          "dependencies": [
            "module.compute.openstack_networking_secgroup_v2.k8s_master"
          ]
        }
      ]
    },
    {
      "module": "module.compute",
      "mode": "managed",
      "type": "openstack_networking_secgroup_rule_v2",
      "name": "worker",
      "each": "list",
      "provider": "provider.openstack",
      "instances": [
        {
          "index_key": 0,
          "schema_version": 0,
          "attributes": {
            "description": "",
            "direction": "ingress",
            "ethertype": "IPv4",
            "id": "b28f456a-59a5-48a5-ace8-aedeb79ec0fe",
            "port_range_max": 32767,
            "port_range_min": 30000,
            "protocol": "tcp",
            "region": "RegionOne",
            "remote_group_id": "",
            "remote_ip_prefix": "0.0.0.0/0",
            "security_group_id": "c36a5094-221b-4527-8220-30b151ca9f7b",
            "tenant_id": "593918ef342a4bf1aea907d0c6058c1e",
            "timeouts": null
          },
          "private": "eyJlMmJmYjczMC1lY2FhLTExZTYtOGY4OC0zNDM2M2JjN2M0YzAiOnsiZGVsZXRlIjo2MDAwMDAwMDAwMDB9fQ==",
          "dependencies": [
            "module.compute.openstack_networking_secgroup_v2.worker"
          ]
        }
      ]
    },
    {
      "module": "module.compute",
      "mode": "managed",
      "type": "openstack_networking_secgroup_v2",
      "name": "bastion",
      "each": "list",
      "provider": "provider.openstack",
      "instances": [
        {
          "index_key": 0,
          "schema_version": 0,
          "attributes": {
            "all_tags": [],
            "delete_default_rules": true,
            "description": "demo - Bastion Server",
            "id": "5d86c1d3-0d26-4596-9a13-7dc5ded84f37",
            "name": "demo-bastion",
            "region": "RegionOne",
            "tags": [],
            "tenant_id": "593918ef342a4bf1aea907d0c6058c1e",
            "timeouts": null
          },
          "private": "eyJlMmJmYjczMC1lY2FhLTExZTYtOGY4OC0zNDM2M2JjN2M0YzAiOnsiZGVsZXRlIjo2MDAwMDAwMDAwMDB9fQ=="
        }
      ]
    },
    {
      "module": "module.compute",
      "mode": "managed",
      "type": "openstack_networking_secgroup_v2",
      "name": "k8s",
      "provider": "provider.openstack",
      "instances": [
        {
          "schema_version": 0,
          "attributes": {
            "all_tags": [],
            "delete_default_rules": true,
            "description": "demo - Kubernetes",
            "id": "2dbea03a-b4c3-40db-9bdf-c47aab1020cc",
            "name": "demo-k8s",
            "region": "RegionOne",
            "tags": [],
            "tenant_id": "593918ef342a4bf1aea907d0c6058c1e",
            "timeouts": null
          },
          "private": "eyJlMmJmYjczMC1lY2FhLTExZTYtOGY4OC0zNDM2M2JjN2M0YzAiOnsiZGVsZXRlIjo2MDAwMDAwMDAwMDB9fQ=="
        }
      ]
    },
    {
      "module": "module.compute",
      "mode": "managed",
      "type": "openstack_networking_secgroup_v2",
      "name": "k8s_master",
      "provider": "provider.openstack",
      "instances": [
        {
          "schema_version": 0,
          "attributes": {
            "all_tags": [],
            "delete_default_rules": true,
            "description": "demo - Kubernetes Master",
            "id": "05671d8d-c3b9-442c-be33-17adeb30f642",
            "name": "demo-k8s-master",
            "region": "RegionOne",
            "tags": [],
            "tenant_id": "593918ef342a4bf1aea907d0c6058c1e",
            "timeouts": null
          },
          "private": "eyJlMmJmYjczMC1lY2FhLTExZTYtOGY4OC0zNDM2M2JjN2M0YzAiOnsiZGVsZXRlIjo2MDAwMDAwMDAwMDB9fQ=="
        }
      ]
    },
    {
      "module": "module.loadbalancer",
      "mode": "managed",
      "type": "openstack_networking_secgroup_v2",
      "name": "lb",
      "provider": "provider.openstack",
      "instances": [
        {
          "schema_version": 0,
          "attributes": {
            "all_tags": [],
            "delete_default_rules": true,
            "description": "demo - LoadBalancer",
            "id": "0896d748-0c0f-4d76-b8bc-994cc9fea60d",
            "name": "demo-lb",
            "region": "RegionOne",
            "tags": [],
            "tenant_id": "593918ef342a4bf1aea907d0c6058c1e",
            "timeouts": null
          },
          "private": "eyJlMmJmYjczMC1lY2FhLTExZTYtOGY4OC0zNDM2M2JjN2M0YzAiOnsiZGVsZXRlIjo2MDAwMDAwMDAwMDB9fQ=="
        }
      ]
    },
    {
      "module": "module.compute",
      "mode": "managed",
      "type": "openstack_networking_secgroup_v2",
      "name": "worker",
      "provider": "provider.openstack",
      "instances": [
        {
          "schema_version": 0,
          "attributes": {
            "all_tags": [],
            "delete_default_rules": true,
            "description": "demo - Kubernetes worker nodes",
            "id": "c36a5094-221b-4527-8220-30b151ca9f7b",
            "name": "demo-k8s-worker",
            "region": "RegionOne",
            "tags": [],
            "tenant_id": "593918ef342a4bf1aea907d0c6058c1e",
            "timeouts": null
          },
          "private": "eyJlMmJmYjczMC1lY2FhLTExZTYtOGY4OC0zNDM2M2JjN2M0YzAiOnsiZGVsZXRlIjo2MDAwMDAwMDAwMDB9fQ=="
        }
      ]
    },
    {
      "module": "module.network",
      "mode": "managed",
      "type": "openstack_networking_subnet_v2",
      "name": "k8s",
      "each": "list",
      "provider": "provider.openstack",
      "instances": [
        {
          "index_key": 0,
          "schema_version": 0,
          "attributes": {
            "all_tags": [],
            "allocation_pool": [
              {
                "end": "192.168.100.254",
                "start": "192.168.100.2"
              }
            ],
            "allocation_pools": [
              {
                "end": "192.168.100.254",
                "start": "192.168.100.2"
              }
            ],
            "cidr": "192.168.100.0/24",
            "description": "",
            "dns_nameservers": [
              "8.8.8.8",
              "8.8.4.4"
            ],
            "enable_dhcp": true,
            "gateway_ip": "192.168.100.1",
            "host_routes": [],
            "id": "0b5dab9d-475c-4b76-ad16-f46d4405277c",
            "ip_version": 4,
            "ipv6_address_mode": "",
            "ipv6_ra_mode": "",
            "name": "demo-internal-network",
            "network_id": "4c3df9dc-a2ed-44df-878a-7fb6ea0bd82d",
            "no_gateway": false,
            "prefix_length": null,
            "region": "RegionOne",
            "subnetpool_id": "",
            "tags": [],
            "tenant_id": "593918ef342a4bf1aea907d0c6058c1e",
            "timeouts": null,
            "value_specs": null
          },
          "private": "eyJlMmJmYjczMC1lY2FhLTExZTYtOGY4OC0zNDM2M2JjN2M0YzAiOnsiY3JlYXRlIjo2MDAwMDAwMDAwMDAsImRlbGV0ZSI6NjAwMDAwMDAwMDAwfX0=",
          "dependencies": [
            "module.network.openstack_networking_network_v2.k8s"
          ]
        }
      ]
    }
  ]
}
