{
  "version": 4,
  "terraform_version": "0.12.29",
  "serial": 150,
  "lineage": "470e9021-37b9-9f2e-189c-3508fd25c4bd",
  "outputs": {
    "bastion_fips": {
      "value": [
        "185.52.194.249"
      ],
      "type": [
        "tuple",
        [
          "string"
        ]
      ]
    },
    "floating_network_id": {
      "value": "31d7e67a-b30a-43f4-8b06-1667c70ba90d",
      "type": "string"
    },
    "k8s_master_fips": {
      "value": [],
      "type": [
        "tuple",
        []
      ]
    },
    "k8s_node_fips": {
      "value": [],
      "type": [
        "tuple",
        []
      ]
    },
    "loadbalancer_fips": {
      "value": [
        "185.52.194.201"
      ],
      "type": [
        "tuple",
        [
          "string"
        ]
      ]
    },
    "private_subnet_id": {
      "value": "54fcfb5c-a548-4ae1-aefa-2d4c9c56d49a",
      "type": "string"
    },
    "router_id": {
      "value": "a4e77bbf-8390-4948-8b13-86867130fa40",
      "type": "string"
    },
    "subnet_cidr": {
      "value": "192.168.100.0/24",
      "type": "string"
    }
  },
  "resources": [
    {
      "module": "module.compute",
      "mode": "data",
      "type": "openstack_images_image_v2",
      "name": "gfs_image",
      "provider": "provider.openstack",
      "instances": [
        {
          "schema_version": 0,
          "attributes": {
            "checksum": "20631c13aa82bfe466427458dacf92bd",
            "container_format": "bare",
            "created_at": "2021-03-13T01:12:01Z",
            "disk_format": "raw",
            "file": "/v2/images/083e136a-0082-4b13-a887-21ef88249b32/file",
            "hidden": false,
            "id": "083e136a-0082-4b13-a887-21ef88249b32",
            "member_status": null,
            "metadata": {},
            "min_disk_gb": 5,
            "min_ram_mb": 512,
            "most_recent": false,
            "name": "Ubuntu 18.04 LTS",
            "owner": "5b9ea421deb745bfb4dab930cebe153f",
            "properties": null,
            "protected": false,
            "region": "RegionOne",
            "schema": "/v2/schemas/image",
            "size_bytes": 3343253504,
            "size_max": null,
            "size_min": null,
            "sort_direction": "asc",
            "sort_key": "name",
            "tag": null,
            "tags": [],
            "updated_at": "2021-03-13T13:43:56Z",
            "visibility": "public"
          }
        }
      ]
    },
    {
      "module": "module.compute",
      "mode": "data",
      "type": "openstack_images_image_v2",
      "name": "vm_image",
      "provider": "provider.openstack",
      "instances": [
        {
          "schema_version": 0,
          "attributes": {
            "checksum": "20631c13aa82bfe466427458dacf92bd",
            "container_format": "bare",
            "created_at": "2021-03-13T01:12:01Z",
            "disk_format": "raw",
            "file": "/v2/images/083e136a-0082-4b13-a887-21ef88249b32/file",
            "hidden": false,
            "id": "083e136a-0082-4b13-a887-21ef88249b32",
            "member_status": null,
            "metadata": {},
            "min_disk_gb": 5,
            "min_ram_mb": 512,
            "most_recent": false,
            "name": "Ubuntu 18.04 LTS",
            "owner": "5b9ea421deb745bfb4dab930cebe153f",
            "properties": null,
            "protected": false,
            "region": "RegionOne",
            "schema": "/v2/schemas/image",
            "size_bytes": 3343253504,
            "size_max": null,
            "size_min": null,
            "sort_direction": "asc",
            "sort_key": "name",
            "tag": null,
            "tags": [],
            "updated_at": "2021-03-13T13:43:56Z",
            "visibility": "public"
          }
        }
      ]
    },
    {
      "module": "module.ips",
      "mode": "managed",
      "type": "null_resource",
      "name": "dummy_dependency",
      "provider": "provider.null",
      "instances": [
        {
          "schema_version": 0,
          "attributes": {
            "id": "5730831629315380847",
            "triggers": {
              "dependency_id": "a4e77bbf-8390-4948-8b13-86867130fa40"
            }
          },
          "private": "bnVsbA==",
          "dependencies": [
            "module.network.openstack_networking_router_v2.k8s"
          ]
        }
      ]
    },
    {
      "module": "module.compute",
      "mode": "managed",
      "type": "openstack_blockstorage_volume_v2",
      "name": "nfs_expansion",
      "provider": "provider.openstack",
      "instances": [
        {
          "schema_version": 0,
          "attributes": {
            "attachment": [],
            "availability_zone": "nova",
            "consistency_group_id": null,
            "description": "Extra space for eoepca nfs",
            "id": "24befa01-a3a6-4203-bbed-ba919da95d18",
            "image_id": null,
            "metadata": {
              "attached_mode": "rw",
              "depends_on": "a4e77bbf-8390-4948-8b13-86867130fa40",
              "readonly": "False"
            },
            "name": "demo-nfs-expansion",
            "region": "RegionOne",
            "scheduler_hints": [],
            "size": 1024,
            "snapshot_id": "",
            "source_replica": null,
            "source_vol_id": "",
            "timeouts": null,
            "volume_type": "SSD"
          },
          "private": "eyJlMmJmYjczMC1lY2FhLTExZTYtOGY4OC0zNDM2M2JjN2M0YzAiOnsiY3JlYXRlIjo2MDAwMDAwMDAwMDAsImRlbGV0ZSI6NjAwMDAwMDAwMDAwfX0=",
          "dependencies": [
            "module.network.openstack_networking_router_v2.k8s"
          ]
        }
      ]
    },
    {
      "module": "module.loadbalancer",
      "mode": "managed",
      "type": "openstack_lb_listener_v2",
      "name": "http",
      "each": "list",
      "provider": "provider.openstack",
      "instances": [
        {
          "index_key": 0,
          "schema_version": 0,
          "attributes": {
            "admin_state_up": true,
            "allowed_cidrs": [],
            "connection_limit": -1,
            "default_pool_id": "7349785d-6196-432e-970b-96febffff07b",
            "default_tls_container_ref": "",
            "description": "",
            "id": "08bcd583-6ac3-4a20-93d5-ea419aaf355f",
            "insert_headers": {},
            "loadbalancer_id": "68a9033c-f720-4c9b-abb3-b3e16c2f4bba",
            "name": "http",
            "protocol": "HTTP",
            "protocol_port": 80,
            "region": "RegionOne",
            "sni_container_refs": [],
            "tenant_id": "593918ef342a4bf1aea907d0c6058c1e",
            "timeout_client_data": 0,
            "timeout_member_connect": 0,
            "timeout_member_data": 0,
            "timeout_tcp_inspect": 0,
            "timeouts": null
          },
          "private": "eyJlMmJmYjczMC1lY2FhLTExZTYtOGY4OC0zNDM2M2JjN2M0YzAiOnsiY3JlYXRlIjo2MDAwMDAwMDAwMDAsImRlbGV0ZSI6NjAwMDAwMDAwMDAwLCJ1cGRhdGUiOjYwMDAwMDAwMDAwMH19",
          "dependencies": [
            "module.compute.openstack_networking_secgroup_v2.k8s",
            "module.loadbalancer.openstack_lb_loadbalancer_v2.k8s",
            "module.loadbalancer.openstack_networking_secgroup_v2.lb",
            "module.network.openstack_networking_network_v2.k8s"
          ]
        }
      ]
    },
    {
      "module": "module.loadbalancer",
      "mode": "managed",
      "type": "openstack_lb_listener_v2",
      "name": "https",
      "each": "list",
      "provider": "provider.openstack",
      "instances": [
        {
          "index_key": 0,
          "schema_version": 0,
          "attributes": {
            "admin_state_up": true,
            "allowed_cidrs": [],
            "connection_limit": -1,
            "default_pool_id": "86b922f6-81ac-45f2-b407-eef02ff09760",
            "default_tls_container_ref": "",
            "description": "",
            "id": "71147462-3f24-4216-ac25-5c06b16041d8",
            "insert_headers": {},
            "loadbalancer_id": "68a9033c-f720-4c9b-abb3-b3e16c2f4bba",
            "name": "https",
            "protocol": "HTTPS",
            "protocol_port": 443,
            "region": "RegionOne",
            "sni_container_refs": [],
            "tenant_id": "593918ef342a4bf1aea907d0c6058c1e",
            "timeout_client_data": 0,
            "timeout_member_connect": 0,
            "timeout_member_data": 0,
            "timeout_tcp_inspect": 0,
            "timeouts": null
          },
          "private": "eyJlMmJmYjczMC1lY2FhLTExZTYtOGY4OC0zNDM2M2JjN2M0YzAiOnsiY3JlYXRlIjo2MDAwMDAwMDAwMDAsImRlbGV0ZSI6NjAwMDAwMDAwMDAwLCJ1cGRhdGUiOjYwMDAwMDAwMDAwMH19",
          "dependencies": [
            "module.compute.openstack_networking_secgroup_v2.k8s",
            "module.loadbalancer.openstack_lb_loadbalancer_v2.k8s",
            "module.loadbalancer.openstack_networking_secgroup_v2.lb",
            "module.network.openstack_networking_network_v2.k8s"
          ]
        }
      ]
    },
    {
      "module": "module.loadbalancer",
      "mode": "managed",
      "type": "openstack_lb_loadbalancer_v2",
      "name": "k8s",
      "each": "list",
      "provider": "provider.openstack",
      "instances": [
        {
          "index_key": 0,
          "schema_version": 0,
          "attributes": {
            "admin_state_up": true,
            "description": "",
            "flavor_id": "",
            "id": "68a9033c-f720-4c9b-abb3-b3e16c2f4bba",
            "loadbalancer_provider": "octavia",
            "name": "demo-lb",
            "region": "RegionOne",
            "security_group_ids": [
              "7ac8aaf4-904f-4ba9-8e55-b56dcf001888",
              "da13d594-e472-496d-a4aa-0aecc3fc1e66"
            ],
            "tenant_id": "593918ef342a4bf1aea907d0c6058c1e",
            "timeouts": null,
            "vip_address": "192.168.100.8",
            "vip_network_id": "289c22ff-dd8c-4eae-b1e7-686b54c75945",
            "vip_port_id": "651c661c-4f7e-4869-bd85-c59e95f9f539",
            "vip_subnet_id": "54fcfb5c-a548-4ae1-aefa-2d4c9c56d49a"
          },
          "private": "eyJlMmJmYjczMC1lY2FhLTExZTYtOGY4OC0zNDM2M2JjN2M0YzAiOnsiY3JlYXRlIjo2MDAwMDAwMDAwMDAsImRlbGV0ZSI6MzAwMDAwMDAwMDAwLCJ1cGRhdGUiOjYwMDAwMDAwMDAwMH19",
          "dependencies": [
            "module.compute.openstack_networking_secgroup_v2.k8s",
            "module.loadbalancer.openstack_networking_secgroup_v2.lb",
            "module.network.openstack_networking_network_v2.k8s"
          ]
        }
      ]
    },
    {
      "module": "module.loadbalancer",
      "mode": "managed",
      "type": "openstack_lb_pool_v2",
      "name": "http",
      "each": "list",
      "provider": "provider.openstack",
      "instances": [
        {
          "index_key": 0,
          "schema_version": 0,
          "attributes": {
            "admin_state_up": true,
            "description": "",
            "id": "7349785d-6196-432e-970b-96febffff07b",
            "lb_method": "ROUND_ROBIN",
            "listener_id": "08bcd583-6ac3-4a20-93d5-ea419aaf355f",
            "loadbalancer_id": null,
            "name": "http",
            "persistence": [
              {
                "cookie_name": "",
                "type": "SOURCE_IP"
              }
            ],
            "protocol": "HTTP",
            "region": "RegionOne",
            "tenant_id": "",
            "timeouts": null
          },
          "private": "eyJlMmJmYjczMC1lY2FhLTExZTYtOGY4OC0zNDM2M2JjN2M0YzAiOnsiY3JlYXRlIjo2MDAwMDAwMDAwMDAsImRlbGV0ZSI6NjAwMDAwMDAwMDAwLCJ1cGRhdGUiOjYwMDAwMDAwMDAwMH19",
          "dependencies": [
            "module.compute.openstack_networking_secgroup_v2.k8s",
            "module.loadbalancer.openstack_lb_listener_v2.http",
            "module.loadbalancer.openstack_lb_loadbalancer_v2.k8s",
            "module.loadbalancer.openstack_networking_secgroup_v2.lb",
            "module.network.openstack_networking_network_v2.k8s"
          ]
        }
      ]
    },
    {
      "module": "module.loadbalancer",
      "mode": "managed",
      "type": "openstack_lb_pool_v2",
      "name": "https",
      "each": "list",
      "provider": "provider.openstack",
      "instances": [
        {
          "index_key": 0,
          "schema_version": 0,
          "attributes": {
            "admin_state_up": true,
            "description": "",
            "id": "86b922f6-81ac-45f2-b407-eef02ff09760",
            "lb_method": "ROUND_ROBIN",
            "listener_id": "71147462-3f24-4216-ac25-5c06b16041d8",
            "loadbalancer_id": null,
            "name": "https",
            "persistence": [
              {
                "cookie_name": "",
                "type": "SOURCE_IP"
              }
            ],
            "protocol": "HTTPS",
            "region": "RegionOne",
            "tenant_id": "",
            "timeouts": null
          },
          "private": "eyJlMmJmYjczMC1lY2FhLTExZTYtOGY4OC0zNDM2M2JjN2M0YzAiOnsiY3JlYXRlIjo2MDAwMDAwMDAwMDAsImRlbGV0ZSI6NjAwMDAwMDAwMDAwLCJ1cGRhdGUiOjYwMDAwMDAwMDAwMH19",
          "dependencies": [
            "module.compute.openstack_networking_secgroup_v2.k8s",
            "module.loadbalancer.openstack_lb_listener_v2.https",
            "module.loadbalancer.openstack_lb_loadbalancer_v2.k8s",
            "module.loadbalancer.openstack_networking_secgroup_v2.lb",
            "module.network.openstack_networking_network_v2.k8s"
          ]
        }
      ]
    },
    {
      "module": "module.loadbalancer",
      "mode": "managed",
      "type": "openstack_networking_floatingip_associate_v2",
      "name": "loadbalancer",
      "each": "list",
      "provider": "provider.openstack",
      "instances": [
        {
          "index_key": 0,
          "schema_version": 0,
          "attributes": {
            "fixed_ip": "192.168.100.8",
            "floating_ip": "185.52.194.201",
            "id": "0fe7bd87-beb6-4f51-8a75-a12e26f4b5a7",
            "port_id": "651c661c-4f7e-4869-bd85-c59e95f9f539",
            "region": "RegionOne"
          },
          "private": "bnVsbA==",
          "dependencies": [
            "module.compute.openstack_networking_secgroup_v2.k8s",
            "module.loadbalancer.openstack_lb_loadbalancer_v2.k8s",
            "module.loadbalancer.openstack_networking_floatingip_v2.loadbalancer",
            "module.loadbalancer.openstack_networking_secgroup_v2.lb",
            "module.network.openstack_networking_network_v2.k8s"
          ]
        }
      ]
    },
    {
      "module": "module.ips",
      "mode": "managed",
      "type": "openstack_networking_floatingip_v2",
      "name": "bastion",
      "each": "list",
      "provider": "provider.openstack",
      "instances": [
        {
          "index_key": 0,
          "schema_version": 0,
          "attributes": {
            "address": "185.52.194.249",
            "all_tags": [],
            "description": "",
            "dns_domain": "",
            "dns_name": "",
            "fixed_ip": "192.168.100.5",
            "id": "0e4bf2ae-85f0-4860-84a7-04cec11108e2",
            "pool": "external3",
            "port_id": "29758e57-b2c0-4150-9dbf-4eab654ba9e5",
            "region": "RegionOne",
            "subnet_id": null,
            "subnet_ids": null,
            "tags": [],
            "tenant_id": "593918ef342a4bf1aea907d0c6058c1e",
            "timeouts": null,
            "value_specs": null
          },
          "private": "eyJlMmJmYjczMC1lY2FhLTExZTYtOGY4OC0zNDM2M2JjN2M0YzAiOnsiY3JlYXRlIjo2MDAwMDAwMDAwMDAsImRlbGV0ZSI6NjAwMDAwMDAwMDAwfX0=",
          "dependencies": [
            "module.ips.null_resource.dummy_dependency",
            "module.network.openstack_networking_router_v2.k8s"
          ]
        }
      ]
    },
    {
      "module": "module.loadbalancer",
      "mode": "managed",
      "type": "openstack_networking_floatingip_v2",
      "name": "loadbalancer",
      "each": "list",
      "provider": "provider.openstack",
      "instances": [
        {
          "index_key": 0,
          "schema_version": 0,
          "attributes": {
            "address": "185.52.194.201",
            "all_tags": [],
            "description": "",
            "dns_domain": "",
            "dns_name": "",
            "fixed_ip": "192.168.100.8",
            "id": "0fe7bd87-beb6-4f51-8a75-a12e26f4b5a7",
            "pool": "external3",
            "port_id": "651c661c-4f7e-4869-bd85-c59e95f9f539",
            "region": "RegionOne",
            "subnet_id": null,
            "subnet_ids": null,
            "tags": [],
            "tenant_id": "593918ef342a4bf1aea907d0c6058c1e",
            "timeouts": null,
            "value_specs": null
          },
          "private": "eyJlMmJmYjczMC1lY2FhLTExZTYtOGY4OC0zNDM2M2JjN2M0YzAiOnsiY3JlYXRlIjo2MDAwMDAwMDAwMDAsImRlbGV0ZSI6NjAwMDAwMDAwMDAwfX0=",
          "dependencies": [
            "module.compute.openstack_networking_secgroup_v2.k8s",
            "module.loadbalancer.openstack_lb_loadbalancer_v2.k8s",
            "module.loadbalancer.openstack_networking_secgroup_v2.lb",
            "module.network.openstack_networking_network_v2.k8s"
          ]
        }
      ]
    },
    {
      "module": "module.network",
      "mode": "managed",
      "type": "openstack_networking_network_v2",
      "name": "k8s",
      "each": "list",
      "provider": "provider.openstack",
      "instances": [
        {
          "index_key": 0,
          "schema_version": 0,
          "attributes": {
            "admin_state_up": true,
            "all_tags": [],
            "availability_zone_hints": [],
            "description": "",
            "dns_domain": "",
            "external": false,
            "id": "289c22ff-dd8c-4eae-b1e7-686b54c75945",
            "mtu": 8950,
            "name": "demo",
            "port_security_enabled": true,
            "qos_policy_id": "",
            "region": "RegionOne",
            "segments": [],
            "shared": false,
            "tags": [],
            "tenant_id": "593918ef342a4bf1aea907d0c6058c1e",
            "timeouts": null,
            "transparent_vlan": false,
            "value_specs": null
          },
          "private": "eyJlMmJmYjczMC1lY2FhLTExZTYtOGY4OC0zNDM2M2JjN2M0YzAiOnsiY3JlYXRlIjo2MDAwMDAwMDAwMDAsImRlbGV0ZSI6NjAwMDAwMDAwMDAwfX0="
        }
      ]
    },
    {
      "module": "module.network",
      "mode": "managed",
      "type": "openstack_networking_router_interface_v2",
      "name": "k8s",
      "each": "list",
      "provider": "provider.openstack",
      "instances": [
        {
          "index_key": 0,
          "schema_version": 0,
          "attributes": {
            "id": "7d686459-f6fb-4c31-a982-bbb96c5939f2",
            "port_id": "7d686459-f6fb-4c31-a982-bbb96c5939f2",
            "region": "RegionOne",
            "router_id": "a4e77bbf-8390-4948-8b13-86867130fa40",
            "subnet_id": "54fcfb5c-a548-4ae1-aefa-2d4c9c56d49a",
            "timeouts": null
          },
          "private": "eyJlMmJmYjczMC1lY2FhLTExZTYtOGY4OC0zNDM2M2JjN2M0YzAiOnsiY3JlYXRlIjo2MDAwMDAwMDAwMDAsImRlbGV0ZSI6NjAwMDAwMDAwMDAwfX0=",
          "dependencies": [
            "module.network.openstack_networking_network_v2.k8s",
            "module.network.openstack_networking_router_v2.k8s",
            "module.network.openstack_networking_subnet_v2.k8s"
          ]
        }
      ]
    },
    {
      "module": "module.network",
      "mode": "managed",
      "type": "openstack_networking_router_v2",
      "name": "k8s",
      "each": "list",
      "provider": "provider.openstack",
      "instances": [
        {
          "index_key": 0,
          "schema_version": 0,
          "attributes": {
            "admin_state_up": true,
            "all_tags": [],
            "availability_zone_hints": [],
            "description": "",
            "distributed": false,
            "enable_snat": true,
            "external_fixed_ip": [
              {
                "ip_address": "185.52.194.199",
                "subnet_id": "bfb8ab78-0208-4e0c-8b66-9421b70ee798"
              }
            ],
            "external_gateway": "31d7e67a-b30a-43f4-8b06-1667c70ba90d",
            "external_network_id": "31d7e67a-b30a-43f4-8b06-1667c70ba90d",
            "external_subnet_ids": null,
            "id": "a4e77bbf-8390-4948-8b13-86867130fa40",
            "name": "demo-router",
            "region": "RegionOne",
            "tags": [],
            "tenant_id": "593918ef342a4bf1aea907d0c6058c1e",
            "timeouts": null,
            "value_specs": null,
            "vendor_options": []
          },
          "private": "eyJlMmJmYjczMC1lY2FhLTExZTYtOGY4OC0zNDM2M2JjN2M0YzAiOnsiY3JlYXRlIjo2MDAwMDAwMDAwMDAsImRlbGV0ZSI6NjAwMDAwMDAwMDAwfX0="
        }
      ]
    },
    {
      "module": "module.compute",
      "mode": "managed",
      "type": "openstack_networking_secgroup_rule_v2",
      "name": "bastion",
      "each": "list",
      "provider": "provider.openstack",
      "instances": [
        {
          "index_key": 0,
          "schema_version": 0,
          "attributes": {
            "description": "",
            "direction": "ingress",
            "ethertype": "IPv4",
            "id": "0264e02f-cef8-446e-a926-de980c8197ce",
            "port_range_max": 22,
            "port_range_min": 22,
            "protocol": "tcp",
            "region": "RegionOne",
            "remote_group_id": "",
            "remote_ip_prefix": "0.0.0.0/0",
            "security_group_id": "770c9053-8e36-4163-8525-4759a8e16df6",
            "tenant_id": "593918ef342a4bf1aea907d0c6058c1e",
            "timeouts": null
          },
          "private": "eyJlMmJmYjczMC1lY2FhLTExZTYtOGY4OC0zNDM2M2JjN2M0YzAiOnsiZGVsZXRlIjo2MDAwMDAwMDAwMDB9fQ==",
          "dependencies": [
            "module.compute.openstack_networking_secgroup_v2.bastion"
          ]
        }
      ]
    },
    {
      "module": "module.compute",
      "mode": "managed",
      "type": "openstack_networking_secgroup_rule_v2",
      "name": "egress",
      "each": "list",
      "provider": "provider.openstack",
      "instances": [
        {
          "index_key": 0,
          "schema_version": 0,
          "attributes": {
            "description": "",
            "direction": "egress",
            "ethertype": "IPv4",
            "id": "b39faa75-f326-4af4-8609-ce8efb4cdb87",
            "port_range_max": 0,
            "port_range_min": 0,
            "protocol": "",
            "region": "RegionOne",
            "remote_group_id": "",
            "remote_ip_prefix": "0.0.0.0/0",
            "security_group_id": "7ac8aaf4-904f-4ba9-8e55-b56dcf001888",
            "tenant_id": "593918ef342a4bf1aea907d0c6058c1e",
            "timeouts": null
          },
          "private": "eyJlMmJmYjczMC1lY2FhLTExZTYtOGY4OC0zNDM2M2JjN2M0YzAiOnsiZGVsZXRlIjo2MDAwMDAwMDAwMDB9fQ==",
          "dependencies": [
            "module.compute.openstack_networking_secgroup_v2.k8s"
          ]
        }
      ]
    },
    {
      "module": "module.loadbalancer",
      "mode": "managed",
      "type": "openstack_networking_secgroup_rule_v2",
      "name": "egress_ipv4",
      "provider": "provider.openstack",
      "instances": [
        {
          "schema_version": 0,
          "attributes": {
            "description": "",
            "direction": "egress",
            "ethertype": "IPv4",
            "id": "81a09885-1b42-4c04-98a5-a6f709b8b627",
            "port_range_max": 0,
            "port_range_min": 0,
            "protocol": "",
            "region": "RegionOne",
            "remote_group_id": "",
            "remote_ip_prefix": "",
            "security_group_id": "da13d594-e472-496d-a4aa-0aecc3fc1e66",
            "tenant_id": "593918ef342a4bf1aea907d0c6058c1e",
            "timeouts": null
          },
          "private": "eyJlMmJmYjczMC1lY2FhLTExZTYtOGY4OC0zNDM2M2JjN2M0YzAiOnsiZGVsZXRlIjo2MDAwMDAwMDAwMDB9fQ==",
          "dependencies": [
            "module.loadbalancer.openstack_networking_secgroup_v2.lb"
          ]
        }
      ]
    },
    {
      "module": "module.loadbalancer",
      "mode": "managed",
      "type": "openstack_networking_secgroup_rule_v2",
      "name": "egress_ipv6",
      "provider": "provider.openstack",
      "instances": [
        {
          "schema_version": 0,
          "attributes": {
            "description": "",
            "direction": "egress",
            "ethertype": "IPv6",
            "id": "a98ad845-29c6-4905-846f-9d56ca04d0d8",
            "port_range_max": 0,
            "port_range_min": 0,
            "protocol": "",
            "region": "RegionOne",
            "remote_group_id": "",
            "remote_ip_prefix": "",
            "security_group_id": "da13d594-e472-496d-a4aa-0aecc3fc1e66",
            "tenant_id": "593918ef342a4bf1aea907d0c6058c1e",
            "timeouts": null
          },
          "private": "eyJlMmJmYjczMC1lY2FhLTExZTYtOGY4OC0zNDM2M2JjN2M0YzAiOnsiZGVsZXRlIjo2MDAwMDAwMDAwMDB9fQ==",
          "dependencies": [
            "module.loadbalancer.openstack_networking_secgroup_v2.lb"
          ]
        }
      ]
    },
    {
      "module": "module.loadbalancer",
      "mode": "managed",
      "type": "openstack_networking_secgroup_rule_v2",
      "name": "ingress_http",
      "provider": "provider.openstack",
      "instances": [
        {
          "schema_version": 0,
          "attributes": {
            "description": "",
            "direction": "ingress",
            "ethertype": "IPv4",
            "id": "52d52bd2-333b-4367-81fe-f482a5b1478c",
            "port_range_max": 80,
            "port_range_min": 80,
            "protocol": "tcp",
            "region": "RegionOne",
            "remote_group_id": "",
            "remote_ip_prefix": "",
            "security_group_id": "da13d594-e472-496d-a4aa-0aecc3fc1e66",
            "tenant_id": "593918ef342a4bf1aea907d0c6058c1e",
            "timeouts": null
          },
          "private": "eyJlMmJmYjczMC1lY2FhLTExZTYtOGY4OC0zNDM2M2JjN2M0YzAiOnsiZGVsZXRlIjo2MDAwMDAwMDAwMDB9fQ==",
          "dependencies": [
            "module.loadbalancer.openstack_networking_secgroup_v2.lb"
          ]
        }
      ]
    },
    {
      "module": "module.loadbalancer",
      "mode": "managed",
      "type": "openstack_networking_secgroup_rule_v2",
      "name": "ingress_https",
      "provider": "provider.openstack",
      "instances": [
        {
          "schema_version": 0,
          "attributes": {
            "description": "",
            "direction": "ingress",
            "ethertype": "IPv4",
            "id": "0cb0eedc-f553-46e1-b250-db8093347c51",
            "port_range_max": 443,
            "port_range_min": 443,
            "protocol": "tcp",
            "region": "RegionOne",
            "remote_group_id": "",
            "remote_ip_prefix": "",
            "security_group_id": "da13d594-e472-496d-a4aa-0aecc3fc1e66",
            "tenant_id": "593918ef342a4bf1aea907d0c6058c1e",
            "timeouts": null
          },
          "private": "eyJlMmJmYjczMC1lY2FhLTExZTYtOGY4OC0zNDM2M2JjN2M0YzAiOnsiZGVsZXRlIjo2MDAwMDAwMDAwMDB9fQ==",
          "dependencies": [
            "module.loadbalancer.openstack_networking_secgroup_v2.lb"
          ]
        }
      ]
    },
    {
      "module": "module.compute",
      "mode": "managed",
      "type": "openstack_networking_secgroup_rule_v2",
      "name": "k8s",
      "provider": "provider.openstack",
      "instances": [
        {
          "schema_version": 0,
          "attributes": {
            "description": "",
            "direction": "ingress",
            "ethertype": "IPv4",
            "id": "b45e5353-6f07-4c39-b3d0-ab43667af660",
            "port_range_max": 0,
            "port_range_min": 0,
            "protocol": "",
            "region": "RegionOne",
            "remote_group_id": "7ac8aaf4-904f-4ba9-8e55-b56dcf001888",
            "remote_ip_prefix": "",
            "security_group_id": "7ac8aaf4-904f-4ba9-8e55-b56dcf001888",
            "tenant_id": "593918ef342a4bf1aea907d0c6058c1e",
            "timeouts": null
          },
          "private": "eyJlMmJmYjczMC1lY2FhLTExZTYtOGY4OC0zNDM2M2JjN2M0YzAiOnsiZGVsZXRlIjo2MDAwMDAwMDAwMDB9fQ==",
          "dependencies": [
            "module.compute.openstack_networking_secgroup_v2.k8s"
          ]
        }
      ]
    },
    {
      "module": "module.compute",
      "mode": "managed",
      "type": "openstack_networking_secgroup_rule_v2",
      "name": "k8s_master",
      "each": "list",
      "provider": "provider.openstack",
      "instances": [
        {
          "index_key": 0,
          "schema_version": 0,
          "attributes": {
            "description": "",
            "direction": "ingress",
            "ethertype": "IPv4",
            "id": "d13e180e-284d-4466-b278-7e3421e50a1c",
            "port_range_max": 6443,
            "port_range_min": 6443,
            "protocol": "tcp",
            "region": "RegionOne",
            "remote_group_id": "",
            "remote_ip_prefix": "0.0.0.0/0",
            "security_group_id": "f6328d68-ddd4-470a-a452-f156987a8091",
            "tenant_id": "593918ef342a4bf1aea907d0c6058c1e",
            "timeouts": null
          },
          "private": "eyJlMmJmYjczMC1lY2FhLTExZTYtOGY4OC0zNDM2M2JjN2M0YzAiOnsiZGVsZXRlIjo2MDAwMDAwMDAwMDB9fQ==",
          "dependencies": [
            "module.compute.openstack_networking_secgroup_v2.k8s_master"
          ]
        }
      ]
    },
    {
      "module": "module.compute",
      "mode": "managed",
      "type": "openstack_networking_secgroup_rule_v2",
      "name": "worker",
      "each": "list",
      "provider": "provider.openstack",
      "instances": [
        {
          "index_key": 0,
          "schema_version": 0,
          "attributes": {
            "description": "",
            "direction": "ingress",
            "ethertype": "IPv4",
            "id": "7320515b-c1a5-4e6a-80d1-9e9ba2ac2f40",
            "port_range_max": 32767,
            "port_range_min": 30000,
            "protocol": "tcp",
            "region": "RegionOne",
            "remote_group_id": "",
            "remote_ip_prefix": "0.0.0.0/0",
            "security_group_id": "6fd9b0ef-d70d-472e-9779-6350903161d3",
            "tenant_id": "593918ef342a4bf1aea907d0c6058c1e",
            "timeouts": null
          },
          "private": "eyJlMmJmYjczMC1lY2FhLTExZTYtOGY4OC0zNDM2M2JjN2M0YzAiOnsiZGVsZXRlIjo2MDAwMDAwMDAwMDB9fQ==",
          "dependencies": [
            "module.compute.openstack_networking_secgroup_v2.worker"
          ]
        }
      ]
    },
    {
      "module": "module.compute",
      "mode": "managed",
      "type": "openstack_networking_secgroup_v2",
      "name": "bastion",
      "each": "list",
      "provider": "provider.openstack",
      "instances": [
        {
          "index_key": 0,
          "schema_version": 0,
          "attributes": {
            "all_tags": [],
            "delete_default_rules": true,
            "description": "demo - Bastion Server",
            "id": "770c9053-8e36-4163-8525-4759a8e16df6",
            "name": "demo-bastion",
            "region": "RegionOne",
            "tags": [],
            "tenant_id": "593918ef342a4bf1aea907d0c6058c1e",
            "timeouts": null
          },
          "private": "eyJlMmJmYjczMC1lY2FhLTExZTYtOGY4OC0zNDM2M2JjN2M0YzAiOnsiZGVsZXRlIjo2MDAwMDAwMDAwMDB9fQ=="
        }
      ]
    },
    {
      "module": "module.compute",
      "mode": "managed",
      "type": "openstack_networking_secgroup_v2",
      "name": "k8s",
      "provider": "provider.openstack",
      "instances": [
        {
          "schema_version": 0,
          "attributes": {
            "all_tags": [],
            "delete_default_rules": true,
            "description": "demo - Kubernetes",
            "id": "7ac8aaf4-904f-4ba9-8e55-b56dcf001888",
            "name": "demo-k8s",
            "region": "RegionOne",
            "tags": [],
            "tenant_id": "593918ef342a4bf1aea907d0c6058c1e",
            "timeouts": null
          },
          "private": "eyJlMmJmYjczMC1lY2FhLTExZTYtOGY4OC0zNDM2M2JjN2M0YzAiOnsiZGVsZXRlIjo2MDAwMDAwMDAwMDB9fQ=="
        }
      ]
    },
    {
      "module": "module.compute",
      "mode": "managed",
      "type": "openstack_networking_secgroup_v2",
      "name": "k8s_master",
      "provider": "provider.openstack",
      "instances": [
        {
          "schema_version": 0,
          "attributes": {
            "all_tags": [],
            "delete_default_rules": true,
            "description": "demo - Kubernetes Master",
            "id": "f6328d68-ddd4-470a-a452-f156987a8091",
            "name": "demo-k8s-master",
            "region": "RegionOne",
            "tags": [],
            "tenant_id": "593918ef342a4bf1aea907d0c6058c1e",
            "timeouts": null
          },
          "private": "eyJlMmJmYjczMC1lY2FhLTExZTYtOGY4OC0zNDM2M2JjN2M0YzAiOnsiZGVsZXRlIjo2MDAwMDAwMDAwMDB9fQ=="
        }
      ]
    },
    {
      "module": "module.loadbalancer",
      "mode": "managed",
      "type": "openstack_networking_secgroup_v2",
      "name": "lb",
      "provider": "provider.openstack",
      "instances": [
        {
          "schema_version": 0,
          "attributes": {
            "all_tags": [],
            "delete_default_rules": true,
            "description": "demo - LoadBalancer",
            "id": "da13d594-e472-496d-a4aa-0aecc3fc1e66",
            "name": "demo-lb",
            "region": "RegionOne",
            "tags": [],
            "tenant_id": "593918ef342a4bf1aea907d0c6058c1e",
            "timeouts": null
          },
          "private": "eyJlMmJmYjczMC1lY2FhLTExZTYtOGY4OC0zNDM2M2JjN2M0YzAiOnsiZGVsZXRlIjo2MDAwMDAwMDAwMDB9fQ=="
        }
      ]
    },
    {
      "module": "module.compute",
      "mode": "managed",
      "type": "openstack_networking_secgroup_v2",
      "name": "worker",
      "provider": "provider.openstack",
      "instances": [
        {
          "schema_version": 0,
          "attributes": {
            "all_tags": [],
            "delete_default_rules": true,
            "description": "demo - Kubernetes worker nodes",
            "id": "6fd9b0ef-d70d-472e-9779-6350903161d3",
            "name": "demo-k8s-worker",
            "region": "RegionOne",
            "tags": [],
            "tenant_id": "593918ef342a4bf1aea907d0c6058c1e",
            "timeouts": null
          },
          "private": "eyJlMmJmYjczMC1lY2FhLTExZTYtOGY4OC0zNDM2M2JjN2M0YzAiOnsiZGVsZXRlIjo2MDAwMDAwMDAwMDB9fQ=="
        }
      ]
    },
    {
      "module": "module.network",
      "mode": "managed",
      "type": "openstack_networking_subnet_v2",
      "name": "k8s",
      "each": "list",
      "provider": "provider.openstack",
      "instances": [
        {
          "index_key": 0,
          "schema_version": 0,
          "attributes": {
            "all_tags": [],
            "allocation_pool": [
              {
                "end": "192.168.100.254",
                "start": "192.168.100.2"
              }
            ],
            "allocation_pools": [
              {
                "end": "192.168.100.254",
                "start": "192.168.100.2"
              }
            ],
            "cidr": "192.168.100.0/24",
            "description": "",
            "dns_nameservers": [
              "8.8.8.8",
              "8.8.4.4"
            ],
            "enable_dhcp": true,
            "gateway_ip": "192.168.100.1",
            "host_routes": [],
            "id": "54fcfb5c-a548-4ae1-aefa-2d4c9c56d49a",
            "ip_version": 4,
            "ipv6_address_mode": "",
            "ipv6_ra_mode": "",
            "name": "demo-internal-network",
            "network_id": "289c22ff-dd8c-4eae-b1e7-686b54c75945",
            "no_gateway": false,
            "prefix_length": null,
            "region": "RegionOne",
            "subnetpool_id": "",
            "tags": [],
            "tenant_id": "593918ef342a4bf1aea907d0c6058c1e",
            "timeouts": null,
            "value_specs": null
          },
          "private": "eyJlMmJmYjczMC1lY2FhLTExZTYtOGY4OC0zNDM2M2JjN2M0YzAiOnsiY3JlYXRlIjo2MDAwMDAwMDAwMDAsImRlbGV0ZSI6NjAwMDAwMDAwMDAwfX0=",
          "dependencies": [
            "module.network.openstack_networking_network_v2.k8s"
          ]
        }
      ]
    }
  ]
}
