{
  "version": 4,
  "terraform_version": "0.12.29",
  "serial": 177,
  "lineage": "d22c22fa-3435-ad62-11a2-47f2f9b39119",
  "outputs": {
    "private_subnet_id": {
      "value": "6ae3b7d7-9e49-44dc-88ff-0583ee3a0464",
      "type": "string"
    }
  },
  "resources": [
    {
      "module": "module.compute",
      "mode": "managed",
      "type": "null_resource",
      "name": "provision-bastion",
      "each": "list",
      "provider": "provider.null",
      "instances": []
    },
    {
      "module": "module.compute",
      "mode": "managed",
      "type": "opentelekomcloud_compute_floatingip_associate_v2",
      "name": "bastion",
      "each": "list",
      "provider": "provider.opentelekomcloud",
      "instances": []
    },
    {
      "module": "module.compute",
      "mode": "managed",
      "type": "opentelekomcloud_compute_instance_v2",
      "name": "bastion",
      "each": "list",
      "provider": "provider.opentelekomcloud",
      "instances": []
    },
    {
      "module": "module.compute",
      "mode": "managed",
      "type": "opentelekomcloud_compute_instance_v2",
      "name": "k8s_master_no_floating_ip_custom_volume_size",
      "each": "list",
      "provider": "provider.opentelekomcloud",
      "instances": []
    },
    {
      "module": "module.compute",
      "mode": "managed",
      "type": "opentelekomcloud_compute_instance_v2",
      "name": "k8s_node_no_floating_ip_custom_volume_size",
      "each": "list",
      "provider": "provider.opentelekomcloud",
      "instances": []
    },
    {
      "module": "module.compute",
      "mode": "managed",
      "type": "opentelekomcloud_compute_keypair_v2",
      "name": "k8s",
      "provider": "provider.opentelekomcloud",
      "instances": [
        {
          "schema_version": 0,
          "attributes": {
            "id": "kubernetes-develop",
            "name": "kubernetes-develop",
            "private_key": "",
            "public_key": "ssh-rsa AAAAB3NzaC1yc2EAAAADAQABAAABAQDDBMy2EA3CHBF5Z022ko1vZ7BnFK0buct34ejSHB0VPDQLvD6xEDK6bLi1uLK/AFeW0XGSBZNpx1MO0Lr3d3KXXcCHBTqxymRazbbicW7fiRxFcvLVrMT1eipnY8/ci4vTo0lpnyDQJ/blhNdBngyXvceAmkAmqc8l+Sl3H/hEEdzImD4ULfoiUR8jTv77rAQ/u9FavNoANJdGpg5Nxoyi32uScpFLw4FqLdaBv1pZYfEa6UNYXLWhUNYp594yqFvDwTUsxy+hv7z+VJpDlJUE+swRthzl9JYBbqSuEVauQa2iSbLM+iwWBCPA3w5uC58t2KZyRlOK0TroIRlATRG1 rnoguera@ukwgpvl180",
            "region": "eu-de",
            "shared": false,
            "value_specs": null
          },
          "private": "bnVsbA=="
        }
      ]
    },
    {
      "module": "module.ips",
      "mode": "managed",
      "type": "opentelekomcloud_networking_floatingip_v2",
      "name": "bastion",
      "each": "list",
      "provider": "provider.opentelekomcloud",
      "instances": []
    },
    {
      "module": "module.network",
      "mode": "managed",
      "type": "opentelekomcloud_networking_network_v2",
      "name": "k8s",
      "each": "list",
      "provider": "provider.opentelekomcloud",
      "instances": [
        {
          "index_key": 0,
          "schema_version": 0,
          "attributes": {
            "admin_state_up": "true",
            "id": "0588a357-629d-4572-8bea-ec8973cf9948",
            "name": "develop",
            "region": "eu-de",
            "segments": [],
            "shared": "false",
            "tenant_id": "d73e7bf60aa64a20a01752be507a1ab9",
            "timeouts": null,
            "value_specs": null
          },
          "private": "eyJlMmJmYjczMC1lY2FhLTExZTYtOGY4OC0zNDM2M2JjN2M0YzAiOnsiY3JlYXRlIjo2MDAwMDAwMDAwMDAsImRlbGV0ZSI6NjAwMDAwMDAwMDAwfX0="
        }
      ]
    },
    {
      "module": "module.network",
      "mode": "managed",
      "type": "opentelekomcloud_networking_router_interface_v2",
      "name": "k8s",
      "each": "list",
      "provider": "provider.opentelekomcloud",
      "instances": [
        {
          "index_key": 0,
          "schema_version": 0,
          "attributes": {
            "id": "3c199697-5a25-4955-897b-ceef68726d59",
            "port_id": null,
            "region": "eu-de",
            "router_id": "3f064896-d942-4ad9-b69a-7f2a032cdf05",
            "subnet_id": "6ae3b7d7-9e49-44dc-88ff-0583ee3a0464",
            "timeouts": null
          }
        }
      ]
    },
    {
      "module": "module.network",
      "mode": "managed",
      "type": "opentelekomcloud_networking_router_v2",
      "name": "k8s",
      "each": "list",
      "provider": "provider.opentelekomcloud",
      "instances": [
        {
          "index_key": 0,
          "schema_version": 0,
          "attributes": {
            "admin_state_up": true,
            "distributed": false,
            "enable_snat": true,
            "external_gateway": "0a2228f2-7f8a-45f1-8e09-9039e1d09975",
            "id": "3f064896-d942-4ad9-b69a-7f2a032cdf05",
            "name": "develop-router",
            "region": "eu-de",
            "tenant_id": "d73e7bf60aa64a20a01752be507a1ab9",
            "timeouts": null,
            "value_specs": null
          },
          "private": "eyJlMmJmYjczMC1lY2FhLTExZTYtOGY4OC0zNDM2M2JjN2M0YzAiOnsiY3JlYXRlIjo2MDAwMDAwMDAwMDAsImRlbGV0ZSI6NjAwMDAwMDAwMDAwfX0="
        }
      ]
    },
    {
      "module": "module.compute",
      "mode": "managed",
      "type": "opentelekomcloud_networking_secgroup_rule_v2",
      "name": "bastion",
      "each": "list",
      "provider": "provider.opentelekomcloud",
      "instances": []
    },
    {
      "module": "module.compute",
      "mode": "managed",
      "type": "opentelekomcloud_networking_secgroup_rule_v2",
      "name": "egress",
      "each": "list",
      "provider": "provider.opentelekomcloud",
      "instances": []
    },
    {
      "module": "module.compute",
      "mode": "managed",
      "type": "opentelekomcloud_networking_secgroup_rule_v2",
      "name": "k8s_master",
      "each": "list",
      "provider": "provider.opentelekomcloud",
      "instances": []
    },
    {
      "module": "module.compute",
      "mode": "managed",
      "type": "opentelekomcloud_networking_secgroup_rule_v2",
      "name": "worker",
      "each": "list",
      "provider": "provider.opentelekomcloud",
      "instances": []
    },
    {
      "module": "module.compute",
      "mode": "managed",
      "type": "opentelekomcloud_networking_secgroup_v2",
      "name": "bastion",
      "each": "list",
      "provider": "provider.opentelekomcloud",
      "instances": []
    },
    {
      "module": "module.network",
      "mode": "managed",
      "type": "opentelekomcloud_networking_subnet_v2",
      "name": "k8s",
      "each": "list",
      "provider": "provider.opentelekomcloud",
      "instances": [
        {
          "index_key": 0,
          "schema_version": 0,
          "attributes": {
            "allocation_pools": [
              {
                "end": "192.168.123.252",
                "start": "192.168.123.2"
              }
            ],
            "cidr": "192.168.123.0/24",
            "dns_nameservers": [
              "8.8.4.4",
              "8.8.8.8"
            ],
            "enable_dhcp": true,
            "gateway_ip": "192.168.123.1",
            "host_routes": [],
            "id": "6ae3b7d7-9e49-44dc-88ff-0583ee3a0464",
            "ip_version": 4,
            "name": "develop-internal-network",
            "network_id": "0588a357-629d-4572-8bea-ec8973cf9948",
            "no_gateway": null,
            "region": "eu-de",
            "tenant_id": "d73e7bf60aa64a20a01752be507a1ab9",
            "timeouts": null,
            "value_specs": null
          },
          "private": "eyJlMmJmYjczMC1lY2FhLTExZTYtOGY4OC0zNDM2M2JjN2M0YzAiOnsiY3JlYXRlIjo2MDAwMDAwMDAwMDAsImRlbGV0ZSI6NjAwMDAwMDAwMDAwfX0=",
          "dependencies": [
            "module.network.opentelekomcloud_networking_network_v2.k8s"
          ]
        }
      ]
    }
  ]
}
