{
  "version": 4,
  "terraform_version": "0.12.29",
  "serial": 72,
  "lineage": "6a4fca1e-3b6c-ec2c-e683-53c9ad7269a9",
  "outputs": {
    "bastion_fips": {
      "value": [
        "80.158.52.19"
      ],
      "type": [
        "tuple",
        [
          "string"
        ]
      ]
    },
    "nfs_ip_address": {
      "value": "192.168.123.189",
      "type": "string"
    },
    "router_id": {
      "value": "a708da1a-4932-465a-89a3-df19451cbfb6",
      "type": "string"
    }
  },
  "resources": [
    {
      "module": "module.compute",
      "mode": "managed",
      "type": "null_resource",
      "name": "provision-bastion",
      "each": "list",
      "provider": "provider.null",
      "instances": []
    },
    {
      "module": "module.compute",
      "mode": "managed",
      "type": "opentelekomcloud_blockstorage_volume_v2",
      "name": "glusterfs_volume",
      "each": "list",
      "provider": "provider.opentelekomcloud",
      "instances": []
    },
    {
      "module": "module.compute",
      "mode": "managed",
      "type": "opentelekomcloud_blockstorage_volume_v2",
      "name": "glusterfs_volume_custom_volume_size",
      "each": "list",
      "provider": "provider.opentelekomcloud",
      "instances": []
    },
    {
      "module": "module.compute",
      "mode": "managed",
      "type": "opentelekomcloud_compute_floatingip_associate_v2",
      "name": "bastion",
      "each": "list",
      "provider": "provider.opentelekomcloud",
      "instances": []
    },
    {
      "module": "module.compute",
      "mode": "managed",
      "type": "opentelekomcloud_compute_floatingip_associate_v2",
      "name": "bastion_custom_volume_size",
      "each": "list",
      "provider": "provider.opentelekomcloud",
      "instances": []
    },
    {
      "module": "module.compute",
      "mode": "managed",
      "type": "opentelekomcloud_compute_floatingip_associate_v2",
      "name": "k8s_master",
      "each": "list",
      "provider": "provider.opentelekomcloud",
      "instances": []
    },
    {
      "module": "module.compute",
      "mode": "managed",
      "type": "opentelekomcloud_compute_floatingip_associate_v2",
      "name": "k8s_master_custom_volume_size",
      "each": "list",
      "provider": "provider.opentelekomcloud",
      "instances": []
    },
    {
      "module": "module.compute",
      "mode": "managed",
      "type": "opentelekomcloud_compute_floatingip_associate_v2",
      "name": "k8s_master_no_etcd",
      "each": "list",
      "provider": "provider.opentelekomcloud",
      "instances": []
    },
    {
      "module": "module.compute",
      "mode": "managed",
      "type": "opentelekomcloud_compute_floatingip_associate_v2",
      "name": "k8s_master_no_etcd_custom_volume_size",
      "each": "list",
      "provider": "provider.opentelekomcloud",
      "instances": []
    },
    {
      "module": "module.compute",
      "mode": "managed",
      "type": "opentelekomcloud_compute_floatingip_associate_v2",
      "name": "k8s_node",
      "each": "list",
      "provider": "provider.opentelekomcloud",
      "instances": []
    },
    {
      "module": "module.compute",
      "mode": "managed",
      "type": "opentelekomcloud_compute_floatingip_associate_v2",
      "name": "k8s_node_custom_volume_size",
      "each": "list",
      "provider": "provider.opentelekomcloud",
      "instances": []
    },
    {
      "module": "module.compute",
      "mode": "managed",
      "type": "opentelekomcloud_compute_instance_v2",
      "name": "bastion",
      "each": "list",
      "provider": "provider.opentelekomcloud",
      "instances": []
    },
    {
      "module": "module.compute",
      "mode": "managed",
      "type": "opentelekomcloud_compute_instance_v2",
      "name": "bastion_custom_volume_size",
      "each": "list",
      "provider": "provider.opentelekomcloud",
      "instances": []
    },
    {
      "module": "module.compute",
      "mode": "managed",
      "type": "opentelekomcloud_compute_instance_v2",
      "name": "etcd",
      "each": "list",
      "provider": "provider.opentelekomcloud",
      "instances": []
    },
    {
      "module": "module.compute",
      "mode": "managed",
      "type": "opentelekomcloud_compute_instance_v2",
      "name": "etcd_custom_volume_size",
      "each": "list",
      "provider": "provider.opentelekomcloud",
      "instances": []
    },
    {
      "module": "module.compute",
      "mode": "managed",
      "type": "opentelekomcloud_compute_instance_v2",
      "name": "glusterfs_node_no_floating_ip",
      "each": "list",
      "provider": "provider.opentelekomcloud",
      "instances": []
    },
    {
      "module": "module.compute",
      "mode": "managed",
      "type": "opentelekomcloud_compute_instance_v2",
      "name": "glusterfs_node_no_floating_ip_custom_volume_size",
      "each": "list",
      "provider": "provider.opentelekomcloud",
      "instances": []
    },
    {
      "module": "module.compute",
      "mode": "managed",
      "type": "opentelekomcloud_compute_instance_v2",
      "name": "k8s_master",
      "each": "list",
      "provider": "provider.opentelekomcloud",
      "instances": []
    },
    {
      "module": "module.compute",
      "mode": "managed",
      "type": "opentelekomcloud_compute_instance_v2",
      "name": "k8s_master_custom_volume_size",
      "each": "list",
      "provider": "provider.opentelekomcloud",
      "instances": []
    },
    {
      "module": "module.compute",
      "mode": "managed",
      "type": "opentelekomcloud_compute_instance_v2",
      "name": "k8s_master_no_etcd",
      "each": "list",
      "provider": "provider.opentelekomcloud",
      "instances": []
    },
    {
      "module": "module.compute",
      "mode": "managed",
      "type": "opentelekomcloud_compute_instance_v2",
      "name": "k8s_master_no_etcd_custom_volume_size",
      "each": "list",
      "provider": "provider.opentelekomcloud",
      "instances": []
    },
    {
      "module": "module.compute",
      "mode": "managed",
      "type": "opentelekomcloud_compute_instance_v2",
      "name": "k8s_master_no_floating_ip",
      "each": "list",
      "provider": "provider.opentelekomcloud",
      "instances": []
    },
    {
      "module": "module.compute",
      "mode": "managed",
      "type": "opentelekomcloud_compute_instance_v2",
      "name": "k8s_master_no_floating_ip_custom_volume_size",
      "each": "list",
      "provider": "provider.opentelekomcloud",
      "instances": []
    },
    {
      "module": "module.compute",
      "mode": "managed",
      "type": "opentelekomcloud_compute_instance_v2",
      "name": "k8s_master_no_floating_ip_no_etcd",
      "each": "list",
      "provider": "provider.opentelekomcloud",
      "instances": []
    },
    {
      "module": "module.compute",
      "mode": "managed",
      "type": "opentelekomcloud_compute_instance_v2",
      "name": "k8s_master_no_floating_ip_no_etcd_custom_volume_size",
      "each": "list",
      "provider": "provider.opentelekomcloud",
      "instances": []
    },
    {
      "module": "module.compute",
      "mode": "managed",
      "type": "opentelekomcloud_compute_instance_v2",
      "name": "k8s_node",
      "each": "list",
      "provider": "provider.opentelekomcloud",
      "instances": []
    },
    {
      "module": "module.compute",
      "mode": "managed",
      "type": "opentelekomcloud_compute_instance_v2",
      "name": "k8s_node_custom_volume_size",
      "each": "list",
      "provider": "provider.opentelekomcloud",
      "instances": []
    },
    {
      "module": "module.compute",
      "mode": "managed",
      "type": "opentelekomcloud_compute_instance_v2",
      "name": "k8s_node_no_floating_ip",
      "each": "list",
      "provider": "provider.opentelekomcloud",
      "instances": []
    },
    {
      "module": "module.compute",
      "mode": "managed",
      "type": "opentelekomcloud_compute_instance_v2",
      "name": "k8s_node_no_floating_ip_custom_volume_size",
      "each": "list",
      "provider": "provider.opentelekomcloud",
      "instances": []
    },
    {
      "module": "module.compute",
      "mode": "managed",
      "type": "opentelekomcloud_compute_servergroup_v2",
      "name": "k8s_etcd",
      "each": "list",
      "provider": "provider.opentelekomcloud",
      "instances": []
    },
    {
      "module": "module.compute",
      "mode": "managed",
      "type": "opentelekomcloud_compute_servergroup_v2",
      "name": "k8s_master",
      "each": "list",
      "provider": "provider.opentelekomcloud",
      "instances": []
    },
    {
      "module": "module.compute",
      "mode": "managed",
      "type": "opentelekomcloud_compute_servergroup_v2",
      "name": "k8s_node",
      "each": "list",
      "provider": "provider.opentelekomcloud",
      "instances": []
    },
    {
      "module": "module.compute",
      "mode": "managed",
      "type": "opentelekomcloud_compute_volume_attach_v2",
      "name": "glusterfs_volume",
      "each": "list",
      "provider": "provider.opentelekomcloud",
      "instances": []
    },
    {
      "module": "module.compute",
      "mode": "managed",
      "type": "opentelekomcloud_compute_volume_attach_v2",
      "name": "glusterfs_volume_custom_root_volume_size",
      "each": "list",
      "provider": "provider.opentelekomcloud",
      "instances": []
    },
    {
      "module": "module.loadbalancer",
      "mode": "managed",
      "type": "opentelekomcloud_lb_listener_v2",
      "name": "http",
      "each": "list",
      "provider": "provider.opentelekomcloud",
      "instances": []
    },
    {
      "module": "module.loadbalancer",
      "mode": "managed",
      "type": "opentelekomcloud_lb_listener_v2",
      "name": "https",
      "each": "list",
      "provider": "provider.opentelekomcloud",
      "instances": []
    },
    {
      "module": "module.loadbalancer",
      "mode": "managed",
      "type": "opentelekomcloud_lb_loadbalancer_v2",
      "name": "k8s",
      "each": "list",
      "provider": "provider.opentelekomcloud",
      "instances": []
    },
    {
      "module": "module.loadbalancer",
      "mode": "managed",
      "type": "opentelekomcloud_lb_pool_v2",
      "name": "http",
      "each": "list",
      "provider": "provider.opentelekomcloud",
      "instances": []
    },
    {
      "module": "module.loadbalancer",
      "mode": "managed",
      "type": "opentelekomcloud_lb_pool_v2",
      "name": "https",
      "each": "list",
      "provider": "provider.opentelekomcloud",
      "instances": []
    },
    {
      "module": "module.loadbalancer",
      "mode": "managed",
      "type": "opentelekomcloud_networking_floatingip_associate_v2",
      "name": "loadbalancer",
      "each": "list",
      "provider": "provider.opentelekomcloud",
      "instances": []
    },
    {
      "module": "module.ips",
      "mode": "managed",
      "type": "opentelekomcloud_networking_floatingip_v2",
      "name": "bastion",
      "each": "list",
      "provider": "provider.opentelekomcloud",
      "instances": []
    },
    {
      "module": "module.ips",
      "mode": "managed",
      "type": "opentelekomcloud_networking_floatingip_v2",
      "name": "k8s_master",
      "each": "list",
      "provider": "provider.opentelekomcloud",
      "instances": []
    },
    {
      "module": "module.ips",
      "mode": "managed",
      "type": "opentelekomcloud_networking_floatingip_v2",
      "name": "k8s_master_no_etcd",
      "each": "list",
      "provider": "provider.opentelekomcloud",
      "instances": []
    },
    {
      "module": "module.ips",
      "mode": "managed",
      "type": "opentelekomcloud_networking_floatingip_v2",
      "name": "k8s_node",
      "each": "list",
      "provider": "provider.opentelekomcloud",
      "instances": []
    },
    {
      "module": "module.loadbalancer",
      "mode": "managed",
      "type": "opentelekomcloud_networking_floatingip_v2",
      "name": "loadbalancer",
      "each": "list",
      "provider": "provider.opentelekomcloud",
      "instances": []
    },
    {
      "module": "module.network",
      "mode": "managed",
      "type": "opentelekomcloud_networking_network_v2",
      "name": "k8s",
      "each": "list",
      "provider": "provider.opentelekomcloud",
      "instances": [
        {
          "index_key": 0,
          "schema_version": 0,
          "attributes": {
            "admin_state_up": "true",
            "id": "528199c8-d412-4c59-b0cf-8c59b1b25e89",
            "name": "develop",
            "region": "eu-de",
            "segments": [],
            "shared": "false",
            "tenant_id": "d73e7bf60aa64a20a01752be507a1ab9",
            "timeouts": null,
            "value_specs": null
          },
          "private": "eyJlMmJmYjczMC1lY2FhLTExZTYtOGY4OC0zNDM2M2JjN2M0YzAiOnsiY3JlYXRlIjo2MDAwMDAwMDAwMDAsImRlbGV0ZSI6NjAwMDAwMDAwMDAwfX0="
        }
      ]
    },
    {
      "module": "module.network",
      "mode": "managed",
      "type": "opentelekomcloud_networking_router_interface_v2",
      "name": "k8s",
      "each": "list",
      "provider": "provider.opentelekomcloud",
      "instances": [
        {
          "index_key": 0,
          "schema_version": 0,
          "attributes": {
            "id": "7e8fbb09-c7a6-46c1-8d7b-b88c3f804f25",
            "port_id": null,
            "region": "eu-de",
            "router_id": "a708da1a-4932-465a-89a3-df19451cbfb6",
            "subnet_id": "fb82e67c-a580-4158-b921-d11c4cde24cf",
            "timeouts": null
          }
        }
      ]
    },
    {
      "module": "module.network",
      "mode": "managed",
      "type": "opentelekomcloud_networking_router_v2",
      "name": "k8s",
      "each": "list",
      "provider": "provider.opentelekomcloud",
      "instances": [
        {
          "index_key": 0,
          "schema_version": 0,
          "attributes": {
            "admin_state_up": true,
            "distributed": false,
            "enable_snat": true,
            "external_gateway": "0a2228f2-7f8a-45f1-8e09-9039e1d09975",
            "id": "a708da1a-4932-465a-89a3-df19451cbfb6",
            "name": "develop-router",
            "region": "eu-de",
            "tenant_id": "d73e7bf60aa64a20a01752be507a1ab9",
            "timeouts": null,
            "value_specs": null
          },
          "private": "eyJlMmJmYjczMC1lY2FhLTExZTYtOGY4OC0zNDM2M2JjN2M0YzAiOnsiY3JlYXRlIjo2MDAwMDAwMDAwMDAsImRlbGV0ZSI6NjAwMDAwMDAwMDAwfX0="
        }
      ]
    },
    {
      "module": "module.compute",
      "mode": "managed",
      "type": "opentelekomcloud_networking_secgroup_rule_v2",
      "name": "bastion",
      "each": "list",
      "provider": "provider.opentelekomcloud",
      "instances": []
    },
    {
      "module": "module.compute",
      "mode": "managed",
      "type": "opentelekomcloud_networking_secgroup_rule_v2",
      "name": "egress",
      "each": "list",
      "provider": "provider.opentelekomcloud",
      "instances": []
    },
    {
      "module": "module.compute",
      "mode": "managed",
      "type": "opentelekomcloud_networking_secgroup_rule_v2",
      "name": "k8s_allowed_remote_ips",
      "each": "list",
      "provider": "provider.opentelekomcloud",
      "instances": []
    },
    {
      "module": "module.compute",
      "mode": "managed",
      "type": "opentelekomcloud_networking_secgroup_rule_v2",
      "name": "k8s_master",
      "each": "list",
      "provider": "provider.opentelekomcloud",
      "instances": []
    },
    {
      "module": "module.compute",
      "mode": "managed",
      "type": "opentelekomcloud_networking_secgroup_rule_v2",
      "name": "worker",
      "each": "list",
      "provider": "provider.opentelekomcloud",
      "instances": []
    },
    {
      "module": "module.compute",
      "mode": "managed",
      "type": "opentelekomcloud_networking_secgroup_v2",
      "name": "bastion",
      "each": "list",
      "provider": "provider.opentelekomcloud",
      "instances": []
    },
    {
      "module": "module.network",
      "mode": "managed",
      "type": "opentelekomcloud_networking_subnet_v2",
      "name": "k8s",
      "each": "list",
      "provider": "provider.opentelekomcloud",
      "instances": [
        {
          "index_key": 0,
          "schema_version": 0,
          "attributes": {
            "allocation_pools": [
              {
                "end": "192.168.123.252",
                "start": "192.168.123.2"
              }
            ],
            "cidr": "192.168.123.0/24",
            "dns_nameservers": [
              "8.8.4.4",
              "8.8.8.8"
            ],
            "enable_dhcp": true,
            "gateway_ip": "192.168.123.1",
            "host_routes": [],
            "id": "fb82e67c-a580-4158-b921-d11c4cde24cf",
            "ip_version": 4,
            "name": "develop-internal-network",
            "network_id": "528199c8-d412-4c59-b0cf-8c59b1b25e89",
            "no_gateway": null,
            "region": "eu-de",
            "tenant_id": "d73e7bf60aa64a20a01752be507a1ab9",
            "timeouts": null,
            "value_specs": null
          },
          "private": "eyJlMmJmYjczMC1lY2FhLTExZTYtOGY4OC0zNDM2M2JjN2M0YzAiOnsiY3JlYXRlIjo2MDAwMDAwMDAwMDAsImRlbGV0ZSI6NjAwMDAwMDAwMDAwfX0=",
          "dependencies": [
            "module.network.opentelekomcloud_networking_network_v2.k8s"
          ]
        }
      ]
    }
  ]
}
