{
  "version": 4,
  "terraform_version": "0.12.29",
  "serial": 384,
  "lineage": "4dece2f6-cabf-77e7-872a-521ad5527e2a",
  "outputs": {
    "bastion_fips": {
      "value": [
        "80.158.50.102"
      ],
      "type": [
        "tuple",
        [
          "string"
        ]
      ]
    },
    "floating_network_id": {
      "value": "0a2228f2-7f8a-45f1-8e09-9039e1d09975",
      "type": "string"
    },
    "k8s_master_fips": {
      "value": [],
      "type": [
        "tuple",
        []
      ]
    },
    "k8s_master_ips": {
      "value": [
        "192.168.123.12"
      ],
      "type": [
        "tuple",
        [
          "string"
        ]
      ]
    },
    "k8s_node_fips": {
      "value": [],
      "type": [
        "tuple",
        []
      ]
    },
    "k8s_node_ips": {
      "value": [
        "192.168.123.69",
        "192.168.123.244",
        "192.168.123.238"
      ],
      "type": [
        "tuple",
        [
          "string",
          "string",
          "string"
        ]
      ]
    },
    "nfs_ip_address": {
      "value": "192.168.123.65",
      "type": "string"
    },
    "private_subnet_id": {
      "value": "5777599a-21f3-47be-ba49-3e53f22fa2bf",
      "type": "string"
    },
    "router_id": {
      "value": "c0e2eb8c-4815-4e64-b517-10760fee515b",
      "type": "string"
    },
    "subnet_cidr": {
      "value": "192.168.123.0/24",
      "type": "string"
    }
  },
  "resources": [
    {
      "module": "module.compute",
      "mode": "data",
      "type": "opentelekomcloud_images_image_v2",
      "name": "gfs_image",
      "provider": "provider.opentelekomcloud",
      "instances": [
        {
          "schema_version": 0,
          "attributes": {
            "checksum": "a1733c9887975ed17d6e4a3131f89ab8",
            "container_format": "bare",
            "disk_format": "zvhd2",
            "file": "/v2/images/23d84b3a-6f4b-44d6-8a35-69904f696a74/file",
            "id": "23d84b3a-6f4b-44d6-8a35-69904f696a74",
            "metadata": {},
            "min_disk_gb": 4,
            "min_ram_mb": 1024,
            "most_recent": false,
            "name": "Standard_Ubuntu_18.04_latest",
            "owner": "7d32d95d93104a8fae3d60e9b611e52e",
            "properties": null,
            "protected": true,
            "region": null,
            "schema": "/v2/schemas/image",
            "size_bytes": 11,
            "size_max": null,
            "size_min": null,
            "sort_direction": "asc",
            "sort_key": "name",
            "tag": null,
            "updated_at": null,
            "visibility": "public"
          }
        }
      ]
    },
    {
      "module": "module.compute",
      "mode": "data",
      "type": "opentelekomcloud_images_image_v2",
      "name": "vm_image",
      "provider": "provider.opentelekomcloud",
      "instances": [
        {
          "schema_version": 0,
          "attributes": {
            "checksum": "a1733c9887975ed17d6e4a3131f89ab8",
            "container_format": "bare",
            "disk_format": "zvhd2",
            "file": "/v2/images/23d84b3a-6f4b-44d6-8a35-69904f696a74/file",
            "id": "23d84b3a-6f4b-44d6-8a35-69904f696a74",
            "metadata": {},
            "min_disk_gb": 4,
            "min_ram_mb": 1024,
            "most_recent": false,
            "name": "Standard_Ubuntu_18.04_latest",
            "owner": "7d32d95d93104a8fae3d60e9b611e52e",
            "properties": null,
            "protected": true,
            "region": null,
            "schema": "/v2/schemas/image",
            "size_bytes": 11,
            "size_max": null,
            "size_min": null,
            "sort_direction": "asc",
            "sort_key": "name",
            "tag": null,
            "updated_at": null,
            "visibility": "public"
          }
        }
      ]
    },
    {
      "module": "module.ips",
      "mode": "managed",
      "type": "null_resource",
      "name": "dummy_dependency",
      "provider": "provider.null",
      "instances": [
        {
          "schema_version": 0,
          "attributes": {
            "id": "2351175899738878706",
            "triggers": {
              "dependency_id": "c0e2eb8c-4815-4e64-b517-10760fee515b"
            }
          },
          "private": "bnVsbA==",
          "dependencies": [
            "module.network.opentelekomcloud_networking_router_v2.k8s"
          ]
        }
      ]
    },
    {
      "module": "module.compute",
      "mode": "managed",
      "type": "null_resource",
      "name": "provision-bastion",
      "each": "list",
      "provider": "provider.null",
      "instances": [
        {
          "index_key": 0,
          "schema_version": 0,
          "attributes": {
            "id": "8734676647055451030",
            "triggers": null
          },
          "private": "bnVsbA==",
          "dependencies": [
            "module.compute.opentelekomcloud_compute_instance_v2.bastion",
            "module.compute.opentelekomcloud_compute_keypair_v2.k8s",
            "module.compute.opentelekomcloud_networking_secgroup_v2.bastion",
            "module.compute.opentelekomcloud_networking_secgroup_v2.k8s",
            "module.ips.null_resource.dummy_dependency",
            "module.ips.opentelekomcloud_networking_floatingip_v2.bastion",
            "module.network.opentelekomcloud_networking_router_v2.k8s"
          ]
        }
      ]
    },
    {
      "module": "module.compute",
      "mode": "managed",
      "type": "opentelekomcloud_blockstorage_volume_v2",
      "name": "glusterfs_volume",
      "each": "list",
      "provider": "provider.opentelekomcloud",
      "instances": []
    },
    {
      "module": "module.compute",
      "mode": "managed",
      "type": "opentelekomcloud_blockstorage_volume_v2",
      "name": "glusterfs_volume_custom_volume_size",
      "each": "list",
      "provider": "provider.opentelekomcloud",
      "instances": []
    },
    {
      "module": "module.compute",
      "mode": "managed",
      "type": "opentelekomcloud_blockstorage_volume_v2",
      "name": "nfs_expansion",
      "provider": "provider.opentelekomcloud",
      "instances": [
        {
          "schema_version": 0,
          "attributes": {
            "attachment": [],
            "availability_zone": "eu-de-02",
            "cascade": false,
            "consistency_group_id": null,
            "description": "Extra space for eoepca nfs",
            "device_type": "VBD",
            "id": "8001f791-7f07-498c-8c78-9d86398b0ffd",
            "image_id": null,
            "metadata": {
              "attached_mode": "rw",
              "depends_on": "c0e2eb8c-4815-4e64-b517-10760fee515b",
              "readonly": "False"
            },
            "name": "develop-nfs-expansion",
            "region": "eu-de",
            "size": 10,
            "snapshot_id": "",
            "source_replica": null,
            "source_vol_id": "",
            "tags": null,
            "timeouts": null,
            "volume_type": "SSD",
            "wwn": null
          },
          "private": "eyJlMmJmYjczMC1lY2FhLTExZTYtOGY4OC0zNDM2M2JjN2M0YzAiOnsiY3JlYXRlIjo2MDAwMDAwMDAwMDAsImRlbGV0ZSI6NjAwMDAwMDAwMDAwfX0=",
          "dependencies": [
            "module.network.opentelekomcloud_networking_router_v2.k8s"
          ]
        }
      ]
    },
    {
      "module": "module.compute",
      "mode": "managed",
      "type": "opentelekomcloud_compute_floatingip_associate_v2",
      "name": "bastion",
      "each": "list",
      "provider": "provider.opentelekomcloud",
      "instances": [
        {
          "index_key": 0,
          "schema_version": 0,
          "attributes": {
            "fixed_ip": "192.168.123.112",
            "floating_ip": "80.158.50.102",
            "id": "80.158.50.102/24566a6b-31c5-46fc-8fc3-7fb8e9bef547/",
            "instance_id": "24566a6b-31c5-46fc-8fc3-7fb8e9bef547",
            "region": "eu-de"
          },
          "private": "bnVsbA==",
          "dependencies": [
            "module.compute.opentelekomcloud_compute_instance_v2.bastion",
            "module.compute.opentelekomcloud_compute_keypair_v2.k8s",
            "module.compute.opentelekomcloud_networking_secgroup_v2.bastion",
            "module.compute.opentelekomcloud_networking_secgroup_v2.k8s",
            "module.ips.null_resource.dummy_dependency",
            "module.ips.opentelekomcloud_networking_floatingip_v2.bastion",
            "module.network.opentelekomcloud_networking_router_v2.k8s"
          ]
        }
      ]
    },
    {
      "module": "module.compute",
      "mode": "managed",
      "type": "opentelekomcloud_compute_floatingip_associate_v2",
      "name": "bastion_custom_volume_size",
      "each": "list",
      "provider": "provider.opentelekomcloud",
      "instances": []
    },
    {
      "module": "module.compute",
      "mode": "managed",
      "type": "opentelekomcloud_compute_floatingip_associate_v2",
      "name": "k8s_master",
      "each": "list",
      "provider": "provider.opentelekomcloud",
      "instances": []
    },
    {
      "module": "module.compute",
      "mode": "managed",
      "type": "opentelekomcloud_compute_floatingip_associate_v2",
      "name": "k8s_master_custom_volume_size",
      "each": "list",
      "provider": "provider.opentelekomcloud",
      "instances": []
    },
    {
      "module": "module.compute",
      "mode": "managed",
      "type": "opentelekomcloud_compute_floatingip_associate_v2",
      "name": "k8s_master_no_etcd",
      "each": "list",
      "provider": "provider.opentelekomcloud",
      "instances": []
    },
    {
      "module": "module.compute",
      "mode": "managed",
      "type": "opentelekomcloud_compute_floatingip_associate_v2",
      "name": "k8s_master_no_etcd_custom_volume_size",
      "each": "list",
      "provider": "provider.opentelekomcloud",
      "instances": []
    },
    {
      "module": "module.compute",
      "mode": "managed",
      "type": "opentelekomcloud_compute_floatingip_associate_v2",
      "name": "k8s_node",
      "each": "list",
      "provider": "provider.opentelekomcloud",
      "instances": []
    },
    {
      "module": "module.compute",
      "mode": "managed",
      "type": "opentelekomcloud_compute_floatingip_associate_v2",
      "name": "k8s_node_custom_volume_size",
      "each": "list",
      "provider": "provider.opentelekomcloud",
      "instances": []
    },
    {
      "module": "module.compute",
      "mode": "managed",
      "type": "opentelekomcloud_compute_instance_v2",
      "name": "bastion",
      "each": "list",
      "provider": "provider.opentelekomcloud",
      "instances": [
        {
          "index_key": 0,
          "schema_version": 0,
          "attributes": {
            "access_ip_v4": "192.168.123.112",
            "access_ip_v6": "",
            "admin_pass": null,
            "all_metadata": {
              "depends_on": "c0e2eb8c-4815-4e64-b517-10760fee515b",
              "kubespray_groups": "bastion",
              "ssh_user": "ubuntu",
              "use_access_ip": "1"
            },
            "auto_recovery": true,
            "availability_zone": "eu-de-02",
            "block_device": [],
            "config_drive": null,
            "flavor_id": "s2.medium.1",
            "flavor_name": "s2.medium.1",
            "id": "24566a6b-31c5-46fc-8fc3-7fb8e9bef547",
            "image_id": "23d84b3a-6f4b-44d6-8a35-69904f696a74",
            "image_name": "Standard_Ubuntu_18.04_latest",
            "key_pair": "kubernetes-develop",
            "metadata": {
              "depends_on": "c0e2eb8c-4815-4e64-b517-10760fee515b",
              "kubespray_groups": "bastion",
              "ssh_user": "ubuntu",
              "use_access_ip": "1"
            },
            "name": "develop-bastion-1",
            "network": [
              {
                "access_network": false,
                "fixed_ip_v4": "192.168.123.112",
                "fixed_ip_v6": "",
                "mac": "fa:16:3e:2c:4e:df",
                "name": "develop",
                "port": "",
                "uuid": "d4b31dcf-afce-4253-99f8-741efd506fb7"
              }
            ],
            "power_state": "active",
            "region": "eu-de",
            "scheduler_hints": [],
            "security_groups": [
              "develop-bastion",
              "develop-k8s"
            ],
            "stop_before_destroy": false,
            "tags": null,
            "timeouts": null,
            "user_data": null,
            "volume_attached": [
              {
                "id": "42b0b8a5-7492-41d7-8ef9-5a674d804834"
              }
            ]
          },
          "private": "eyJlMmJmYjczMC1lY2FhLTExZTYtOGY4OC0zNDM2M2JjN2M0YzAiOnsiY3JlYXRlIjoxODAwMDAwMDAwMDAwLCJkZWxldGUiOjE4MDAwMDAwMDAwMDAsInVwZGF0ZSI6MTgwMDAwMDAwMDAwMH19",
          "dependencies": [
            "module.compute.opentelekomcloud_compute_keypair_v2.k8s",
            "module.compute.opentelekomcloud_networking_secgroup_v2.bastion",
            "module.compute.opentelekomcloud_networking_secgroup_v2.k8s",
            "module.network.opentelekomcloud_networking_router_v2.k8s"
          ]
        }
      ]
    },
    {
      "module": "module.compute",
      "mode": "managed",
      "type": "opentelekomcloud_compute_instance_v2",
      "name": "bastion_custom_volume_size",
      "each": "list",
      "provider": "provider.opentelekomcloud",
      "instances": []
    },
    {
      "module": "module.compute",
      "mode": "managed",
      "type": "opentelekomcloud_compute_instance_v2",
      "name": "eoepca_nfs",
      "provider": "provider.opentelekomcloud",
      "instances": [
        {
          "schema_version": 0,
          "attributes": {
            "access_ip_v4": "192.168.123.65",
            "access_ip_v6": "",
            "admin_pass": null,
            "all_metadata": {
              "depends_on": "8001f791-7f07-498c-8c78-9d86398b0ffd",
              "kubespray_groups": "nfs,no-floating",
              "ssh_user": "ubuntu",
              "use_access_ip": "1"
            },
            "auto_recovery": true,
            "availability_zone": "eu-de-02",
            "block_device": [],
            "config_drive": null,
            "flavor_id": "s2.xlarge.4",
            "flavor_name": "s2.xlarge.4",
            "id": "4adb4061-7345-403c-8ac7-dedd450588be",
            "image_id": "23d84b3a-6f4b-44d6-8a35-69904f696a74",
            "image_name": "Standard_Ubuntu_18.04_latest",
            "key_pair": "kubernetes-develop",
            "metadata": {
              "depends_on": "8001f791-7f07-498c-8c78-9d86398b0ffd",
              "kubespray_groups": "nfs,no-floating",
              "ssh_user": "ubuntu",
              "use_access_ip": "1"
            },
            "name": "develop-nfs",
            "network": [
              {
                "access_network": false,
                "fixed_ip_v4": "192.168.123.65",
                "fixed_ip_v6": "",
                "mac": "fa:16:3e:e5:d9:59",
                "name": "develop",
                "port": "",
                "uuid": "d4b31dcf-afce-4253-99f8-741efd506fb7"
              }
            ],
            "power_state": "active",
            "region": "eu-de",
            "scheduler_hints": [],
            "security_groups": [
              "develop-k8s"
            ],
            "stop_before_destroy": false,
            "tags": null,
            "timeouts": null,
            "user_data": null,
            "volume_attached": [
              {
                "id": "4791c929-5ef6-4a0e-934f-46c4adec6b18"
              }
            ]
          },
          "private": "eyJlMmJmYjczMC1lY2FhLTExZTYtOGY4OC0zNDM2M2JjN2M0YzAiOnsiY3JlYXRlIjoxODAwMDAwMDAwMDAwLCJkZWxldGUiOjE4MDAwMDAwMDAwMDAsInVwZGF0ZSI6MTgwMDAwMDAwMDAwMH19",
          "dependencies": [
            "module.compute.opentelekomcloud_blockstorage_volume_v2.nfs_expansion",
            "module.compute.opentelekomcloud_compute_keypair_v2.k8s",
            "module.compute.opentelekomcloud_networking_secgroup_v2.k8s",
            "module.ips.null_resource.dummy_dependency",
            "module.ips.opentelekomcloud_networking_floatingip_v2.bastion",
            "module.network.opentelekomcloud_networking_router_v2.k8s"
          ]
        }
      ]
    },
    {
      "module": "module.compute",
      "mode": "managed",
      "type": "opentelekomcloud_compute_instance_v2",
      "name": "etcd",
      "each": "list",
      "provider": "provider.opentelekomcloud",
      "instances": []
    },
    {
      "module": "module.compute",
      "mode": "managed",
      "type": "opentelekomcloud_compute_instance_v2",
      "name": "etcd_custom_volume_size",
      "each": "list",
      "provider": "provider.opentelekomcloud",
      "instances": []
    },
    {
      "module": "module.compute",
      "mode": "managed",
      "type": "opentelekomcloud_compute_instance_v2",
      "name": "glusterfs_node_no_floating_ip",
      "each": "list",
      "provider": "provider.opentelekomcloud",
      "instances": []
    },
    {
      "module": "module.compute",
      "mode": "managed",
      "type": "opentelekomcloud_compute_instance_v2",
      "name": "glusterfs_node_no_floating_ip_custom_volume_size",
      "each": "list",
      "provider": "provider.opentelekomcloud",
      "instances": []
    },
    {
      "module": "module.compute",
      "mode": "managed",
      "type": "opentelekomcloud_compute_instance_v2",
      "name": "k8s_master",
      "each": "list",
      "provider": "provider.opentelekomcloud",
      "instances": []
    },
    {
      "module": "module.compute",
      "mode": "managed",
      "type": "opentelekomcloud_compute_instance_v2",
      "name": "k8s_master_custom_volume_size",
      "each": "list",
      "provider": "provider.opentelekomcloud",
      "instances": []
    },
    {
      "module": "module.compute",
      "mode": "managed",
      "type": "opentelekomcloud_compute_instance_v2",
      "name": "k8s_master_no_etcd",
      "each": "list",
      "provider": "provider.opentelekomcloud",
      "instances": []
    },
    {
      "module": "module.compute",
      "mode": "managed",
      "type": "opentelekomcloud_compute_instance_v2",
      "name": "k8s_master_no_etcd_custom_volume_size",
      "each": "list",
      "provider": "provider.opentelekomcloud",
      "instances": []
    },
    {
      "module": "module.compute",
      "mode": "managed",
      "type": "opentelekomcloud_compute_instance_v2",
      "name": "k8s_master_no_floating_ip",
      "each": "list",
      "provider": "provider.opentelekomcloud",
      "instances": []
    },
    {
      "module": "module.compute",
      "mode": "managed",
      "type": "opentelekomcloud_compute_instance_v2",
      "name": "k8s_master_no_floating_ip_custom_volume_size",
      "each": "list",
      "provider": "provider.opentelekomcloud",
      "instances": [
        {
          "index_key": 0,
          "schema_version": 0,
          "attributes": {
            "access_ip_v4": "192.168.123.12",
            "access_ip_v6": "",
            "admin_pass": null,
            "all_metadata": {
              "depends_on": "c0e2eb8c-4815-4e64-b517-10760fee515b",
              "kubespray_groups": "etcd,kube-master,,k8s-cluster,vault,no-floating",
              "ssh_user": "ubuntu",
              "use_access_ip": "1"
            },
            "auto_recovery": true,
            "availability_zone": "eu-de-02",
            "block_device": [
              {
                "boot_index": 0,
                "delete_on_termination": true,
                "destination_type": "volume",
                "device_name": "",
                "guest_format": "",
                "source_type": "image",
                "uuid": "23d84b3a-6f4b-44d6-8a35-69904f696a74",
                "volume_size": 8,
                "volume_type": ""
              }
            ],
            "config_drive": null,
            "flavor_id": "s2.large.4",
            "flavor_name": "s2.large.4",
            "id": "2d2901b2-d72e-4af1-a853-caff079aed47",
            "image_id": "Attempt to boot from volume - no image supplied",
            "image_name": "Standard_Ubuntu_18.04_latest",
            "key_pair": "kubernetes-develop",
            "metadata": {
              "depends_on": "c0e2eb8c-4815-4e64-b517-10760fee515b",
              "kubespray_groups": "etcd,kube-master,,k8s-cluster,vault,no-floating",
              "ssh_user": "ubuntu",
              "use_access_ip": "1"
            },
            "name": "develop-k8s-master-nf-1",
            "network": [
              {
                "access_network": false,
                "fixed_ip_v4": "192.168.123.12",
                "fixed_ip_v6": "",
                "mac": "fa:16:3e:1d:72:88",
                "name": "develop",
                "port": "",
                "uuid": "d4b31dcf-afce-4253-99f8-741efd506fb7"
              }
            ],
            "power_state": "active",
            "region": "eu-de",
            "scheduler_hints": [],
            "security_groups": [
              "develop-k8s",
              "develop-k8s-master"
            ],
            "stop_before_destroy": false,
            "tags": null,
            "timeouts": null,
            "user_data": null,
            "volume_attached": [
              {
                "id": "1b224e25-3527-4162-b392-e3653989f82a"
              }
            ]
          },
          "private": "eyJlMmJmYjczMC1lY2FhLTExZTYtOGY4OC0zNDM2M2JjN2M0YzAiOnsiY3JlYXRlIjoxODAwMDAwMDAwMDAwLCJkZWxldGUiOjE4MDAwMDAwMDAwMDAsInVwZGF0ZSI6MTgwMDAwMDAwMDAwMH19",
          "dependencies": [
            "module.compute.opentelekomcloud_compute_keypair_v2.k8s",
            "module.compute.opentelekomcloud_compute_servergroup_v2.k8s_master",
            "module.compute.opentelekomcloud_networking_secgroup_v2.k8s",
            "module.compute.opentelekomcloud_networking_secgroup_v2.k8s_master",
            "module.ips.null_resource.dummy_dependency",
            "module.ips.opentelekomcloud_networking_floatingip_v2.bastion",
            "module.network.opentelekomcloud_networking_router_v2.k8s"
          ]
        }
      ]
    },
    {
      "module": "module.compute",
      "mode": "managed",
      "type": "opentelekomcloud_compute_instance_v2",
      "name": "k8s_master_no_floating_ip_no_etcd",
      "each": "list",
      "provider": "provider.opentelekomcloud",
      "instances": []
    },
    {
      "module": "module.compute",
      "mode": "managed",
      "type": "opentelekomcloud_compute_instance_v2",
      "name": "k8s_master_no_floating_ip_no_etcd_custom_volume_size",
      "each": "list",
      "provider": "provider.opentelekomcloud",
      "instances": []
    },
    {
      "module": "module.compute",
      "mode": "managed",
      "type": "opentelekomcloud_compute_instance_v2",
      "name": "k8s_node",
      "each": "list",
      "provider": "provider.opentelekomcloud",
      "instances": []
    },
    {
      "module": "module.compute",
      "mode": "managed",
      "type": "opentelekomcloud_compute_instance_v2",
      "name": "k8s_node_custom_volume_size",
      "each": "list",
      "provider": "provider.opentelekomcloud",
      "instances": []
    },
    {
      "module": "module.compute",
      "mode": "managed",
      "type": "opentelekomcloud_compute_instance_v2",
      "name": "k8s_node_no_floating_ip",
      "each": "list",
      "provider": "provider.opentelekomcloud",
      "instances": []
    },
    {
      "module": "module.compute",
      "mode": "managed",
      "type": "opentelekomcloud_compute_instance_v2",
      "name": "k8s_node_no_floating_ip_custom_volume_size",
      "each": "list",
      "provider": "provider.opentelekomcloud",
      "instances": [
        {
          "index_key": 0,
          "schema_version": 0,
          "attributes": {
            "access_ip_v4": "192.168.123.69",
            "access_ip_v6": "",
            "admin_pass": null,
            "all_metadata": {
              "depends_on": "c0e2eb8c-4815-4e64-b517-10760fee515b",
              "kubespray_groups": "kube-node,k8s-cluster,no-floating,",
              "ssh_user": "ubuntu",
              "use_access_ip": "1"
            },
            "auto_recovery": true,
            "availability_zone": "eu-de-02",
            "block_device": [
              {
                "boot_index": 0,
                "delete_on_termination": true,
                "destination_type": "volume",
                "device_name": "",
                "guest_format": "",
                "source_type": "image",
                "uuid": "23d84b3a-6f4b-44d6-8a35-69904f696a74",
                "volume_size": 8,
                "volume_type": ""
              }
            ],
            "config_drive": null,
            "flavor_id": "s2.xlarge.4",
            "flavor_name": "s2.xlarge.4",
            "id": "b1c13013-e7d6-4adc-9ce3-7fb867be40e1",
            "image_id": "Attempt to boot from volume - no image supplied",
            "image_name": "Standard_Ubuntu_18.04_latest",
            "key_pair": "kubernetes-develop",
            "metadata": {
              "depends_on": "c0e2eb8c-4815-4e64-b517-10760fee515b",
              "kubespray_groups": "kube-node,k8s-cluster,no-floating,",
              "ssh_user": "ubuntu",
              "use_access_ip": "1"
            },
            "name": "develop-k8s-node-nf-1",
            "network": [
              {
                "access_network": false,
                "fixed_ip_v4": "192.168.123.69",
                "fixed_ip_v6": "",
                "mac": "fa:16:3e:c8:0c:1b",
                "name": "develop",
                "port": "",
                "uuid": "d4b31dcf-afce-4253-99f8-741efd506fb7"
              }
            ],
            "power_state": "active",
            "region": "eu-de",
            "scheduler_hints": [],
            "security_groups": [
              "develop-k8s",
              "develop-k8s-worker"
            ],
            "stop_before_destroy": false,
            "tags": null,
            "timeouts": null,
            "user_data": null,
            "volume_attached": [
              {
                "id": "d7b4c969-25a0-44bf-bdcd-07677e266912"
              }
            ]
          },
          "private": "eyJlMmJmYjczMC1lY2FhLTExZTYtOGY4OC0zNDM2M2JjN2M0YzAiOnsiY3JlYXRlIjoxODAwMDAwMDAwMDAwLCJkZWxldGUiOjE4MDAwMDAwMDAwMDAsInVwZGF0ZSI6MTgwMDAwMDAwMDAwMH19",
          "dependencies": [
            "module.compute.opentelekomcloud_compute_keypair_v2.k8s",
            "module.compute.opentelekomcloud_compute_servergroup_v2.k8s_node",
            "module.compute.opentelekomcloud_networking_secgroup_v2.k8s",
            "module.compute.opentelekomcloud_networking_secgroup_v2.worker",
            "module.ips.null_resource.dummy_dependency",
            "module.ips.opentelekomcloud_networking_floatingip_v2.bastion",
            "module.network.opentelekomcloud_networking_router_v2.k8s"
          ]
        },
        {
          "index_key": 1,
          "schema_version": 0,
          "attributes": {
            "access_ip_v4": "192.168.123.244",
            "access_ip_v6": "",
            "admin_pass": null,
            "all_metadata": {
              "depends_on": "c0e2eb8c-4815-4e64-b517-10760fee515b",
              "kubespray_groups": "kube-node,k8s-cluster,no-floating,",
              "ssh_user": "ubuntu",
              "use_access_ip": "1"
            },
            "auto_recovery": true,
            "availability_zone": "eu-de-02",
            "block_device": [
              {
                "boot_index": 0,
                "delete_on_termination": true,
                "destination_type": "volume",
                "device_name": "",
                "guest_format": "",
                "source_type": "image",
                "uuid": "23d84b3a-6f4b-44d6-8a35-69904f696a74",
                "volume_size": 8,
                "volume_type": ""
              }
            ],
            "config_drive": null,
            "flavor_id": "s2.xlarge.4",
            "flavor_name": "s2.xlarge.4",
            "id": "65873f2e-9d50-44c9-9d29-1e6e14341795",
            "image_id": "Attempt to boot from volume - no image supplied",
            "image_name": "Standard_Ubuntu_18.04_latest",
            "key_pair": "kubernetes-develop",
            "metadata": {
              "depends_on": "c0e2eb8c-4815-4e64-b517-10760fee515b",
              "kubespray_groups": "kube-node,k8s-cluster,no-floating,",
              "ssh_user": "ubuntu",
              "use_access_ip": "1"
            },
            "name": "develop-k8s-node-nf-2",
            "network": [
              {
                "access_network": false,
                "fixed_ip_v4": "192.168.123.244",
                "fixed_ip_v6": "",
                "mac": "fa:16:3e:05:bd:9c",
                "name": "develop",
                "port": "",
                "uuid": "d4b31dcf-afce-4253-99f8-741efd506fb7"
              }
            ],
            "power_state": "active",
            "region": "eu-de",
            "scheduler_hints": [],
            "security_groups": [
              "develop-k8s",
              "develop-k8s-worker"
            ],
            "stop_before_destroy": false,
            "tags": null,
            "timeouts": null,
            "user_data": null,
            "volume_attached": [
              {
                "id": "9a0d6d46-4b17-4d6b-94a6-ee050685a12b"
              }
            ]
          },
          "private": "eyJlMmJmYjczMC1lY2FhLTExZTYtOGY4OC0zNDM2M2JjN2M0YzAiOnsiY3JlYXRlIjoxODAwMDAwMDAwMDAwLCJkZWxldGUiOjE4MDAwMDAwMDAwMDAsInVwZGF0ZSI6MTgwMDAwMDAwMDAwMH19",
          "dependencies": [
            "module.compute.opentelekomcloud_compute_keypair_v2.k8s",
            "module.compute.opentelekomcloud_compute_servergroup_v2.k8s_node",
            "module.compute.opentelekomcloud_networking_secgroup_v2.k8s",
            "module.compute.opentelekomcloud_networking_secgroup_v2.worker",
            "module.ips.null_resource.dummy_dependency",
            "module.ips.opentelekomcloud_networking_floatingip_v2.bastion",
            "module.network.opentelekomcloud_networking_router_v2.k8s"
          ]
        },
        {
          "index_key": 2,
          "schema_version": 0,
          "attributes": {
            "access_ip_v4": "192.168.123.238",
            "access_ip_v6": "",
            "admin_pass": null,
            "all_metadata": {
              "depends_on": "c0e2eb8c-4815-4e64-b517-10760fee515b",
              "kubespray_groups": "kube-node,k8s-cluster,no-floating,",
              "ssh_user": "ubuntu",
              "use_access_ip": "1"
            },
            "auto_recovery": true,
            "availability_zone": "eu-de-02",
            "block_device": [
              {
                "boot_index": 0,
                "delete_on_termination": true,
                "destination_type": "volume",
                "device_name": "",
                "guest_format": "",
                "source_type": "image",
                "uuid": "23d84b3a-6f4b-44d6-8a35-69904f696a74",
                "volume_size": 8,
                "volume_type": ""
              }
            ],
            "config_drive": null,
            "flavor_id": "s2.xlarge.4",
            "flavor_name": "s2.xlarge.4",
            "id": "c91ace90-f327-4cbc-8e8c-e1b293652003",
            "image_id": "Attempt to boot from volume - no image supplied",
            "image_name": "Standard_Ubuntu_18.04_latest",
            "key_pair": "kubernetes-develop",
            "metadata": {
              "depends_on": "c0e2eb8c-4815-4e64-b517-10760fee515b",
              "kubespray_groups": "kube-node,k8s-cluster,no-floating,",
              "ssh_user": "ubuntu",
              "use_access_ip": "1"
            },
            "name": "develop-k8s-node-nf-3",
            "network": [
              {
                "access_network": false,
                "fixed_ip_v4": "192.168.123.238",
                "fixed_ip_v6": "",
                "mac": "fa:16:3e:84:5c:a1",
                "name": "develop",
                "port": "",
                "uuid": "d4b31dcf-afce-4253-99f8-741efd506fb7"
              }
            ],
            "power_state": "active",
            "region": "eu-de",
            "scheduler_hints": [],
            "security_groups": [
              "develop-k8s",
              "develop-k8s-worker"
            ],
            "stop_before_destroy": false,
            "tags": null,
            "timeouts": null,
            "user_data": null,
            "volume_attached": [
              {
                "id": "06e5aa4e-dbdc-4c57-86e0-fd70d84b2573"
              }
            ]
          },
          "private": "eyJlMmJmYjczMC1lY2FhLTExZTYtOGY4OC0zNDM2M2JjN2M0YzAiOnsiY3JlYXRlIjoxODAwMDAwMDAwMDAwLCJkZWxldGUiOjE4MDAwMDAwMDAwMDAsInVwZGF0ZSI6MTgwMDAwMDAwMDAwMH19",
          "dependencies": [
            "module.compute.opentelekomcloud_compute_keypair_v2.k8s",
            "module.compute.opentelekomcloud_compute_servergroup_v2.k8s_node",
            "module.compute.opentelekomcloud_networking_secgroup_v2.k8s",
            "module.compute.opentelekomcloud_networking_secgroup_v2.worker",
            "module.ips.null_resource.dummy_dependency",
            "module.ips.opentelekomcloud_networking_floatingip_v2.bastion",
            "module.network.opentelekomcloud_networking_router_v2.k8s"
          ]
        }
      ]
    },
    {
      "module": "module.compute",
      "mode": "managed",
      "type": "opentelekomcloud_compute_keypair_v2",
      "name": "k8s",
      "provider": "provider.opentelekomcloud",
      "instances": [
        {
          "schema_version": 0,
          "attributes": {
            "id": "kubernetes-develop",
            "name": "kubernetes-develop",
            "private_key": "",
            "public_key": "ssh-rsa AAAAB3NzaC1yc2EAAAADAQABAAABAQDDBMy2EA3CHBF5Z022ko1vZ7BnFK0buct34ejSHB0VPDQLvD6xEDK6bLi1uLK/AFeW0XGSBZNpx1MO0Lr3d3KXXcCHBTqxymRazbbicW7fiRxFcvLVrMT1eipnY8/ci4vTo0lpnyDQJ/blhNdBngyXvceAmkAmqc8l+Sl3H/hEEdzImD4ULfoiUR8jTv77rAQ/u9FavNoANJdGpg5Nxoyi32uScpFLw4FqLdaBv1pZYfEa6UNYXLWhUNYp594yqFvDwTUsxy+hv7z+VJpDlJUE+swRthzl9JYBbqSuEVauQa2iSbLM+iwWBCPA3w5uC58t2KZyRlOK0TroIRlATRG1 rnoguera@ukwgpvl180",
            "region": "eu-de",
            "shared": false,
            "value_specs": null
          },
          "private": "bnVsbA=="
        }
      ]
    },
    {
      "module": "module.compute",
      "mode": "managed",
      "type": "opentelekomcloud_compute_servergroup_v2",
      "name": "k8s_etcd",
      "each": "list",
      "provider": "provider.opentelekomcloud",
      "instances": []
    },
    {
      "module": "module.compute",
      "mode": "managed",
      "type": "opentelekomcloud_compute_servergroup_v2",
      "name": "k8s_master",
      "each": "list",
      "provider": "provider.opentelekomcloud",
      "instances": []
    },
    {
      "module": "module.compute",
      "mode": "managed",
      "type": "opentelekomcloud_compute_servergroup_v2",
      "name": "k8s_node",
      "each": "list",
      "provider": "provider.opentelekomcloud",
      "instances": []
    },
    {
      "module": "module.compute",
      "mode": "managed",
      "type": "opentelekomcloud_compute_volume_attach_v2",
      "name": "glusterfs_volume",
      "each": "list",
      "provider": "provider.opentelekomcloud",
      "instances": []
    },
    {
      "module": "module.compute",
      "mode": "managed",
      "type": "opentelekomcloud_compute_volume_attach_v2",
      "name": "glusterfs_volume_custom_root_volume_size",
      "each": "list",
      "provider": "provider.opentelekomcloud",
      "instances": []
    },
    {
      "module": "module.compute",
      "mode": "managed",
      "type": "opentelekomcloud_compute_volume_attach_v2",
      "name": "volume_attachment_nfs",
      "provider": "provider.opentelekomcloud",
      "instances": [
        {
          "schema_version": 0,
          "attributes": {
            "device": "/dev/vdb",
            "id": "4adb4061-7345-403c-8ac7-dedd450588be/8001f791-7f07-498c-8c78-9d86398b0ffd",
            "instance_id": "4adb4061-7345-403c-8ac7-dedd450588be",
            "region": "eu-de",
            "timeouts": null,
            "volume_id": "8001f791-7f07-498c-8c78-9d86398b0ffd"
          },
          "private": "eyJlMmJmYjczMC1lY2FhLTExZTYtOGY4OC0zNDM2M2JjN2M0YzAiOnsiY3JlYXRlIjo2MDAwMDAwMDAwMDAsImRlbGV0ZSI6NjAwMDAwMDAwMDAwfX0=",
          "dependencies": [
            "module.compute.opentelekomcloud_blockstorage_volume_v2.nfs_expansion",
            "module.compute.opentelekomcloud_compute_instance_v2.eoepca_nfs",
            "module.compute.opentelekomcloud_compute_keypair_v2.k8s",
            "module.compute.opentelekomcloud_networking_secgroup_v2.k8s",
            "module.ips.null_resource.dummy_dependency",
            "module.ips.opentelekomcloud_networking_floatingip_v2.bastion",
            "module.network.opentelekomcloud_networking_router_v2.k8s"
          ]
        }
      ]
    },
    {
      "module": "module.ips",
      "mode": "managed",
      "type": "opentelekomcloud_networking_floatingip_v2",
      "name": "bastion",
      "each": "list",
      "provider": "provider.opentelekomcloud",
      "instances": [
        {
          "index_key": 0,
          "schema_version": 0,
          "attributes": {
            "address": "80.158.50.102",
            "fixed_ip": "",
            "id": "9b8781ca-a715-4d75-bed3-2838f6e2df34",
            "pool": "admin_external_net",
            "port_id": "",
            "region": "eu-de",
            "tenant_id": "d73e7bf60aa64a20a01752be507a1ab9",
            "timeouts": null,
            "value_specs": null
          },
          "private": "eyJlMmJmYjczMC1lY2FhLTExZTYtOGY4OC0zNDM2M2JjN2M0YzAiOnsiY3JlYXRlIjo2MDAwMDAwMDAwMDAsImRlbGV0ZSI6NjAwMDAwMDAwMDAwfX0=",
          "dependencies": [
            "module.ips.null_resource.dummy_dependency",
            "module.network.opentelekomcloud_networking_router_v2.k8s"
          ]
        }
      ]
    },
    {
      "module": "module.ips",
      "mode": "managed",
      "type": "opentelekomcloud_networking_floatingip_v2",
      "name": "k8s_master",
      "each": "list",
      "provider": "provider.opentelekomcloud",
      "instances": []
    },
    {
      "module": "module.ips",
      "mode": "managed",
      "type": "opentelekomcloud_networking_floatingip_v2",
      "name": "k8s_master_no_etcd",
      "each": "list",
      "provider": "provider.opentelekomcloud",
      "instances": []
    },
    {
      "module": "module.ips",
      "mode": "managed",
      "type": "opentelekomcloud_networking_floatingip_v2",
      "name": "k8s_node",
      "each": "list",
      "provider": "provider.opentelekomcloud",
      "instances": []
    },
    {
      "module": "module.network",
      "mode": "managed",
      "type": "opentelekomcloud_networking_network_v2",
      "name": "k8s",
      "each": "list",
      "provider": "provider.opentelekomcloud",
      "instances": [
        {
          "index_key": 0,
          "schema_version": 0,
          "attributes": {
            "admin_state_up": "true",
            "id": "d4b31dcf-afce-4253-99f8-741efd506fb7",
            "name": "develop",
            "region": "eu-de",
            "segments": [],
            "shared": "false",
            "tenant_id": "d73e7bf60aa64a20a01752be507a1ab9",
            "timeouts": null,
            "value_specs": null
          },
          "private": "eyJlMmJmYjczMC1lY2FhLTExZTYtOGY4OC0zNDM2M2JjN2M0YzAiOnsiY3JlYXRlIjo2MDAwMDAwMDAwMDAsImRlbGV0ZSI6NjAwMDAwMDAwMDAwfX0="
        }
      ]
    },
    {
      "module": "module.network",
      "mode": "managed",
      "type": "opentelekomcloud_networking_router_interface_v2",
      "name": "k8s",
      "each": "list",
      "provider": "provider.opentelekomcloud",
      "instances": [
        {
          "index_key": 0,
          "schema_version": 0,
          "attributes": {
            "id": "df51282e-4dc5-4e3b-a864-be7524256929",
            "port_id": null,
            "region": "eu-de",
            "router_id": "c0e2eb8c-4815-4e64-b517-10760fee515b",
            "subnet_id": "5777599a-21f3-47be-ba49-3e53f22fa2bf",
            "timeouts": null
          },
          "private": "eyJlMmJmYjczMC1lY2FhLTExZTYtOGY4OC0zNDM2M2JjN2M0YzAiOnsiY3JlYXRlIjo2MDAwMDAwMDAwMDAsImRlbGV0ZSI6NjAwMDAwMDAwMDAwfX0=",
          "dependencies": [
            "module.network.opentelekomcloud_networking_network_v2.k8s",
            "module.network.opentelekomcloud_networking_router_v2.k8s",
            "module.network.opentelekomcloud_networking_subnet_v2.k8s"
          ]
        }
      ]
    },
    {
      "module": "module.network",
      "mode": "managed",
      "type": "opentelekomcloud_networking_router_v2",
      "name": "k8s",
      "each": "list",
      "provider": "provider.opentelekomcloud",
      "instances": [
        {
          "index_key": 0,
          "schema_version": 0,
          "attributes": {
            "admin_state_up": true,
            "distributed": false,
            "enable_snat": true,
            "external_gateway": "0a2228f2-7f8a-45f1-8e09-9039e1d09975",
            "id": "c0e2eb8c-4815-4e64-b517-10760fee515b",
            "name": "develop-router",
            "region": "eu-de",
            "tenant_id": "d73e7bf60aa64a20a01752be507a1ab9",
            "timeouts": null,
            "value_specs": null
          },
          "private": "eyJlMmJmYjczMC1lY2FhLTExZTYtOGY4OC0zNDM2M2JjN2M0YzAiOnsiY3JlYXRlIjo2MDAwMDAwMDAwMDAsImRlbGV0ZSI6NjAwMDAwMDAwMDAwfX0="
        }
      ]
    },
    {
      "module": "module.compute",
      "mode": "managed",
      "type": "opentelekomcloud_networking_secgroup_rule_v2",
      "name": "bastion",
      "each": "list",
      "provider": "provider.opentelekomcloud",
      "instances": [
        {
          "index_key": 0,
          "schema_version": 0,
          "attributes": {
            "description": "",
            "direction": "ingress",
            "ethertype": "IPv4",
            "id": "e5423f78-0463-4c34-911f-6bf087a247de",
            "port_range_max": 22,
            "port_range_min": 22,
            "protocol": "tcp",
            "region": "eu-de",
            "remote_group_id": "",
            "remote_ip_prefix": "0.0.0.0/0",
            "security_group_id": "09a1d7cc-69cf-4b00-94ea-e29d4f75e1d5",
            "tenant_id": "d73e7bf60aa64a20a01752be507a1ab9",
            "timeouts": null
          },
          "private": "eyJlMmJmYjczMC1lY2FhLTExZTYtOGY4OC0zNDM2M2JjN2M0YzAiOnsiZGVsZXRlIjo2MDAwMDAwMDAwMDB9fQ==",
          "dependencies": [
            "module.compute.opentelekomcloud_networking_secgroup_v2.bastion"
          ]
        }
      ]
    },
    {
      "module": "module.compute",
      "mode": "managed",
      "type": "opentelekomcloud_networking_secgroup_rule_v2",
      "name": "egress",
      "each": "list",
      "provider": "provider.opentelekomcloud",
      "instances": [
        {
          "index_key": 0,
          "schema_version": 0,
          "attributes": {
            "description": "",
            "direction": "egress",
            "ethertype": "IPv4",
            "id": "c6eadc84-86d4-4b1f-91f1-5e0f7cdd8b99",
            "port_range_max": 0,
            "port_range_min": 0,
            "protocol": "",
            "region": "eu-de",
            "remote_group_id": "",
            "remote_ip_prefix": "0.0.0.0/0",
            "security_group_id": "e90d8037-d419-4309-80e5-4308c5d053e4",
            "tenant_id": "d73e7bf60aa64a20a01752be507a1ab9",
            "timeouts": null
          },
          "private": "eyJlMmJmYjczMC1lY2FhLTExZTYtOGY4OC0zNDM2M2JjN2M0YzAiOnsiZGVsZXRlIjo2MDAwMDAwMDAwMDB9fQ==",
          "dependencies": [
            "module.compute.opentelekomcloud_networking_secgroup_v2.k8s"
          ]
        }
      ]
    },
    {
      "module": "module.compute",
      "mode": "managed",
      "type": "opentelekomcloud_networking_secgroup_rule_v2",
      "name": "k8s",
      "provider": "provider.opentelekomcloud",
      "instances": [
        {
          "schema_version": 0,
          "attributes": {
            "description": "",
            "direction": "ingress",
            "ethertype": "IPv4",
            "id": "c56237c0-06b0-4c52-b1d4-0ebafa6885b1",
            "port_range_max": 0,
            "port_range_min": 0,
            "protocol": "",
            "region": "eu-de",
            "remote_group_id": "e90d8037-d419-4309-80e5-4308c5d053e4",
            "remote_ip_prefix": "",
            "security_group_id": "e90d8037-d419-4309-80e5-4308c5d053e4",
            "tenant_id": "d73e7bf60aa64a20a01752be507a1ab9",
            "timeouts": null
          },
          "private": "eyJlMmJmYjczMC1lY2FhLTExZTYtOGY4OC0zNDM2M2JjN2M0YzAiOnsiZGVsZXRlIjo2MDAwMDAwMDAwMDB9fQ==",
          "dependencies": [
            "module.compute.opentelekomcloud_networking_secgroup_v2.k8s"
          ]
        }
      ]
    },
    {
      "module": "module.compute",
      "mode": "managed",
      "type": "opentelekomcloud_networking_secgroup_rule_v2",
      "name": "k8s_allowed_remote_ips",
      "each": "list",
      "provider": "provider.opentelekomcloud",
      "instances": []
    },
    {
      "module": "module.compute",
      "mode": "managed",
      "type": "opentelekomcloud_networking_secgroup_rule_v2",
      "name": "k8s_master",
      "each": "list",
      "provider": "provider.opentelekomcloud",
      "instances": [
        {
          "index_key": 0,
          "schema_version": 0,
          "attributes": {
            "description": "",
            "direction": "ingress",
            "ethertype": "IPv4",
            "id": "3a94fc6d-97f8-4474-bb53-a8c199e3a92a",
            "port_range_max": 6443,
            "port_range_min": 6443,
            "protocol": "tcp",
            "region": "eu-de",
            "remote_group_id": "",
            "remote_ip_prefix": "0.0.0.0/0",
            "security_group_id": "24e5268e-4104-4d19-9432-5e918a889c1b",
            "tenant_id": "d73e7bf60aa64a20a01752be507a1ab9",
            "timeouts": null
          },
          "private": "eyJlMmJmYjczMC1lY2FhLTExZTYtOGY4OC0zNDM2M2JjN2M0YzAiOnsiZGVsZXRlIjo2MDAwMDAwMDAwMDB9fQ==",
          "dependencies": [
            "module.compute.opentelekomcloud_networking_secgroup_v2.k8s_master"
          ]
        }
      ]
    },
    {
      "module": "module.compute",
      "mode": "managed",
      "type": "opentelekomcloud_networking_secgroup_rule_v2",
      "name": "worker",
      "each": "list",
      "provider": "provider.opentelekomcloud",
      "instances": [
        {
          "index_key": 0,
          "schema_version": 0,
          "attributes": {
            "description": "",
            "direction": "ingress",
            "ethertype": "IPv4",
            "id": "6c7d0566-c2c3-4e2c-aea1-d3c2ed3622e8",
            "port_range_max": 32767,
            "port_range_min": 30000,
            "protocol": "tcp",
            "region": "eu-de",
            "remote_group_id": "",
            "remote_ip_prefix": "0.0.0.0/0",
            "security_group_id": "270fdd17-9524-462e-85ce-a56543bab155",
            "tenant_id": "d73e7bf60aa64a20a01752be507a1ab9",
            "timeouts": null
          },
          "private": "eyJlMmJmYjczMC1lY2FhLTExZTYtOGY4OC0zNDM2M2JjN2M0YzAiOnsiZGVsZXRlIjo2MDAwMDAwMDAwMDB9fQ==",
          "dependencies": [
            "module.compute.opentelekomcloud_networking_secgroup_v2.worker"
          ]
        }
      ]
    },
    {
      "module": "module.compute",
      "mode": "managed",
      "type": "opentelekomcloud_networking_secgroup_v2",
      "name": "bastion",
      "each": "list",
      "provider": "provider.opentelekomcloud",
      "instances": [
        {
          "index_key": 0,
          "schema_version": 0,
          "attributes": {
            "delete_default_rules": true,
            "description": "develop - Bastion Server",
            "id": "09a1d7cc-69cf-4b00-94ea-e29d4f75e1d5",
            "name": "develop-bastion",
            "region": "eu-de",
            "tenant_id": "d73e7bf60aa64a20a01752be507a1ab9",
            "timeouts": null
          },
          "private": "eyJlMmJmYjczMC1lY2FhLTExZTYtOGY4OC0zNDM2M2JjN2M0YzAiOnsiZGVsZXRlIjo2MDAwMDAwMDAwMDB9fQ=="
        }
      ]
    },
    {
      "module": "module.compute",
      "mode": "managed",
      "type": "opentelekomcloud_networking_secgroup_v2",
      "name": "k8s",
      "provider": "provider.opentelekomcloud",
      "instances": [
        {
          "schema_version": 0,
          "attributes": {
            "delete_default_rules": true,
            "description": "develop - Kubernetes",
            "id": "e90d8037-d419-4309-80e5-4308c5d053e4",
            "name": "develop-k8s",
            "region": "eu-de",
            "tenant_id": "d73e7bf60aa64a20a01752be507a1ab9",
            "timeouts": null
          },
          "private": "eyJlMmJmYjczMC1lY2FhLTExZTYtOGY4OC0zNDM2M2JjN2M0YzAiOnsiZGVsZXRlIjo2MDAwMDAwMDAwMDB9fQ=="
        }
      ]
    },
    {
      "module": "module.compute",
      "mode": "managed",
      "type": "opentelekomcloud_networking_secgroup_v2",
      "name": "k8s_master",
      "provider": "provider.opentelekomcloud",
      "instances": [
        {
          "schema_version": 0,
          "attributes": {
            "delete_default_rules": true,
            "description": "develop - Kubernetes Master",
            "id": "24e5268e-4104-4d19-9432-5e918a889c1b",
            "name": "develop-k8s-master",
            "region": "eu-de",
            "tenant_id": "d73e7bf60aa64a20a01752be507a1ab9",
            "timeouts": null
          },
          "private": "eyJlMmJmYjczMC1lY2FhLTExZTYtOGY4OC0zNDM2M2JjN2M0YzAiOnsiZGVsZXRlIjo2MDAwMDAwMDAwMDB9fQ=="
        }
      ]
    },
    {
      "module": "module.compute",
      "mode": "managed",
      "type": "opentelekomcloud_networking_secgroup_v2",
      "name": "worker",
      "provider": "provider.opentelekomcloud",
      "instances": [
        {
          "schema_version": 0,
          "attributes": {
            "delete_default_rules": true,
            "description": "develop - Kubernetes worker nodes",
            "id": "270fdd17-9524-462e-85ce-a56543bab155",
            "name": "develop-k8s-worker",
            "region": "eu-de",
            "tenant_id": "d73e7bf60aa64a20a01752be507a1ab9",
            "timeouts": null
          },
          "private": "eyJlMmJmYjczMC1lY2FhLTExZTYtOGY4OC0zNDM2M2JjN2M0YzAiOnsiZGVsZXRlIjo2MDAwMDAwMDAwMDB9fQ=="
        }
      ]
    },
    {
      "module": "module.network",
      "mode": "managed",
      "type": "opentelekomcloud_networking_subnet_v2",
      "name": "k8s",
      "each": "list",
      "provider": "provider.opentelekomcloud",
      "instances": [
        {
          "index_key": 0,
          "schema_version": 0,
          "attributes": {
            "allocation_pools": [
              {
                "end": "192.168.123.252",
                "start": "192.168.123.2"
              }
            ],
            "cidr": "192.168.123.0/24",
            "dns_nameservers": [
              "8.8.4.4",
              "8.8.8.8"
            ],
            "enable_dhcp": true,
            "gateway_ip": "192.168.123.1",
            "host_routes": [],
            "id": "5777599a-21f3-47be-ba49-3e53f22fa2bf",
            "ip_version": 4,
            "name": "develop-internal-network",
            "network_id": "d4b31dcf-afce-4253-99f8-741efd506fb7",
            "no_gateway": null,
            "region": "eu-de",
            "tenant_id": "d73e7bf60aa64a20a01752be507a1ab9",
            "timeouts": null,
            "value_specs": null
          },
          "private": "eyJlMmJmYjczMC1lY2FhLTExZTYtOGY4OC0zNDM2M2JjN2M0YzAiOnsiY3JlYXRlIjo2MDAwMDAwMDAwMDAsImRlbGV0ZSI6NjAwMDAwMDAwMDAwfX0=",
          "dependencies": [
            "module.network.opentelekomcloud_networking_network_v2.k8s"
          ]
        }
      ]
    }
  ]
}
