dependencies:
- name: vs
  repository: https://charts-public.hub.eox.at/
  version: 0.3.21
- name: catalogue
  repository: file://../rm-resource-catalogue
  version: 0.1.5
digest: sha256:4ef589a3cfe1a93888972106e25ae1e771ff4c35a0412d9148eb6add4b722199
generated: "2021-03-08T15:38:31.052938647+01:00"
