dependencies:
- name: vs
  repository: https://charts-public.hub.eox.at/
  version: 0.3.22
- name: rm-resource-catalogue
  repository: file://../rm-resource-catalogue
  version: 0.1.5
digest: sha256:784a5df7426704252bf98ef4c54d2a37c830b0e25f2dea73bcc3eb0c077b2dee
generated: "2021-03-08T16:34:31.57112743+01:00"
