{
  "version": 4,
  "terraform_version": "0.12.29",
  "serial": 793,
  "lineage": "a57cc5b7-6bd5-741f-baf3-d55686d37421",
  "outputs": {},
  "resources": [
    {
      "module": "module.nfs-provisioner",
      "mode": "managed",
      "type": "kubernetes_cluster_role",
      "name": "nfs_client_provisioner_runner",
      "provider": "provider.kubernetes",
      "instances": [
        {
          "schema_version": 0,
          "attributes": {
            "aggregation_rule": [],
            "id": "nfs-client-provisioner-runner",
            "metadata": [
              {
                "annotations": {},
                "generation": 0,
                "labels": {},
                "name": "nfs-client-provisioner-runner",
                "resource_version": "15135",
                "self_link": "/apis/rbac.authorization.k8s.io/v1/clusterroles/nfs-client-provisioner-runner",
                "uid": "43011492-487f-4b08-b903-8c3931898837"
              }
            ],
            "rule": [
              {
                "api_groups": [
                  ""
                ],
                "non_resource_urls": [],
                "resource_names": [],
                "resources": [
                  "persistentvolumes"
                ],
                "verbs": [
                  "get",
                  "list",
                  "watch",
                  "create",
                  "delete"
                ]
              },
              {
                "api_groups": [
                  ""
                ],
                "non_resource_urls": [],
                "resource_names": [],
                "resources": [
                  "persistentvolumeclaims"
                ],
                "verbs": [
                  "get",
                  "list",
                  "watch",
                  "update"
                ]
              },
              {
                "api_groups": [
                  "storage.k8s.io"
                ],
                "non_resource_urls": [],
                "resource_names": [],
                "resources": [
                  "storageclasses"
                ],
                "verbs": [
                  "get",
                  "list",
                  "watch"
                ]
              },
              {
                "api_groups": [
                  ""
                ],
                "non_resource_urls": [],
                "resource_names": [],
                "resources": [
                  "events"
                ],
                "verbs": [
                  "create",
                  "update",
                  "patch"
                ]
              }
            ]
          },
          "private": "bnVsbA=="
        }
      ]
    },
    {
      "module": "module.nfs-provisioner",
      "mode": "managed",
      "type": "kubernetes_cluster_role_binding",
      "name": "run_nfs_client_provisioner",
      "provider": "provider.kubernetes",
      "instances": [
        {
          "schema_version": 0,
          "attributes": {
            "id": "run-nfs-client-provisioner",
            "metadata": [
              {
                "annotations": {},
                "generation": 0,
                "labels": {},
                "name": "run-nfs-client-provisioner",
                "resource_version": "15129",
                "self_link": "/apis/rbac.authorization.k8s.io/v1/clusterrolebindings/run-nfs-client-provisioner",
                "uid": "3981d037-3378-40b5-94e1-616acb6fb59a"
              }
            ],
            "role_ref": [
              {
                "api_group": "rbac.authorization.k8s.io",
                "kind": "ClusterRole",
                "name": "nfs-client-provisioner-runner"
              }
            ],
            "subject": [
              {
                "api_group": "",
                "kind": "ServiceAccount",
                "name": "nfs-client-provisioner",
                "namespace": "default"
              }
            ]
          },
          "private": "bnVsbA=="
        }
      ]
    },
    {
      "module": "module.nfs-provisioner",
      "mode": "managed",
      "type": "kubernetes_deployment",
      "name": "nfs_client_provisioner",
      "each": "list",
      "provider": "provider.kubernetes",
      "instances": [
        {
          "index_key": 0,
          "schema_version": 0,
          "attributes": {
            "id": "default/nfs-client-provisioner",
            "metadata": [
              {
                "annotations": {},
                "generate_name": "",
                "generation": 1,
                "labels": {
                  "app": "nfs-client-provisioner"
                },
                "name": "nfs-client-provisioner",
                "namespace": "default",
                "resource_version": "52049200",
                "self_link": "/apis/apps/v1/namespaces/default/deployments/nfs-client-provisioner",
                "uid": "09f5bfb5-13ee-42c5-af08-ba01ca85f17c"
              }
            ],
            "spec": [
              {
                "min_ready_seconds": 0,
                "paused": false,
                "progress_deadline_seconds": 600,
                "replicas": 1,
                "revision_history_limit": 10,
                "selector": [
                  {
                    "match_expressions": [],
                    "match_labels": {
                      "app": "nfs-client-provisioner"
                    }
                  }
                ],
                "strategy": [
                  {
                    "rolling_update": [],
                    "type": "Recreate"
                  }
                ],
                "template": [
                  {
                    "metadata": [
                      {
                        "annotations": {},
                        "generate_name": "",
                        "generation": 0,
                        "labels": {
                          "app": "nfs-client-provisioner"
                        },
                        "name": "",
                        "namespace": "",
                        "resource_version": "",
                        "self_link": "",
                        "uid": ""
                      }
                    ],
                    "spec": [
                      {
                        "active_deadline_seconds": 0,
                        "affinity": [],
                        "automount_service_account_token": true,
                        "container": [
                          {
                            "args": [],
                            "command": [],
                            "env": [
                              {
                                "name": "PROVISIONER_NAME",
                                "value": "nfs-storage",
                                "value_from": []
                              },
                              {
                                "name": "NFS_SERVER",
                                "value": "192.168.123.10",
                                "value_from": []
                              },
                              {
                                "name": "NFS_PATH",
                                "value": "/data/dynamic",
                                "value_from": []
                              }
                            ],
                            "env_from": [],
                            "image": "quay.io/external_storage/nfs-client-provisioner:latest",
                            "image_pull_policy": "Always",
                            "lifecycle": [],
                            "liveness_probe": [],
                            "name": "nfs-client-provisioner",
                            "port": [],
                            "readiness_probe": [],
                            "resources": [
                              {
                                "limits": [],
                                "requests": []
                              }
                            ],
                            "security_context": [],
                            "startup_probe": [],
                            "stdin": false,
                            "stdin_once": false,
                            "termination_message_path": "/dev/termination-log",
                            "termination_message_policy": "File",
                            "tty": false,
                            "volume_mount": [
                              {
                                "mount_path": "/persistentvolumes",
                                "mount_propagation": "None",
                                "name": "nfs-client-root",
                                "read_only": false,
                                "sub_path": ""
                              }
                            ],
                            "working_dir": ""
                          }
                        ],
                        "dns_config": [],
                        "dns_policy": "ClusterFirst",
                        "host_aliases": [],
                        "host_ipc": false,
                        "host_network": false,
                        "host_pid": false,
                        "hostname": "",
                        "image_pull_secrets": [],
                        "init_container": [],
                        "node_name": "",
                        "node_selector": {},
                        "priority_class_name": "",
                        "restart_policy": "Always",
                        "security_context": [],
                        "service_account_name": "nfs-client-provisioner",
                        "share_process_namespace": false,
                        "subdomain": "",
                        "termination_grace_period_seconds": 30,
                        "toleration": [],
                        "volume": [
                          {
                            "aws_elastic_block_store": [],
                            "azure_disk": [],
                            "azure_file": [],
                            "ceph_fs": [],
                            "cinder": [],
                            "config_map": [],
                            "csi": [],
                            "downward_api": [],
                            "empty_dir": [],
                            "fc": [],
                            "flex_volume": [],
                            "flocker": [],
                            "gce_persistent_disk": [],
                            "git_repo": [],
                            "glusterfs": [],
                            "host_path": [],
                            "iscsi": [],
                            "local": [],
                            "name": "nfs-client-root",
                            "nfs": [
                              {
                                "path": "/data/dynamic",
                                "read_only": false,
                                "server": "192.168.123.10"
                              }
                            ],
                            "persistent_volume_claim": [],
                            "photon_persistent_disk": [],
                            "projected": [],
                            "quobyte": [],
                            "rbd": [],
                            "secret": [],
                            "vsphere_volume": []
                          }
                        ]
                      }
                    ]
                  }
                ]
              }
            ],
            "timeouts": null,
            "wait_for_rollout": true
          },
          "private": "eyJlMmJmYjczMC1lY2FhLTExZTYtOGY4OC0zNDM2M2JjN2M0YzAiOnsiY3JlYXRlIjo2MDAwMDAwMDAwMDAsImRlbGV0ZSI6NjAwMDAwMDAwMDAwLCJ1cGRhdGUiOjYwMDAwMDAwMDAwMH19"
        }
      ]
    },
    {
      "module": "module.storage",
      "mode": "managed",
      "type": "kubernetes_persistent_volume",
      "name": "eoepca_proc_pv",
      "each": "list",
      "provider": "provider.kubernetes",
      "instances": [
        {
          "index_key": 0,
          "schema_version": 0,
          "attributes": {
            "id": "eoepca-proc-pv",
            "metadata": [
              {
                "annotations": {},
                "generation": 0,
                "labels": {
                  "eoepca_type": "proc"
                },
                "name": "eoepca-proc-pv",
                "resource_version": "15192",
                "self_link": "/api/v1/persistentvolumes/eoepca-proc-pv",
                "uid": "1918da2c-9e71-43e0-a174-4aa0b4ed08c3"
              }
            ],
            "spec": [
              {
                "access_modes": [
                  "ReadWriteMany"
                ],
                "capacity": {
                  "storage": "5Gi"
                },
                "mount_options": [],
                "node_affinity": [],
                "persistent_volume_reclaim_policy": "Retain",
                "persistent_volume_source": [
                  {
                    "aws_elastic_block_store": [],
                    "azure_disk": [],
                    "azure_file": [],
                    "ceph_fs": [],
                    "cinder": [],
                    "csi": [],
                    "fc": [],
                    "flex_volume": [],
                    "flocker": [],
                    "gce_persistent_disk": [],
                    "glusterfs": [],
                    "host_path": [],
                    "iscsi": [],
                    "local": [],
                    "nfs": [
                      {
                        "path": "/data/proc",
                        "read_only": false,
                        "server": "192.168.123.10"
                      }
                    ],
                    "photon_persistent_disk": [],
                    "quobyte": [],
                    "rbd": [],
                    "vsphere_volume": []
                  }
                ],
                "storage_class_name": "eoepca-nfs",
                "volume_mode": "Filesystem"
              }
            ],
            "timeouts": null
          },
          "private": "eyJlMmJmYjczMC1lY2FhLTExZTYtOGY4OC0zNDM2M2JjN2M0YzAiOnsiY3JlYXRlIjozMDAwMDAwMDAwMDB9fQ=="
        }
      ]
    },
    {
      "module": "module.storage",
      "mode": "managed",
      "type": "kubernetes_persistent_volume",
      "name": "eoepca_proc_pv_host",
      "each": "list",
      "provider": "provider.kubernetes",
      "instances": []
    },
    {
      "module": "module.storage",
      "mode": "managed",
      "type": "kubernetes_persistent_volume",
      "name": "eoepca_resman_pv",
      "each": "list",
      "provider": "provider.kubernetes",
      "instances": [
        {
          "index_key": 0,
          "schema_version": 0,
          "attributes": {
            "id": "eoepca-resman-pv",
            "metadata": [
              {
                "annotations": {},
                "generation": 0,
                "labels": {
                  "eoepca_type": "resman"
                },
                "name": "eoepca-resman-pv",
                "resource_version": "15183",
                "self_link": "/api/v1/persistentvolumes/eoepca-resman-pv",
                "uid": "fb2b012e-fdc1-467e-9a50-c1f13106de1e"
              }
            ],
            "spec": [
              {
                "access_modes": [
                  "ReadWriteMany"
                ],
                "capacity": {
                  "storage": "5Gi"
                },
                "mount_options": [],
                "node_affinity": [],
                "persistent_volume_reclaim_policy": "Retain",
                "persistent_volume_source": [
                  {
                    "aws_elastic_block_store": [],
                    "azure_disk": [],
                    "azure_file": [],
                    "ceph_fs": [],
                    "cinder": [],
                    "csi": [],
                    "fc": [],
                    "flex_volume": [],
                    "flocker": [],
                    "gce_persistent_disk": [],
                    "glusterfs": [],
                    "host_path": [],
                    "iscsi": [],
                    "local": [],
                    "nfs": [
                      {
                        "path": "/data/resman",
                        "read_only": false,
                        "server": "192.168.123.10"
                      }
                    ],
                    "photon_persistent_disk": [],
                    "quobyte": [],
                    "rbd": [],
                    "vsphere_volume": []
                  }
                ],
                "storage_class_name": "eoepca-nfs",
                "volume_mode": "Filesystem"
              }
            ],
            "timeouts": null
          },
          "private": "eyJlMmJmYjczMC1lY2FhLTExZTYtOGY4OC0zNDM2M2JjN2M0YzAiOnsiY3JlYXRlIjozMDAwMDAwMDAwMDB9fQ=="
        }
      ]
    },
    {
      "module": "module.storage",
      "mode": "managed",
      "type": "kubernetes_persistent_volume",
      "name": "eoepca_resman_pv_host",
      "each": "list",
      "provider": "provider.kubernetes",
      "instances": []
    },
    {
      "module": "module.storage",
      "mode": "managed",
      "type": "kubernetes_persistent_volume",
      "name": "eoepca_userman_pv",
      "each": "list",
      "provider": "provider.kubernetes",
      "instances": [
        {
          "index_key": 0,
          "schema_version": 0,
          "attributes": {
            "id": "eoepca-userman-pv",
            "metadata": [
              {
                "annotations": {},
                "generation": 0,
                "labels": {
                  "eoepca_type": "userman"
                },
                "name": "eoepca-userman-pv",
                "resource_version": "15188",
                "self_link": "/api/v1/persistentvolumes/eoepca-userman-pv",
                "uid": "9e214019-8bbf-44aa-a75c-fea47f9e4a42"
              }
            ],
            "spec": [
              {
                "access_modes": [
                  "ReadWriteMany"
                ],
                "capacity": {
                  "storage": "5Gi"
                },
                "mount_options": [],
                "node_affinity": [],
                "persistent_volume_reclaim_policy": "Retain",
                "persistent_volume_source": [
                  {
                    "aws_elastic_block_store": [],
                    "azure_disk": [],
                    "azure_file": [],
                    "ceph_fs": [],
                    "cinder": [],
                    "csi": [],
                    "fc": [],
                    "flex_volume": [],
                    "flocker": [],
                    "gce_persistent_disk": [],
                    "glusterfs": [],
                    "host_path": [],
                    "iscsi": [],
                    "local": [],
                    "nfs": [
                      {
                        "path": "/data/userman",
                        "read_only": false,
                        "server": "192.168.123.10"
                      }
                    ],
                    "photon_persistent_disk": [],
                    "quobyte": [],
                    "rbd": [],
                    "vsphere_volume": []
                  }
                ],
                "storage_class_name": "eoepca-nfs",
                "volume_mode": "Filesystem"
              }
            ],
            "timeouts": null
          },
          "private": "eyJlMmJmYjczMC1lY2FhLTExZTYtOGY4OC0zNDM2M2JjN2M0YzAiOnsiY3JlYXRlIjozMDAwMDAwMDAwMDB9fQ=="
        }
      ]
    },
    {
      "module": "module.storage",
      "mode": "managed",
      "type": "kubernetes_persistent_volume",
      "name": "eoepca_userman_pv_host",
      "each": "list",
      "provider": "provider.kubernetes",
      "instances": []
    },
    {
      "module": "module.storage",
      "mode": "managed",
      "type": "kubernetes_persistent_volume_claim",
      "name": "eoepca_pvc",
      "provider": "provider.kubernetes",
      "instances": [
        {
          "schema_version": 0,
          "attributes": {
            "id": "default/eoepca-pvc",
            "metadata": [
              {
                "annotations": {},
                "generate_name": "",
                "generation": 0,
                "labels": {
                  "eoepca_type": "proc"
                },
                "name": "eoepca-pvc",
                "namespace": "default",
                "resource_version": "15194",
                "self_link": "/api/v1/namespaces/default/persistentvolumeclaims/eoepca-pvc",
                "uid": "c83ca7ae-4291-4f68-bacd-9e269dfb59d9"
              }
            ],
            "spec": [
              {
                "access_modes": [
                  "ReadWriteMany"
                ],
                "resources": [
                  {
                    "limits": {},
                    "requests": {
                      "storage": "3Gi"
                    }
                  }
                ],
                "selector": [
                  {
                    "match_expressions": [],
                    "match_labels": {
                      "eoepca_type": "proc"
                    }
                  }
                ],
                "storage_class_name": "eoepca-nfs",
                "volume_name": "eoepca-proc-pv"
              }
            ],
            "timeouts": null,
            "wait_until_bound": true
          },
          "private": "eyJlMmJmYjczMC1lY2FhLTExZTYtOGY4OC0zNDM2M2JjN2M0YzAiOnsiY3JlYXRlIjozMDAwMDAwMDAwMDB9fQ=="
        }
      ]
    },
    {
      "module": "module.storage",
      "mode": "managed",
      "type": "kubernetes_persistent_volume_claim",
      "name": "eoepca_resman_pvc",
      "provider": "provider.kubernetes",
      "instances": [
        {
          "schema_version": 0,
          "attributes": {
            "id": "default/eoepca-resman-pvc",
            "metadata": [
              {
                "annotations": {},
                "generate_name": "",
                "generation": 0,
                "labels": {
                  "eoepca_type": "resman"
                },
                "name": "eoepca-resman-pvc",
                "namespace": "default",
                "resource_version": "15186",
                "self_link": "/api/v1/namespaces/default/persistentvolumeclaims/eoepca-resman-pvc",
                "uid": "3183d5e0-798a-4e75-bc62-cfb2d23f2d9e"
              }
            ],
            "spec": [
              {
                "access_modes": [
                  "ReadWriteMany"
                ],
                "resources": [
                  {
                    "limits": {},
                    "requests": {
                      "storage": "3Gi"
                    }
                  }
                ],
                "selector": [
                  {
                    "match_expressions": [],
                    "match_labels": {
                      "eoepca_type": "resman"
                    }
                  }
                ],
                "storage_class_name": "eoepca-nfs",
                "volume_name": "eoepca-resman-pv"
              }
            ],
            "timeouts": null,
            "wait_until_bound": true
          },
          "private": "eyJlMmJmYjczMC1lY2FhLTExZTYtOGY4OC0zNDM2M2JjN2M0YzAiOnsiY3JlYXRlIjozMDAwMDAwMDAwMDB9fQ=="
        }
      ]
    },
    {
      "module": "module.storage",
      "mode": "managed",
      "type": "kubernetes_persistent_volume_claim",
      "name": "eoepca_userman_pvc",
      "provider": "provider.kubernetes",
      "instances": [
        {
          "schema_version": 0,
          "attributes": {
            "id": "default/eoepca-userman-pvc",
            "metadata": [
              {
                "annotations": {},
                "generate_name": "",
                "generation": 0,
                "labels": {
                  "eoepca_type": "userman"
                },
                "name": "eoepca-userman-pvc",
                "namespace": "default",
                "resource_version": "15190",
                "self_link": "/api/v1/namespaces/default/persistentvolumeclaims/eoepca-userman-pvc",
                "uid": "a03caa87-356a-4e0c-a180-80243a286b4d"
              }
            ],
            "spec": [
              {
                "access_modes": [
                  "ReadWriteMany"
                ],
                "resources": [
                  {
                    "limits": {},
                    "requests": {
                      "storage": "3Gi"
                    }
                  }
                ],
                "selector": [
                  {
                    "match_expressions": [],
                    "match_labels": {
                      "eoepca_type": "userman"
                    }
                  }
                ],
                "storage_class_name": "eoepca-nfs",
                "volume_name": "eoepca-userman-pv"
              }
            ],
            "timeouts": null,
            "wait_until_bound": true
          },
          "private": "eyJlMmJmYjczMC1lY2FhLTExZTYtOGY4OC0zNDM2M2JjN2M0YzAiOnsiY3JlYXRlIjozMDAwMDAwMDAwMDB9fQ=="
        }
      ]
    },
    {
      "module": "module.nfs-provisioner",
      "mode": "managed",
      "type": "kubernetes_role",
      "name": "leader_locking_nfs_client_provisioner",
      "provider": "provider.kubernetes",
      "instances": [
        {
          "schema_version": 0,
          "attributes": {
            "id": "default/leader-locking-nfs-client-provisioner",
            "metadata": [
              {
                "annotations": {},
                "generate_name": "",
                "generation": 0,
                "labels": {},
                "name": "leader-locking-nfs-client-provisioner",
                "namespace": "default",
                "resource_version": "15147",
                "self_link": "/apis/rbac.authorization.k8s.io/v1/namespaces/default/roles/leader-locking-nfs-client-provisioner",
                "uid": "56758a5a-f1ca-47a7-a5e9-5804c1173347"
              }
            ],
            "rule": [
              {
                "api_groups": [
                  ""
                ],
                "resource_names": [],
                "resources": [
                  "endpoints"
                ],
                "verbs": [
                  "create",
                  "get",
                  "list",
                  "patch",
                  "update",
                  "watch"
                ]
              }
            ]
          },
          "private": "bnVsbA=="
        }
      ]
    },
    {
      "mode": "managed",
      "type": "kubernetes_role_binding",
      "name": "default_admin",
      "provider": "provider.kubernetes",
      "instances": [
        {
          "schema_version": 0,
          "attributes": {
            "id": "default/default-admin",
            "metadata": [
              {
                "annotations": {},
                "generation": 0,
                "labels": {},
                "name": "default-admin",
                "namespace": "default",
                "resource_version": "15130",
                "self_link": "/apis/rbac.authorization.k8s.io/v1/namespaces/default/rolebindings/default-admin",
                "uid": "59c7189b-5669-4355-96a5-a500571d53e9"
              }
            ],
            "role_ref": [
              {
                "api_group": "rbac.authorization.k8s.io",
                "kind": "ClusterRole",
                "name": "admin"
              }
            ],
            "subject": [
              {
                "api_group": "",
                "kind": "ServiceAccount",
                "name": "default",
                "namespace": "default"
              }
            ]
          },
          "private": "bnVsbA=="
        }
      ]
    },
    {
      "module": "module.nfs-provisioner",
      "mode": "managed",
      "type": "kubernetes_role_binding",
      "name": "leader_locking_nfs_client_provisioner",
      "provider": "provider.kubernetes",
      "instances": [
        {
          "schema_version": 0,
          "attributes": {
            "id": "default/leader-locking-nfs-client-provisioner",
            "metadata": [
              {
                "annotations": {},
                "generation": 0,
                "labels": {},
                "name": "leader-locking-nfs-client-provisioner",
                "namespace": "default",
                "resource_version": "15149",
                "self_link": "/apis/rbac.authorization.k8s.io/v1/namespaces/default/rolebindings/leader-locking-nfs-client-provisioner",
                "uid": "f01c37b1-ea62-4b93-b285-183800cbc40e"
              }
            ],
            "role_ref": [
              {
                "api_group": "rbac.authorization.k8s.io",
                "kind": "Role",
                "name": "leader-locking-nfs-client-provisioner"
              }
            ],
            "subject": [
              {
                "api_group": "",
                "kind": "ServiceAccount",
                "name": "nfs-client-provisioner",
                "namespace": "default"
              }
            ]
          },
          "private": "bnVsbA=="
        }
      ]
    },
    {
      "module": "module.nfs-provisioner",
      "mode": "managed",
      "type": "kubernetes_service_account",
      "name": "nfs_client_provisioner",
      "provider": "provider.kubernetes",
      "instances": [
        {
          "schema_version": 0,
          "attributes": {
            "automount_service_account_token": false,
            "default_secret_name": "nfs-client-provisioner-token-nkcp2",
            "id": "default/nfs-client-provisioner",
            "image_pull_secret": [],
            "metadata": [
              {
                "annotations": {},
                "generate_name": "",
                "generation": 0,
                "labels": {},
                "name": "nfs-client-provisioner",
                "namespace": "default",
                "resource_version": "15139",
                "self_link": "/api/v1/namespaces/default/serviceaccounts/nfs-client-provisioner",
                "uid": "c3e577b2-ae69-4f70-9e10-dd7d65d9cc03"
              }
            ],
            "secret": [],
            "timeouts": null
          },
          "private": "eyJlMmJmYjczMC1lY2FhLTExZTYtOGY4OC0zNDM2M2JjN2M0YzAiOnsiY3JlYXRlIjozMDAwMDAwMDAwMH19"
        }
      ]
    },
    {
      "module": "module.nfs-provisioner",
      "mode": "managed",
      "type": "kubernetes_storage_class",
      "name": "managed_nfs_storage",
      "provider": "provider.kubernetes",
      "instances": [
        {
          "schema_version": 0,
          "attributes": {
            "allow_volume_expansion": true,
            "id": "managed-nfs-storage",
            "metadata": [
              {
                "annotations": {},
                "generate_name": "",
                "generation": 0,
                "labels": {},
                "name": "managed-nfs-storage",
                "resource_version": "15148",
                "self_link": "/apis/storage.k8s.io/v1/storageclasses/managed-nfs-storage",
                "uid": "0f94335d-52cb-4884-bd35-d081e9b3b6ea"
              }
            ],
            "mount_options": [],
            "parameters": {},
            "reclaim_policy": "Retain",
            "storage_provisioner": "nfs-storage",
            "volume_binding_mode": "Immediate"
          },
          "private": "bnVsbA=="
        }
      ]
    }
  ]
}
