{
  "version": 4,
  "terraform_version": "0.12.29",
  "serial": 824,
  "lineage": "a57cc5b7-6bd5-741f-baf3-d55686d37421",
  "outputs": {},
  "resources": [
    {
      "module": "module.nfs-provisioner",
      "mode": "managed",
      "type": "kubernetes_cluster_role",
      "name": "nfs_client_provisioner_runner",
      "provider": "provider.kubernetes",
      "instances": [
        {
          "schema_version": 0,
          "attributes": {
            "aggregation_rule": [],
            "id": "nfs-client-provisioner-runner",
            "metadata": [
              {
                "annotations": {},
                "generation": 0,
                "labels": {},
                "name": "nfs-client-provisioner-runner",
                "resource_version": "54305645",
                "self_link": "/apis/rbac.authorization.k8s.io/v1/clusterroles/nfs-client-provisioner-runner",
                "uid": "9b124cb7-f542-47e0-94c5-85341dd8b63c"
              }
            ],
            "rule": [
              {
                "api_groups": [
                  ""
                ],
                "non_resource_urls": [],
                "resource_names": [],
                "resources": [
                  "persistentvolumes"
                ],
                "verbs": [
                  "get",
                  "list",
                  "watch",
                  "create",
                  "delete"
                ]
              },
              {
                "api_groups": [
                  ""
                ],
                "non_resource_urls": [],
                "resource_names": [],
                "resources": [
                  "persistentvolumeclaims"
                ],
                "verbs": [
                  "get",
                  "list",
                  "watch",
                  "update"
                ]
              },
              {
                "api_groups": [
                  "storage.k8s.io"
                ],
                "non_resource_urls": [],
                "resource_names": [],
                "resources": [
                  "storageclasses"
                ],
                "verbs": [
                  "get",
                  "list",
                  "watch"
                ]
              },
              {
                "api_groups": [
                  ""
                ],
                "non_resource_urls": [],
                "resource_names": [],
                "resources": [
                  "events"
                ],
                "verbs": [
                  "create",
                  "update",
                  "patch"
                ]
              }
            ]
          },
          "private": "bnVsbA=="
        }
      ]
    },
    {
      "module": "module.nfs-provisioner",
      "mode": "managed",
      "type": "kubernetes_cluster_role_binding",
      "name": "run_nfs_client_provisioner",
      "provider": "provider.kubernetes",
      "instances": [
        {
          "schema_version": 0,
          "attributes": {
            "id": "run-nfs-client-provisioner",
            "metadata": [
              {
                "annotations": {},
                "generation": 0,
                "labels": {},
                "name": "run-nfs-client-provisioner",
                "resource_version": "54305643",
                "self_link": "/apis/rbac.authorization.k8s.io/v1/clusterrolebindings/run-nfs-client-provisioner",
                "uid": "7e168993-f8ea-4770-bde2-e26b8ae70c0c"
              }
            ],
            "role_ref": [
              {
                "api_group": "rbac.authorization.k8s.io",
                "kind": "ClusterRole",
                "name": "nfs-client-provisioner-runner"
              }
            ],
            "subject": [
              {
                "api_group": "",
                "kind": "ServiceAccount",
                "name": "nfs-client-provisioner",
                "namespace": "default"
              }
            ]
          },
          "private": "bnVsbA=="
        }
      ]
    },
    {
      "module": "module.nfs-provisioner",
      "mode": "managed",
      "type": "kubernetes_deployment",
      "name": "nfs_client_provisioner",
      "each": "list",
      "provider": "provider.kubernetes",
      "instances": [
        {
          "index_key": 0,
          "schema_version": 0,
          "attributes": {
            "id": "default/nfs-client-provisioner",
            "metadata": [
              {
                "annotations": {},
                "generate_name": "",
                "generation": 1,
                "labels": {
                  "app": "nfs-client-provisioner"
                },
                "name": "nfs-client-provisioner",
                "namespace": "default",
                "resource_version": "54773410",
                "self_link": "/apis/apps/v1/namespaces/default/deployments/nfs-client-provisioner",
                "uid": "c15c06b2-8736-4c3d-9905-5bd84a72333f"
              }
            ],
            "spec": [
              {
                "min_ready_seconds": 0,
                "paused": false,
                "progress_deadline_seconds": 600,
                "replicas": 1,
                "revision_history_limit": 10,
                "selector": [
                  {
                    "match_expressions": [],
                    "match_labels": {
                      "app": "nfs-client-provisioner"
                    }
                  }
                ],
                "strategy": [
                  {
                    "rolling_update": [],
                    "type": "Recreate"
                  }
                ],
                "template": [
                  {
                    "metadata": [
                      {
                        "annotations": {},
                        "generate_name": "",
                        "generation": 0,
                        "labels": {
                          "app": "nfs-client-provisioner"
                        },
                        "name": "",
                        "namespace": "",
                        "resource_version": "",
                        "self_link": "",
                        "uid": ""
                      }
                    ],
                    "spec": [
                      {
                        "active_deadline_seconds": 0,
                        "affinity": [],
                        "automount_service_account_token": true,
                        "container": [
                          {
                            "args": [],
                            "command": [],
                            "env": [
                              {
                                "name": "PROVISIONER_NAME",
                                "value": "nfs-storage",
                                "value_from": []
                              },
                              {
                                "name": "NFS_SERVER",
                                "value": "192.168.123.10",
                                "value_from": []
                              },
                              {
                                "name": "NFS_PATH",
                                "value": "/data/dynamic",
                                "value_from": []
                              }
                            ],
                            "env_from": [],
                            "image": "quay.io/external_storage/nfs-client-provisioner:latest",
                            "image_pull_policy": "Always",
                            "lifecycle": [],
                            "liveness_probe": [],
                            "name": "nfs-client-provisioner",
                            "port": [],
                            "readiness_probe": [],
                            "resources": [
                              {
                                "limits": [],
                                "requests": []
                              }
                            ],
                            "security_context": [],
                            "startup_probe": [],
                            "stdin": false,
                            "stdin_once": false,
                            "termination_message_path": "/dev/termination-log",
                            "termination_message_policy": "File",
                            "tty": false,
                            "volume_mount": [
                              {
                                "mount_path": "/persistentvolumes",
                                "mount_propagation": "None",
                                "name": "nfs-client-root",
                                "read_only": false,
                                "sub_path": ""
                              }
                            ],
                            "working_dir": ""
                          }
                        ],
                        "dns_config": [],
                        "dns_policy": "ClusterFirst",
                        "host_aliases": [],
                        "host_ipc": false,
                        "host_network": false,
                        "host_pid": false,
                        "hostname": "",
                        "image_pull_secrets": [],
                        "init_container": [],
                        "node_name": "",
                        "node_selector": {},
                        "priority_class_name": "",
                        "restart_policy": "Always",
                        "security_context": [],
                        "service_account_name": "nfs-client-provisioner",
                        "share_process_namespace": false,
                        "subdomain": "",
                        "termination_grace_period_seconds": 30,
                        "toleration": [],
                        "volume": [
                          {
                            "aws_elastic_block_store": [],
                            "azure_disk": [],
                            "azure_file": [],
                            "ceph_fs": [],
                            "cinder": [],
                            "config_map": [],
                            "csi": [],
                            "downward_api": [],
                            "empty_dir": [],
                            "fc": [],
                            "flex_volume": [],
                            "flocker": [],
                            "gce_persistent_disk": [],
                            "git_repo": [],
                            "glusterfs": [],
                            "host_path": [],
                            "iscsi": [],
                            "local": [],
                            "name": "nfs-client-root",
                            "nfs": [
                              {
                                "path": "/data/dynamic",
                                "read_only": false,
                                "server": "192.168.123.10"
                              }
                            ],
                            "persistent_volume_claim": [],
                            "photon_persistent_disk": [],
                            "projected": [],
                            "quobyte": [],
                            "rbd": [],
                            "secret": [],
                            "vsphere_volume": []
                          }
                        ]
                      }
                    ]
                  }
                ]
              }
            ],
            "timeouts": null,
            "wait_for_rollout": true
          },
          "private": "eyJlMmJmYjczMC1lY2FhLTExZTYtOGY4OC0zNDM2M2JjN2M0YzAiOnsiY3JlYXRlIjo2MDAwMDAwMDAwMDAsImRlbGV0ZSI6NjAwMDAwMDAwMDAwLCJ1cGRhdGUiOjYwMDAwMDAwMDAwMH19"
        }
      ]
    },
    {
      "module": "module.nfs-provisioner",
      "mode": "managed",
      "type": "kubernetes_role",
      "name": "leader_locking_nfs_client_provisioner",
      "provider": "provider.kubernetes",
      "instances": [
        {
          "schema_version": 0,
          "attributes": {
            "id": "default/leader-locking-nfs-client-provisioner",
            "metadata": [
              {
                "annotations": {},
                "generate_name": "",
                "generation": 0,
                "labels": {},
                "name": "leader-locking-nfs-client-provisioner",
                "namespace": "default",
                "resource_version": "54305647",
                "self_link": "/apis/rbac.authorization.k8s.io/v1/namespaces/default/roles/leader-locking-nfs-client-provisioner",
                "uid": "dc6c7cc1-190f-4bd3-8452-17020f415d94"
              }
            ],
            "rule": [
              {
                "api_groups": [
                  ""
                ],
                "resource_names": [],
                "resources": [
                  "endpoints"
                ],
                "verbs": [
                  "create",
                  "get",
                  "list",
                  "patch",
                  "update",
                  "watch"
                ]
              }
            ]
          },
          "private": "bnVsbA=="
        }
      ]
    },
    {
      "module": "module.nfs-provisioner",
      "mode": "managed",
      "type": "kubernetes_role_binding",
      "name": "leader_locking_nfs_client_provisioner",
      "provider": "provider.kubernetes",
      "instances": [
        {
          "schema_version": 0,
          "attributes": {
            "id": "default/leader-locking-nfs-client-provisioner",
            "metadata": [
              {
                "annotations": {},
                "generation": 0,
                "labels": {},
                "name": "leader-locking-nfs-client-provisioner",
                "namespace": "default",
                "resource_version": "54305646",
                "self_link": "/apis/rbac.authorization.k8s.io/v1/namespaces/default/rolebindings/leader-locking-nfs-client-provisioner",
                "uid": "2e7baf24-6028-4bdb-ac5e-041a41f52bcc"
              }
            ],
            "role_ref": [
              {
                "api_group": "rbac.authorization.k8s.io",
                "kind": "Role",
                "name": "leader-locking-nfs-client-provisioner"
              }
            ],
            "subject": [
              {
                "api_group": "",
                "kind": "ServiceAccount",
                "name": "nfs-client-provisioner",
                "namespace": "default"
              }
            ]
          },
          "private": "bnVsbA=="
        }
      ]
    },
    {
      "module": "module.nfs-provisioner",
      "mode": "managed",
      "type": "kubernetes_service_account",
      "name": "nfs_client_provisioner",
      "provider": "provider.kubernetes",
      "instances": [
        {
          "schema_version": 0,
          "attributes": {
            "automount_service_account_token": false,
            "default_secret_name": "nfs-client-provisioner-token-qncw2",
            "id": "default/nfs-client-provisioner",
            "image_pull_secret": [],
            "metadata": [
              {
                "annotations": {},
                "generate_name": "",
                "generation": 0,
                "labels": {},
                "name": "nfs-client-provisioner",
                "namespace": "default",
                "resource_version": "54305650",
                "self_link": "/api/v1/namespaces/default/serviceaccounts/nfs-client-provisioner",
                "uid": "23b4d148-457d-4bd8-8a1b-f1013a94867b"
              }
            ],
            "secret": [],
            "timeouts": null
          },
          "private": "eyJlMmJmYjczMC1lY2FhLTExZTYtOGY4OC0zNDM2M2JjN2M0YzAiOnsiY3JlYXRlIjozMDAwMDAwMDAwMH19"
        }
      ]
    },
    {
      "module": "module.nfs-provisioner",
      "mode": "managed",
      "type": "kubernetes_storage_class",
      "name": "managed_nfs_storage",
      "provider": "provider.kubernetes",
      "instances": [
        {
          "schema_version": 0,
          "attributes": {
            "allow_volume_expansion": true,
            "id": "managed-nfs-storage",
            "metadata": [
              {
                "annotations": null,
                "generate_name": "",
                "generation": 0,
                "labels": null,
                "name": "managed-nfs-storage",
                "resource_version": "58829488",
                "self_link": "/apis/storage.k8s.io/v1/storageclasses/managed-nfs-storage",
                "uid": "7e8cbd96-c4c3-406f-ab70-0ffa012635a9"
              }
            ],
            "mount_options": null,
            "parameters": null,
            "reclaim_policy": "Delete",
            "storage_provisioner": "nfs-storage",
            "volume_binding_mode": "Immediate"
          },
          "private": "bnVsbA=="
        }
      ]
    }
  ]
}
